{
  "version": 4,
  "terraform_version": "0.12.2",
  "serial": 1658,
  "lineage": "da38365c-f369-4f7e-dbd3-e84f3939d961",
  "outputs": {},
  "resources": [
    {
      "mode": "data",
      "type": "aws_ami",
      "name": "ubuntu_vpc_one",
      "provider": "provider.aws",
      "instances": [
        {
          "schema_version": 0,
          "attributes": {
            "architecture": "x86_64",
            "block_device_mappings": [
              {
                "device_name": "/dev/sda1",
                "ebs": {
                  "delete_on_termination": "true",
                  "encrypted": "false",
                  "iops": "0",
                  "snapshot_id": "snap-029907fe15340e01b",
                  "volume_size": "8",
                  "volume_type": "gp2"
                },
                "no_device": "",
                "virtual_name": ""
              },
              {
                "device_name": "/dev/sdb",
                "ebs": {},
                "no_device": "",
                "virtual_name": "ephemeral0"
              },
              {
                "device_name": "/dev/sdc",
                "ebs": {},
                "no_device": "",
                "virtual_name": "ephemeral1"
              }
            ],
            "creation_date": "2019-11-13T19:28:03.000Z",
            "description": "Canonical, Ubuntu, 18.04 LTS, amd64 bionic image build on 2019-11-13",
            "executable_users": null,
            "filter": [
              {
                "name": "name",
                "values": [
                  "ubuntu/images/hvm-ssd/ubuntu-bionic-18.04-amd64-server-*"
                ]
              },
              {
                "name": "virtualization-type",
                "values": [
                  "hvm"
                ]
              }
            ],
            "hypervisor": "xen",
            "id": "ami-00a208c7cdba991ea",
            "image_id": "ami-00a208c7cdba991ea",
            "image_location": "099720109477/ubuntu/images/hvm-ssd/ubuntu-bionic-18.04-amd64-server-20191113",
            "image_owner_alias": null,
            "image_type": "machine",
            "kernel_id": null,
            "most_recent": true,
            "name": "ubuntu/images/hvm-ssd/ubuntu-bionic-18.04-amd64-server-20191113",
            "name_regex": null,
            "owner_id": "099720109477",
            "owners": [
              "099720109477"
            ],
            "platform": null,
            "product_codes": [],
            "public": true,
            "ramdisk_id": null,
            "root_device_name": "/dev/sda1",
            "root_device_type": "ebs",
            "root_snapshot_id": "snap-029907fe15340e01b",
            "sriov_net_support": "simple",
            "state": "available",
            "state_reason": {
              "code": "UNSET",
              "message": "UNSET"
            },
            "tags": {},
            "virtualization_type": "hvm"
          }
        }
      ]
    },
    {
      "mode": "data",
      "type": "aws_ami",
      "name": "ubuntu_vpc_two",
      "provider": "provider.aws.ohio",
      "instances": [
        {
          "schema_version": 0,
          "attributes": {
            "architecture": "x86_64",
            "block_device_mappings": [
              {
                "device_name": "/dev/sda1",
                "ebs": {
                  "delete_on_termination": "true",
                  "encrypted": "false",
                  "iops": "0",
                  "snapshot_id": "snap-01273c49033a52354",
                  "volume_size": "8",
                  "volume_type": "gp2"
                },
                "no_device": "",
                "virtual_name": ""
              },
              {
                "device_name": "/dev/sdb",
                "ebs": {},
                "no_device": "",
                "virtual_name": "ephemeral0"
              },
              {
                "device_name": "/dev/sdc",
                "ebs": {},
                "no_device": "",
                "virtual_name": "ephemeral1"
              }
            ],
            "creation_date": "2019-11-13T19:28:18.000Z",
            "description": "Canonical, Ubuntu, 18.04 LTS, amd64 bionic image build on 2019-11-13",
            "executable_users": null,
            "filter": [
              {
                "name": "name",
                "values": [
                  "ubuntu/images/hvm-ssd/ubuntu-bionic-18.04-amd64-server-*"
                ]
              },
              {
                "name": "virtualization-type",
                "values": [
                  "hvm"
                ]
              }
            ],
            "hypervisor": "xen",
            "id": "ami-059d836af932792c3",
            "image_id": "ami-059d836af932792c3",
            "image_location": "099720109477/ubuntu/images/hvm-ssd/ubuntu-bionic-18.04-amd64-server-20191113",
            "image_owner_alias": null,
            "image_type": "machine",
            "kernel_id": null,
            "most_recent": true,
            "name": "ubuntu/images/hvm-ssd/ubuntu-bionic-18.04-amd64-server-20191113",
            "name_regex": null,
            "owner_id": "099720109477",
            "owners": [
              "099720109477"
            ],
            "platform": null,
            "product_codes": [],
            "public": true,
            "ramdisk_id": null,
            "root_device_name": "/dev/sda1",
            "root_device_type": "ebs",
            "root_snapshot_id": "snap-01273c49033a52354",
            "sriov_net_support": "simple",
            "state": "available",
            "state_reason": {
              "code": "UNSET",
              "message": "UNSET"
            },
            "tags": {},
            "virtualization_type": "hvm"
          }
        }
      ]
    },
    {
      "mode": "managed",
      "type": "aws_autoscaling_group",
      "name": "vpc_one_worker",
      "provider": "provider.aws",
      "instances": [
        {
          "schema_version": 0,
          "attributes": {
            "arn": "arn:aws:autoscaling:us-east-1:086341552770:autoScalingGroup:226345ea-f0e1-45dc-9826-737fd5ebbbb6:autoScalingGroupName/dlos-worker20191127093803291900000003",
            "availability_zones": [
              "us-east-1e"
            ],
            "default_cooldown": 300,
            "desired_capacity": 1,
            "enabled_metrics": null,
            "force_delete": false,
            "health_check_grace_period": 300,
            "health_check_type": "EC2",
            "id": "dlos-worker20191127093803291900000003",
            "initial_lifecycle_hook": [],
            "launch_configuration": "dlos-worker20191127093751460100000002",
            "launch_template": [],
            "load_balancers": [],
            "max_size": 2,
            "metrics_granularity": "1Minute",
            "min_elb_capacity": null,
            "min_size": 1,
            "mixed_instances_policy": [],
            "name": "dlos-worker20191127093803291900000003",
            "name_prefix": "dlos-worker",
            "placement_group": "",
            "protect_from_scale_in": false,
            "service_linked_role_arn": "arn:aws:iam::086341552770:role/aws-service-role/autoscaling.amazonaws.com/AWSServiceRoleForAutoScaling",
            "suspended_processes": null,
            "tag": [],
            "tags": [
              {
                "key": "Name",
                "propagate_at_launch": "true",
                "value": "dlos-development-Worker"
              },
              {
                "key": "Project",
                "propagate_at_launch": "true",
                "value": "dlos"
              },
              {
                "key": "TechnologyUnit",
                "propagate_at_launch": "true",
                "value": "infrastructure"
              },
              {
                "key": "BusinessUnit",
                "propagate_at_launch": "true",
                "value": "dlos"
              },
              {
                "key": "Owner",
                "propagate_at_launch": "true",
                "value": "chitender_kumar"
              },
              {
                "key": "Cloud",
                "propagate_at_launch": "true",
                "value": "AWS"
              },
              {
                "key": "Component",
                "propagate_at_launch": "true",
                "value": "worker"
              }
            ],
            "target_group_arns": [],
            "termination_policies": null,
            "timeouts": null,
            "vpc_zone_identifier": [
              "subnet-02034a7b32f32dfdf"
            ],
            "wait_for_capacity_timeout": "10m",
            "wait_for_elb_capacity": null
          },
          "private": "eyJlMmJmYjczMC1lY2FhLTExZTYtOGY4OC0zNDM2M2JjN2M0YzAiOnsiZGVsZXRlIjo2MDAwMDAwMDAwMDB9fQ==",
          "depends_on": [
            "aws_launch_configuration.vpc_one_worker",
            "aws_subnet.vpc_one_worker"
          ]
        }
      ]
    },
    {
      "mode": "managed",
      "type": "aws_autoscaling_group",
      "name": "vpc_two_worker",
      "provider": "provider.aws.ohio",
      "instances": [
        {
          "schema_version": 0,
          "attributes": {
            "arn": "arn:aws:autoscaling:us-east-2:086341552770:autoScalingGroup:3383605a-0c7f-446c-937f-b006f48973b6:autoScalingGroupName/dlos-worker20191127093811603300000002",
            "availability_zones": [
              "us-east-2a"
            ],
            "default_cooldown": 300,
            "desired_capacity": 1,
            "enabled_metrics": null,
            "force_delete": false,
            "health_check_grace_period": 300,
            "health_check_type": "EC2",
            "id": "dlos-worker20191127093811603300000002",
            "initial_lifecycle_hook": [],
            "launch_configuration": "dlos-worker20191127093804682700000001",
            "launch_template": [],
            "load_balancers": [],
            "max_size": 2,
            "metrics_granularity": "1Minute",
            "min_elb_capacity": null,
            "min_size": 1,
            "mixed_instances_policy": [],
            "name": "dlos-worker20191127093811603300000002",
            "name_prefix": "dlos-worker",
            "placement_group": "",
            "protect_from_scale_in": false,
            "service_linked_role_arn": "arn:aws:iam::086341552770:role/aws-service-role/autoscaling.amazonaws.com/AWSServiceRoleForAutoScaling",
            "suspended_processes": null,
            "tag": [],
            "tags": [
              {
                "key": "Name",
                "propagate_at_launch": "true",
                "value": "dlos-development-Worker"
              },
              {
                "key": "Project",
                "propagate_at_launch": "true",
                "value": "dlos"
              },
              {
                "key": "TechnologyUnit",
                "propagate_at_launch": "true",
                "value": "infrastructure"
              },
              {
                "key": "BusinessUnit",
                "propagate_at_launch": "true",
                "value": "dlos"
              },
              {
                "key": "Owner",
                "propagate_at_launch": "true",
                "value": "chitender_kumar"
              },
              {
                "key": "Cloud",
                "propagate_at_launch": "true",
                "value": "AWS"
              },
              {
                "key": "Component",
                "propagate_at_launch": "true",
                "value": "worker"
              }
            ],
            "target_group_arns": [],
            "termination_policies": null,
            "timeouts": null,
            "vpc_zone_identifier": [
              "subnet-023335cd8ddd8c8ca"
            ],
            "wait_for_capacity_timeout": "10m",
            "wait_for_elb_capacity": null
          },
          "private": "eyJlMmJmYjczMC1lY2FhLTExZTYtOGY4OC0zNDM2M2JjN2M0YzAiOnsiZGVsZXRlIjo2MDAwMDAwMDAwMDB9fQ==",
          "depends_on": [
            "aws_launch_configuration.vpc_two_worker",
            "aws_subnet.vpc_two_worker"
          ]
        }
      ]
    },
    {
      "mode": "managed",
      "type": "aws_customer_gateway",
      "name": "aws-cgw-vpc-one",
      "provider": "provider.aws",
      "instances": [
        {
          "schema_version": 0,
          "attributes": {
            "bgp_asn": 65000,
            "id": "cgw-0a46f62d47aae7cb0",
            "ip_address": "35.196.110.42",
            "tags": {
              "BusinessUnit": "dlos",
              "Name": "DLOS-vpc_two",
              "Owner": "chitender_kumar",
              "Project": "dlos",
              "TechnologyUnit": "infrastructure"
            },
            "type": "ipsec.1"
          },
          "private": "bnVsbA==",
          "depends_on": [
            "google_compute_address.gcp-vpn-ip"
          ]
        }
      ]
    },
    {
      "mode": "managed",
      "type": "aws_customer_gateway",
      "name": "aws-cgw-vpc-two",
      "provider": "provider.aws.ohio",
      "instances": [
        {
          "schema_version": 0,
          "attributes": {
            "bgp_asn": 65000,
            "id": "cgw-06a443e7e8080024c",
            "ip_address": "35.196.110.42",
            "tags": {
              "BusinessUnit": "dlos",
              "Name": "DLOS-vpc_two",
              "Owner": "chitender_kumar",
              "Project": "dlos",
              "TechnologyUnit": "infrastructure"
            },
            "type": "ipsec.1"
          },
          "private": "bnVsbA==",
          "depends_on": [
            "google_compute_address.gcp-vpn-ip"
          ]
        }
      ]
    },
    {
      "mode": "managed",
      "type": "aws_eip",
      "name": "nat_one",
      "provider": "provider.aws",
      "instances": [
        {
          "schema_version": 0,
          "attributes": {
            "allocation_id": null,
            "associate_with_private_ip": null,
            "association_id": "",
            "domain": "vpc",
            "id": "eipalloc-099b465ba511e09ee",
            "instance": "",
            "network_interface": "",
            "private_dns": null,
            "private_ip": "",
            "public_dns": "ec2-3-212-133-103.compute-1.amazonaws.com",
            "public_ip": "3.212.133.103",
            "public_ipv4_pool": "amazon",
            "tags": {
              "BusinessUnit": "dlos",
              "Name": "DLOS-NAT-ONE",
              "Owner": "chitender_kumar",
              "Project": "dlos",
              "TechnologyUnit": "infrastructure"
            },
            "timeouts": null,
            "vpc": true
          },
          "private": "eyJlMmJmYjczMC1lY2FhLTExZTYtOGY4OC0zNDM2M2JjN2M0YzAiOnsiZGVsZXRlIjoxODAwMDAwMDAwMDAsInJlYWQiOjkwMDAwMDAwMDAwMCwidXBkYXRlIjozMDAwMDAwMDAwMDB9fQ=="
        }
      ]
    },
    {
      "mode": "managed",
      "type": "aws_eip",
      "name": "nat_two",
      "provider": "provider.aws.ohio",
      "instances": [
        {
          "schema_version": 0,
          "attributes": {
            "allocation_id": null,
            "associate_with_private_ip": null,
            "association_id": "",
            "domain": "vpc",
            "id": "eipalloc-0cb2c8cbba82b6364",
            "instance": "",
            "network_interface": "",
            "private_dns": null,
            "private_ip": "",
            "public_dns": "ec2-3-134-150-158.us-east-2.compute.amazonaws.com",
            "public_ip": "3.134.150.158",
            "public_ipv4_pool": "amazon",
            "tags": {
              "BusinessUnit": "dlos",
              "Name": "DLOS-NAT-TWO",
              "Owner": "chitender_kumar",
              "Project": "dlos",
              "TechnologyUnit": "infrastructure"
            },
            "timeouts": null,
            "vpc": true
          },
          "private": "eyJlMmJmYjczMC1lY2FhLTExZTYtOGY4OC0zNDM2M2JjN2M0YzAiOnsiZGVsZXRlIjoxODAwMDAwMDAwMDAsInJlYWQiOjkwMDAwMDAwMDAwMCwidXBkYXRlIjozMDAwMDAwMDAwMDB9fQ=="
        }
      ]
    },
    {
      "mode": "managed",
      "type": "aws_eip",
      "name": "vpc_one_controller",
      "provider": "provider.aws",
      "instances": [
        {
          "schema_version": 0,
          "attributes": {
            "allocation_id": null,
            "associate_with_private_ip": "10.0.1.11",
            "association_id": "eipassoc-05ce9cd952d28b29e",
            "domain": "vpc",
            "id": "eipalloc-09bef63774d99d85b",
            "instance": "i-0556767d6873bbc9a",
            "network_interface": "eni-0f1f1d4825a290ec9",
            "private_dns": "ip-10-0-1-11.ec2.internal",
            "private_ip": "10.0.1.11",
            "public_dns": "ec2-52-207-44-210.compute-1.amazonaws.com",
            "public_ip": "52.207.44.210",
            "public_ipv4_pool": "amazon",
            "tags": {
              "BusinessUnit": "dlos",
              "Name": "DLOS-CONTROLLER-ONE",
              "Owner": "chitender_kumar",
              "Project": "dlos",
              "TechnologyUnit": "infrastructure"
            },
            "timeouts": null,
            "vpc": true
          },
          "private": "eyJlMmJmYjczMC1lY2FhLTExZTYtOGY4OC0zNDM2M2JjN2M0YzAiOnsiZGVsZXRlIjoxODAwMDAwMDAwMDAsInJlYWQiOjkwMDAwMDAwMDAwMCwidXBkYXRlIjozMDAwMDAwMDAwMDB9fQ==",
          "depends_on": [
            "aws_instance.vpc_one_controller",
            "aws_subnet.vpc_one_controller"
          ]
        }
      ]
    },
    {
      "mode": "managed",
      "type": "aws_eip",
      "name": "vpc_two_controller",
      "provider": "provider.aws.ohio",
      "instances": [
        {
          "schema_version": 0,
          "attributes": {
            "allocation_id": null,
            "associate_with_private_ip": "10.1.1.11",
            "association_id": "eipassoc-0aff4195c89ecea3e",
            "domain": "vpc",
            "id": "eipalloc-0e38cbd6a2b7f0974",
            "instance": "i-07a8026cd193a7eb5",
            "network_interface": "eni-0d292c59433672d33",
            "private_dns": "ip-10-1-1-11.us-east-2.compute.internal",
            "private_ip": "10.1.1.11",
            "public_dns": "ec2-3-136-56-42.us-east-2.compute.amazonaws.com",
            "public_ip": "3.136.56.42",
            "public_ipv4_pool": "amazon",
            "tags": {
              "BusinessUnit": "dlos",
              "Name": "DLOS-CONTROLLER-TWO",
              "Owner": "chitender_kumar",
              "Project": "dlos",
              "TechnologyUnit": "infrastructure"
            },
            "timeouts": null,
            "vpc": true
          },
          "private": "eyJlMmJmYjczMC1lY2FhLTExZTYtOGY4OC0zNDM2M2JjN2M0YzAiOnsiZGVsZXRlIjoxODAwMDAwMDAwMDAsInJlYWQiOjkwMDAwMDAwMDAwMCwidXBkYXRlIjozMDAwMDAwMDAwMDB9fQ==",
          "depends_on": [
            "aws_instance.vpc_two_controller",
            "aws_subnet.vpc_two_controller"
          ]
        }
      ]
    },
    {
      "mode": "managed",
      "type": "aws_instance",
      "name": "vpc_one_controller",
      "provider": "provider.aws",
      "instances": [
        {
          "schema_version": 1,
          "attributes": {
            "ami": "ami-00a208c7cdba991ea",
            "arn": "arn:aws:ec2:us-east-1:086341552770:instance/i-0556767d6873bbc9a",
            "associate_public_ip_address": false,
            "availability_zone": "us-east-1e",
            "cpu_core_count": 2,
            "cpu_threads_per_core": 1,
            "credit_specification": [
              {
                "cpu_credits": "standard"
              }
            ],
            "disable_api_termination": false,
            "ebs_block_device": [],
            "ebs_optimized": false,
            "ephemeral_block_device": [],
            "get_password_data": false,
            "host_id": null,
            "iam_instance_profile": "dlos-wrokers-ec2",
            "id": "i-0556767d6873bbc9a",
            "instance_initiated_shutdown_behavior": null,
            "instance_state": "running",
            "instance_type": "t2.medium",
            "ipv6_address_count": 0,
            "ipv6_addresses": [],
            "key_name": "dlos-key",
            "monitoring": false,
            "network_interface": [],
            "network_interface_id": null,
            "password_data": "",
            "placement_group": "",
            "primary_network_interface_id": "eni-0f1f1d4825a290ec9",
            "private_dns": "ip-10-0-1-11.ec2.internal",
            "private_ip": "10.0.1.11",
            "public_dns": "",
            "public_ip": "",
            "root_block_device": [
              {
                "delete_on_termination": true,
                "encrypted": false,
                "iops": 150,
                "kms_key_id": "",
                "volume_id": "vol-04191177b7d3b5553",
                "volume_size": 50,
                "volume_type": "gp2"
              }
            ],
            "security_groups": [
              "sg-02da2e079d525c0d1"
            ],
            "source_dest_check": true,
            "subnet_id": "subnet-0587c7eb8dd543b23",
            "tags": {
              "BusinessUnit": "dlos",
              "Cloud": "AWS",
              "Component": "controller",
              "Name": "dlos-development-controller",
              "Owner": "chitender_kumar",
              "Project": "dlos",
              "TechnologyUnit": "infrastructure",
              "TerminateOn": "2019-11-27 11:38:03 UTC"
            },
            "tenancy": "default",
            "timeouts": null,
            "user_data": "e6609c8d4a82977f96791d34d2303449e2f821ec",
            "user_data_base64": null,
            "volume_tags": {
              "BusinessUnit": "dlos",
              "Cloud": "AWS",
              "Component": "Controller",
              "Name": "dlos-development-Controller",
              "Owner": "chitender_kumar",
              "Project": "dlos",
              "TechnologyUnit": "infrastructure"
            },
            "vpc_security_group_ids": [
              "sg-02da2e079d525c0d1"
            ]
          },
          "private": "eyJlMmJmYjczMC1lY2FhLTExZTYtOGY4OC0zNDM2M2JjN2M0YzAiOnsiY3JlYXRlIjo2MDAwMDAwMDAwMDAsImRlbGV0ZSI6MTIwMDAwMDAwMDAwMCwidXBkYXRlIjo2MDAwMDAwMDAwMDB9LCJzY2hlbWFfdmVyc2lvbiI6IjEifQ==",
          "depends_on": [
            "aws_key_pair.vpc_one_deployer",
            "aws_security_group.vpc_one_controller",
            "aws_subnet.vpc_one_controller",
            "data.aws_ami.ubuntu_vpc_one"
          ]
        }
      ]
    },
    {
      "mode": "managed",
      "type": "aws_instance",
      "name": "vpc_two_controller",
      "provider": "provider.aws.ohio",
      "instances": [
        {
          "schema_version": 1,
          "attributes": {
            "ami": "ami-059d836af932792c3",
            "arn": "arn:aws:ec2:us-east-2:086341552770:instance/i-07a8026cd193a7eb5",
            "associate_public_ip_address": false,
            "availability_zone": "us-east-2a",
            "cpu_core_count": 2,
            "cpu_threads_per_core": 1,
            "credit_specification": [
              {
                "cpu_credits": "standard"
              }
            ],
            "disable_api_termination": false,
            "ebs_block_device": [],
            "ebs_optimized": false,
            "ephemeral_block_device": [],
            "get_password_data": false,
            "host_id": null,
            "iam_instance_profile": "dlos-wrokers-ec2",
            "id": "i-07a8026cd193a7eb5",
            "instance_initiated_shutdown_behavior": null,
            "instance_state": "running",
            "instance_type": "t2.medium",
            "ipv6_address_count": 0,
            "ipv6_addresses": [],
            "key_name": "dlos-key",
            "monitoring": false,
            "network_interface": [],
            "network_interface_id": null,
            "password_data": "",
            "placement_group": "",
            "primary_network_interface_id": "eni-0d292c59433672d33",
            "private_dns": "ip-10-1-1-11.us-east-2.compute.internal",
            "private_ip": "10.1.1.11",
            "public_dns": "",
            "public_ip": "",
            "root_block_device": [
              {
                "delete_on_termination": true,
                "encrypted": false,
                "iops": 150,
                "kms_key_id": "",
                "volume_id": "vol-007f4d8af35cfa740",
                "volume_size": 50,
                "volume_type": "gp2"
              }
            ],
            "security_groups": [
              "sg-00da6258b278cbb02"
            ],
            "source_dest_check": true,
            "subnet_id": "subnet-07828afe9817a752e",
            "tags": {
              "BusinessUnit": "dlos",
              "Cloud": "AWS",
              "Component": "controller",
              "Name": "dlos-development-controller",
              "Owner": "chitender_kumar",
              "Project": "dlos",
              "TechnologyUnit": "infrastructure"
            },
            "tenancy": "default",
            "timeouts": null,
            "user_data": "e6609c8d4a82977f96791d34d2303449e2f821ec",
            "user_data_base64": null,
            "volume_tags": {
              "BusinessUnit": "dlos",
              "Cloud": "AWS",
              "Component": "Controller",
              "Name": "dlos-development-Controller",
              "Owner": "chitender_kumar",
              "Project": "dlos",
              "TechnologyUnit": "infrastructure"
            },
            "vpc_security_group_ids": [
              "sg-00da6258b278cbb02"
            ]
          },
          "private": "eyJlMmJmYjczMC1lY2FhLTExZTYtOGY4OC0zNDM2M2JjN2M0YzAiOnsiY3JlYXRlIjo2MDAwMDAwMDAwMDAsImRlbGV0ZSI6MTIwMDAwMDAwMDAwMCwidXBkYXRlIjo2MDAwMDAwMDAwMDB9LCJzY2hlbWFfdmVyc2lvbiI6IjEifQ==",
          "depends_on": [
            "aws_key_pair.vpc_two_deployer",
            "aws_security_group.vpc_two_controller",
            "aws_subnet.vpc_two_controller",
            "data.aws_ami.ubuntu_vpc_two"
          ]
        }
      ]
    },
    {
      "mode": "managed",
      "type": "aws_internet_gateway",
      "name": "gw_one",
      "provider": "provider.aws",
      "instances": [
        {
          "schema_version": 0,
          "attributes": {
            "id": "igw-0b7ee6233d730bb64",
            "owner_id": "086341552770",
            "tags": {
              "BusinessUnit": "dlos",
              "Name": "DLOS-one",
              "Owner": "chitender_kumar",
              "Project": "dlos",
              "TechnologyUnit": "infrastructure"
            },
            "vpc_id": "vpc-0ad90af3872046013"
          },
          "private": "bnVsbA==",
          "depends_on": [
            "aws_vpc.vpc_one"
          ]
        }
      ]
    },
    {
      "mode": "managed",
      "type": "aws_internet_gateway",
      "name": "gw_two",
      "provider": "provider.aws.ohio",
      "instances": [
        {
          "schema_version": 0,
          "attributes": {
            "id": "igw-0f186442e1942d8ac",
            "owner_id": "086341552770",
            "tags": {
              "BusinessUnit": "dlos",
              "Name": "DLOS-two",
              "Owner": "chitender_kumar",
              "Project": "dlos",
              "TechnologyUnit": "infrastructure"
            },
            "vpc_id": "vpc-03f2c2fae13f55617"
          },
          "private": "bnVsbA==",
          "depends_on": [
            "aws_vpc.vpc_two"
          ]
        }
      ]
    },
    {
      "mode": "managed",
      "type": "aws_key_pair",
      "name": "vpc_one_deployer",
      "provider": "provider.aws",
      "instances": [
        {
          "schema_version": 1,
          "attributes": {
            "fingerprint": "5a:33:05:2b:b6:d4:bc:65:d8:21:bf:56:eb:a1:a2:ce",
            "id": "dlos-key",
            "key_name": "dlos-key",
            "key_name_prefix": null,
            "public_key": "ssh-rsa AAAAB3NzaC1yc2EAAAADAQABAAABAQDRPjE9xyM6rMakE16M5qRpl/cVJ2q+H453v4fC1oYDSxRumDerYTkNpedYI+qdLr+hIHv92CPtBDW84z7rF8ctGg7vKdWxk2AYxLFTtmS7r5oO2WE7Tx4ZGa8rVjzm94Jsxeblcz4v/9GDWX935mLXHyhgKr6SS8Nq/D+tgzoY8ta2Q/ZXpzLEM+uw23uPkJ+v1X8+ZyGX9oha9A8XM1vSLNmHD+A+jM0wiFyPS3MR1CWistJM6wJJo/EqigDran8P4y6KK19NP9YlRiK2pY/C5RmD4Q9pA/hZ6E+CcM1S2+o01QCmTzLtsQw7sspS0HgVJCyVp164A3psFPvjzf2f delhivery@DV-LT-N-017992.local"
          },
          "private": "eyJzY2hlbWFfdmVyc2lvbiI6IjEifQ=="
        }
      ]
    },
    {
      "mode": "managed",
      "type": "aws_key_pair",
      "name": "vpc_two_deployer",
      "provider": "provider.aws.ohio",
      "instances": [
        {
          "schema_version": 1,
          "attributes": {
            "fingerprint": "5a:33:05:2b:b6:d4:bc:65:d8:21:bf:56:eb:a1:a2:ce",
            "id": "dlos-key",
            "key_name": "dlos-key",
            "key_name_prefix": null,
            "public_key": "ssh-rsa AAAAB3NzaC1yc2EAAAADAQABAAABAQDRPjE9xyM6rMakE16M5qRpl/cVJ2q+H453v4fC1oYDSxRumDerYTkNpedYI+qdLr+hIHv92CPtBDW84z7rF8ctGg7vKdWxk2AYxLFTtmS7r5oO2WE7Tx4ZGa8rVjzm94Jsxeblcz4v/9GDWX935mLXHyhgKr6SS8Nq/D+tgzoY8ta2Q/ZXpzLEM+uw23uPkJ+v1X8+ZyGX9oha9A8XM1vSLNmHD+A+jM0wiFyPS3MR1CWistJM6wJJo/EqigDran8P4y6KK19NP9YlRiK2pY/C5RmD4Q9pA/hZ6E+CcM1S2+o01QCmTzLtsQw7sspS0HgVJCyVp164A3psFPvjzf2f delhivery@DV-LT-N-017992.local"
          },
          "private": "eyJzY2hlbWFfdmVyc2lvbiI6IjEifQ=="
        }
      ]
    },
    {
      "mode": "managed",
      "type": "aws_launch_configuration",
      "name": "vpc_one_worker",
      "provider": "provider.aws",
      "instances": [
        {
          "schema_version": 0,
          "attributes": {
            "associate_public_ip_address": false,
            "ebs_block_device": [],
            "ebs_optimized": false,
            "enable_monitoring": true,
            "ephemeral_block_device": [],
            "iam_instance_profile": "dlos-wrokers-ec2",
            "id": "dlos-worker20191127093751460100000002",
            "image_id": "ami-00a208c7cdba991ea",
            "instance_type": "t2.medium",
            "key_name": "dlos-key",
            "name": "dlos-worker20191127093751460100000002",
            "name_prefix": "dlos-worker",
            "placement_tenancy": null,
            "root_block_device": [
              {
                "delete_on_termination": true,
                "encrypted": false,
                "iops": 0,
                "volume_size": 50,
                "volume_type": "gp2"
              }
            ],
            "security_groups": [
              "sg-01c931f6c3a59feb8"
            ],
            "spot_price": "",
            "user_data": "f13845014745f4991b761f7b6ff5b345cf157807",
            "user_data_base64": null,
            "vpc_classic_link_id": "",
            "vpc_classic_link_security_groups": null
          },
          "private": "bnVsbA==",
          "depends_on": [
            "aws_key_pair.vpc_one_deployer",
            "aws_security_group.vpc_one_worker",
            "data.aws_ami.ubuntu_vpc_one"
          ]
        }
      ]
    },
    {
      "mode": "managed",
      "type": "aws_launch_configuration",
      "name": "vpc_two_worker",
      "provider": "provider.aws.ohio",
      "instances": [
        {
          "schema_version": 0,
          "attributes": {
            "associate_public_ip_address": false,
            "ebs_block_device": [],
            "ebs_optimized": false,
            "enable_monitoring": true,
            "ephemeral_block_device": [],
            "iam_instance_profile": "dlos-wrokers-ec2",
            "id": "dlos-worker20191127093804682700000001",
            "image_id": "ami-059d836af932792c3",
            "instance_type": "t2.medium",
            "key_name": "dlos-key",
            "name": "dlos-worker20191127093804682700000001",
            "name_prefix": "dlos-worker",
            "placement_tenancy": null,
            "root_block_device": [
              {
                "delete_on_termination": true,
                "encrypted": false,
                "iops": 0,
                "volume_size": 50,
                "volume_type": "gp2"
              }
            ],
            "security_groups": [
              "sg-04c94be258dca1639"
            ],
            "spot_price": "",
            "user_data": "f13845014745f4991b761f7b6ff5b345cf157807",
            "user_data_base64": null,
            "vpc_classic_link_id": "",
            "vpc_classic_link_security_groups": null
          },
          "private": "bnVsbA==",
          "depends_on": [
            "aws_key_pair.vpc_two_deployer",
            "aws_security_group.vpc_two_worker",
            "data.aws_ami.ubuntu_vpc_two"
          ]
        }
      ]
    },
    {
      "mode": "managed",
      "type": "aws_nat_gateway",
      "name": "vpc_one_natGateway",
      "provider": "provider.aws",
      "instances": [
        {
          "schema_version": 0,
          "attributes": {
            "allocation_id": "eipalloc-099b465ba511e09ee",
            "id": "nat-019c8811078cbd5c8",
            "network_interface_id": "eni-011d3aba63ed69366",
            "private_ip": "10.0.1.216",
            "public_ip": "3.212.133.103",
            "subnet_id": "subnet-0587c7eb8dd543b23",
            "tags": {
              "BusinessUnit": "dlos",
              "Name": "DLOS-NATGATEWAY-VPC-ONE",
              "Owner": "chitender_kumar",
              "Project": "dlos",
              "TechnologyUnit": "infrastructure"
            }
          },
          "private": "bnVsbA==",
          "depends_on": [
            "aws_eip.nat_one",
            "aws_subnet.vpc_one_controller"
          ]
        }
      ]
    },
    {
      "mode": "managed",
      "type": "aws_nat_gateway",
      "name": "vpc_two_natGateway",
      "provider": "provider.aws.ohio",
      "instances": [
        {
          "schema_version": 0,
          "attributes": {
            "allocation_id": "eipalloc-0cb2c8cbba82b6364",
            "id": "nat-099857a7c05a8760f",
            "network_interface_id": "eni-03a77388611e9532f",
            "private_ip": "10.1.1.104",
            "public_ip": "3.134.150.158",
            "subnet_id": "subnet-07828afe9817a752e",
            "tags": {
              "BusinessUnit": "dlos",
              "Name": "DLOS-NATGATEWAY-VPC-TWO",
              "Owner": "chitender_kumar",
              "Project": "dlos",
              "TechnologyUnit": "infrastructure"
            }
          },
          "private": "bnVsbA==",
          "depends_on": [
            "aws_eip.nat_two",
            "aws_subnet.vpc_two_controller"
          ]
        }
      ]
    },
    {
      "mode": "managed",
      "type": "aws_route",
      "name": "vpc_one_controller_route",
      "provider": "provider.aws",
      "instances": [
        {
          "schema_version": 0,
          "attributes": {
            "destination_cidr_block": "10.1.0.0/16",
            "destination_ipv6_cidr_block": null,
            "destination_prefix_list_id": "",
            "egress_only_gateway_id": "",
            "gateway_id": "",
            "id": "r-rtb-0f1eb302485dc003b3322942084",
            "instance_id": "",
            "instance_owner_id": "",
            "nat_gateway_id": "",
            "network_interface_id": "",
            "origin": "CreateRoute",
            "route_table_id": "rtb-0f1eb302485dc003b",
            "state": "active",
            "timeouts": null,
            "transit_gateway_id": "",
            "vpc_peering_connection_id": "pcx-08d2990c5bc1bdd03"
          },
          "private": "eyJlMmJmYjczMC1lY2FhLTExZTYtOGY4OC0zNDM2M2JjN2M0YzAiOnsiY3JlYXRlIjoxMjAwMDAwMDAwMDAsImRlbGV0ZSI6MzAwMDAwMDAwMDAwfX0=",
          "depends_on": [
            "aws_route_table.vpc_one_controller_route",
            "aws_vpc_peering_connection.DLOS-VPC-ONE",
            "aws_vpc_peering_connection_accepter.DLOS-VPC-TWO"
          ]
        }
      ]
    },
    {
      "mode": "managed",
      "type": "aws_route",
      "name": "vpc_one_worker_route",
      "provider": "provider.aws",
      "instances": [
        {
          "schema_version": 0,
          "attributes": {
            "destination_cidr_block": "10.1.0.0/16",
            "destination_ipv6_cidr_block": null,
            "destination_prefix_list_id": "",
            "egress_only_gateway_id": "",
            "gateway_id": "",
            "id": "r-rtb-09221f978d34607ff3322942084",
            "instance_id": "",
            "instance_owner_id": "",
            "nat_gateway_id": "",
            "network_interface_id": "",
            "origin": "CreateRoute",
            "route_table_id": "rtb-09221f978d34607ff",
            "state": "active",
            "timeouts": null,
            "transit_gateway_id": "",
            "vpc_peering_connection_id": "pcx-08d2990c5bc1bdd03"
          },
          "private": "eyJlMmJmYjczMC1lY2FhLTExZTYtOGY4OC0zNDM2M2JjN2M0YzAiOnsiY3JlYXRlIjoxMjAwMDAwMDAwMDAsImRlbGV0ZSI6MzAwMDAwMDAwMDAwfX0=",
          "depends_on": [
            "aws_route_table.vpc_one_worker_route",
            "aws_vpc_peering_connection.DLOS-VPC-ONE",
            "aws_vpc_peering_connection_accepter.DLOS-VPC-TWO"
          ]
        }
      ]
    },
    {
      "mode": "managed",
      "type": "aws_route",
      "name": "vpc_two_controller_route",
      "provider": "provider.aws.ohio",
      "instances": [
        {
          "schema_version": 0,
          "attributes": {
            "destination_cidr_block": "10.0.0.0/16",
            "destination_ipv6_cidr_block": null,
            "destination_prefix_list_id": "",
            "egress_only_gateway_id": "",
            "gateway_id": "",
            "id": "r-rtb-04cff1060176ad22c179966490",
            "instance_id": "",
            "instance_owner_id": "",
            "nat_gateway_id": "",
            "network_interface_id": "",
            "origin": "CreateRoute",
            "route_table_id": "rtb-04cff1060176ad22c",
            "state": "active",
            "timeouts": null,
            "transit_gateway_id": "",
            "vpc_peering_connection_id": "pcx-08d2990c5bc1bdd03"
          },
          "private": "eyJlMmJmYjczMC1lY2FhLTExZTYtOGY4OC0zNDM2M2JjN2M0YzAiOnsiY3JlYXRlIjoxMjAwMDAwMDAwMDAsImRlbGV0ZSI6MzAwMDAwMDAwMDAwfX0=",
          "depends_on": [
            "aws_route_table.vpc_two_controller_route",
            "aws_vpc_peering_connection.DLOS-VPC-ONE",
            "aws_vpc_peering_connection_accepter.DLOS-VPC-TWO"
          ]
        }
      ]
    },
    {
      "mode": "managed",
      "type": "aws_route",
      "name": "vpc_two_worker_route",
      "provider": "provider.aws.ohio",
      "instances": [
        {
          "schema_version": 0,
          "attributes": {
            "destination_cidr_block": "10.0.0.0/16",
            "destination_ipv6_cidr_block": null,
            "destination_prefix_list_id": "",
            "egress_only_gateway_id": "",
            "gateway_id": "",
            "id": "r-rtb-03e03df2f6cbd2310179966490",
            "instance_id": "",
            "instance_owner_id": "",
            "nat_gateway_id": "",
            "network_interface_id": "",
            "origin": "CreateRoute",
            "route_table_id": "rtb-03e03df2f6cbd2310",
            "state": "active",
            "timeouts": null,
            "transit_gateway_id": "",
            "vpc_peering_connection_id": "pcx-08d2990c5bc1bdd03"
          },
          "private": "eyJlMmJmYjczMC1lY2FhLTExZTYtOGY4OC0zNDM2M2JjN2M0YzAiOnsiY3JlYXRlIjoxMjAwMDAwMDAwMDAsImRlbGV0ZSI6MzAwMDAwMDAwMDAwfX0=",
          "depends_on": [
            "aws_route_table.vpc_two_worker_route",
            "aws_vpc_peering_connection.DLOS-VPC-ONE",
            "aws_vpc_peering_connection_accepter.DLOS-VPC-TWO"
          ]
        }
      ]
    },
    {
      "mode": "managed",
      "type": "aws_route53_record",
      "name": "vpc_one_etcd",
      "provider": "provider.aws",
      "instances": [
        {
          "schema_version": 2,
          "attributes": {
            "alias": [],
            "allow_overwrite": null,
            "failover_routing_policy": [],
            "fqdn": "etcd.dlos-example.com",
            "geolocation_routing_policy": [],
            "health_check_id": null,
            "id": "Z04662891FC378CSTQ8CL_etcd.dlos-example.com_A",
            "latency_routing_policy": [],
            "multivalue_answer_routing_policy": null,
            "name": "etcd.dlos-example.com",
            "records": [
              "10.0.1.11",
              "10.1.1.11"
            ],
            "set_identifier": null,
            "ttl": 300,
            "type": "A",
            "weighted_routing_policy": [],
            "zone_id": "Z04662891FC378CSTQ8CL"
          },
          "private": "eyJzY2hlbWFfdmVyc2lvbiI6IjIifQ==",
          "depends_on": [
            "aws_route53_zone.dlos_vpc",
            "aws_subnet.vpc_one_controller",
            "aws_subnet.vpc_two_controller"
          ]
        }
      ]
    },
    {
      "mode": "managed",
      "type": "aws_route53_zone",
      "name": "dlos_vpc",
      "provider": "provider.aws",
      "instances": [
        {
          "schema_version": 0,
          "attributes": {
            "comment": "Managed by Terraform",
            "delegation_set_id": "",
            "force_destroy": false,
            "id": "Z04662891FC378CSTQ8CL",
            "name": "dlos-example.com.",
            "name_servers": [
              "ns-0.awsdns-00.com.",
              "ns-1024.awsdns-00.org.",
              "ns-1536.awsdns-00.co.uk.",
              "ns-512.awsdns-00.net."
            ],
            "tags": {
              "BusinessUnit": "dlos",
              "Name": "DLOS-VPC",
              "Owner": "chitender_kumar",
              "Project": "dlos",
              "TechnologyUnit": "infrastructure"
            },
            "vpc": [
              {
                "vpc_id": "vpc-0ad90af3872046013",
                "vpc_region": "us-east-1"
              }
            ],
            "vpc_id": null,
            "vpc_region": null,
            "zone_id": "Z04662891FC378CSTQ8CL"
          },
          "private": "bnVsbA==",
          "depends_on": [
            "aws_vpc.vpc_one"
          ]
        }
      ]
    },
    {
      "mode": "managed",
      "type": "aws_route53_zone_association",
      "name": "vpc_two_etcd",
      "provider": "provider.aws.ohio",
      "instances": [
        {
          "schema_version": 0,
          "attributes": {
            "id": "Z04662891FC378CSTQ8CL:vpc-03f2c2fae13f55617",
            "vpc_id": "vpc-03f2c2fae13f55617",
            "vpc_region": "us-east-2",
            "zone_id": "Z04662891FC378CSTQ8CL"
          },
          "private": "bnVsbA==",
          "depends_on": [
            "aws_route53_zone.dlos_vpc",
            "aws_vpc.vpc_two"
          ]
        }
      ]
    },
    {
      "mode": "managed",
      "type": "aws_route_table",
      "name": "vpc_one_controller_route",
      "provider": "provider.aws",
      "instances": [
        {
          "schema_version": 0,
          "attributes": {
            "id": "rtb-0f1eb302485dc003b",
            "owner_id": "086341552770",
            "propagating_vgws": [],
            "route": [
              {
                "cidr_block": "0.0.0.0/0",
                "egress_only_gateway_id": "",
                "gateway_id": "igw-0b7ee6233d730bb64",
                "instance_id": "",
                "ipv6_cidr_block": "",
                "nat_gateway_id": "",
                "network_interface_id": "",
                "transit_gateway_id": "",
                "vpc_peering_connection_id": ""
              }
            ],
            "tags": {
              "BusinessUnit": "dlos",
              "Name": "DLOS-VPC-ONE-CONTROLLER-ROUTE",
              "Owner": "chitender_kumar",
              "Project": "dlos",
              "TechnologyUnit": "infrastructure"
            },
            "vpc_id": "vpc-0ad90af3872046013"
          },
          "private": "bnVsbA==",
          "depends_on": [
            "aws_internet_gateway.gw_one",
            "aws_vpc.vpc_one"
          ]
        }
      ]
    },
    {
      "mode": "managed",
      "type": "aws_route_table",
      "name": "vpc_one_worker_route",
      "provider": "provider.aws",
      "instances": [
        {
          "schema_version": 0,
          "attributes": {
            "id": "rtb-09221f978d34607ff",
            "owner_id": "086341552770",
            "propagating_vgws": [],
            "route": [
              {
                "cidr_block": "0.0.0.0/0",
                "egress_only_gateway_id": "",
                "gateway_id": "nat-019c8811078cbd5c8",
                "instance_id": "",
                "ipv6_cidr_block": "",
                "nat_gateway_id": "",
                "network_interface_id": "",
                "transit_gateway_id": "",
                "vpc_peering_connection_id": ""
              }
            ],
            "tags": {
              "BusinessUnit": "dlos",
              "Name": "DLOS-VPC-ONE-WORKER-ROUTE",
              "Owner": "chitender_kumar",
              "Project": "dlos",
              "TechnologyUnit": "infrastructure"
            },
            "vpc_id": "vpc-0ad90af3872046013"
          },
          "private": "bnVsbA==",
          "depends_on": [
            "aws_nat_gateway.vpc_one_natGateway",
            "aws_vpc.vpc_one"
          ]
        }
      ]
    },
    {
      "mode": "managed",
      "type": "aws_route_table",
      "name": "vpc_two_controller_route",
      "provider": "provider.aws.ohio",
      "instances": [
        {
          "schema_version": 0,
          "attributes": {
            "id": "rtb-04cff1060176ad22c",
            "owner_id": "086341552770",
            "propagating_vgws": [],
            "route": [
              {
                "cidr_block": "0.0.0.0/0",
                "egress_only_gateway_id": "",
                "gateway_id": "igw-0f186442e1942d8ac",
                "instance_id": "",
                "ipv6_cidr_block": "",
                "nat_gateway_id": "",
                "network_interface_id": "",
                "transit_gateway_id": "",
                "vpc_peering_connection_id": ""
              }
            ],
            "tags": {
              "BusinessUnit": "dlos",
              "Name": "DLOS-VPC-TWO-CONTROLLER-ROUTE",
              "Owner": "chitender_kumar",
              "Project": "dlos",
              "TechnologyUnit": "infrastructure"
            },
            "vpc_id": "vpc-03f2c2fae13f55617"
          },
          "private": "bnVsbA==",
          "depends_on": [
            "aws_internet_gateway.gw_two",
            "aws_vpc.vpc_two"
          ]
        }
      ]
    },
    {
      "mode": "managed",
      "type": "aws_route_table",
      "name": "vpc_two_worker_route",
      "provider": "provider.aws.ohio",
      "instances": [
        {
          "schema_version": 0,
          "attributes": {
            "id": "rtb-03e03df2f6cbd2310",
            "owner_id": "086341552770",
            "propagating_vgws": [],
            "route": [
              {
                "cidr_block": "0.0.0.0/0",
                "egress_only_gateway_id": "",
                "gateway_id": "nat-099857a7c05a8760f",
                "instance_id": "",
                "ipv6_cidr_block": "",
                "nat_gateway_id": "",
                "network_interface_id": "",
                "transit_gateway_id": "",
                "vpc_peering_connection_id": ""
              }
            ],
            "tags": {
              "BusinessUnit": "dlos",
              "Name": "DLOS-VPC-TWO-WORKER-ROUTE",
              "Owner": "chitender_kumar",
              "Project": "dlos",
              "TechnologyUnit": "infrastructure"
            },
            "vpc_id": "vpc-03f2c2fae13f55617"
          },
          "private": "bnVsbA==",
          "depends_on": [
            "aws_nat_gateway.vpc_two_natGateway",
            "aws_vpc.vpc_two"
          ]
        }
      ]
    },
    {
      "mode": "managed",
      "type": "aws_route_table_association",
      "name": "vpc_one_controller_association",
      "provider": "provider.aws",
      "instances": [
        {
          "schema_version": 0,
          "attributes": {
            "id": "rtbassoc-0eeb2496647836328",
            "route_table_id": "rtb-0f1eb302485dc003b",
            "subnet_id": "subnet-0587c7eb8dd543b23"
          },
          "private": "bnVsbA==",
          "depends_on": [
            "aws_route_table.vpc_one_controller_route",
            "aws_subnet.vpc_one_controller"
          ]
        }
      ]
    },
    {
      "mode": "managed",
      "type": "aws_route_table_association",
      "name": "vpc_one_worker_association",
      "provider": "provider.aws",
      "instances": [
        {
          "schema_version": 0,
          "attributes": {
            "id": "rtbassoc-08376ea03778a4cd6",
            "route_table_id": "rtb-09221f978d34607ff",
            "subnet_id": "subnet-02034a7b32f32dfdf"
          },
          "private": "bnVsbA==",
          "depends_on": [
            "aws_route_table.vpc_one_worker_route",
            "aws_subnet.vpc_one_worker"
          ]
        }
      ]
    },
    {
      "mode": "managed",
      "type": "aws_route_table_association",
      "name": "vpc_two_controller_association",
      "provider": "provider.aws.ohio",
      "instances": [
        {
          "schema_version": 0,
          "attributes": {
            "id": "rtbassoc-004f734f18bfc2503",
            "route_table_id": "rtb-04cff1060176ad22c",
            "subnet_id": "subnet-07828afe9817a752e"
          },
          "private": "bnVsbA==",
          "depends_on": [
            "aws_route_table.vpc_two_controller_route",
            "aws_subnet.vpc_two_controller"
          ]
        }
      ]
    },
    {
      "mode": "managed",
      "type": "aws_route_table_association",
      "name": "vpc_two_worker_association",
      "provider": "provider.aws.ohio",
      "instances": [
        {
          "schema_version": 0,
          "attributes": {
            "id": "rtbassoc-07a38c9929b64d59b",
            "route_table_id": "rtb-03e03df2f6cbd2310",
            "subnet_id": "subnet-023335cd8ddd8c8ca"
          },
          "private": "bnVsbA==",
          "depends_on": [
            "aws_route_table.vpc_two_worker_route",
            "aws_subnet.vpc_two_worker"
          ]
        }
      ]
    },
    {
      "mode": "managed",
      "type": "aws_security_group",
      "name": "vpc_one_controller",
      "provider": "provider.aws",
      "instances": [
        {
          "schema_version": 1,
          "attributes": {
            "arn": "arn:aws:ec2:us-east-1:086341552770:security-group/sg-02da2e079d525c0d1",
            "description": "Security Group For Controller",
            "egress": [
              {
                "cidr_blocks": [
                  "0.0.0.0/0"
                ],
                "description": "",
                "from_port": 0,
                "ipv6_cidr_blocks": [],
                "prefix_list_ids": [],
                "protocol": "-1",
                "security_groups": [],
                "self": false,
                "to_port": 0
              }
            ],
            "id": "sg-02da2e079d525c0d1",
            "ingress": [
              {
                "cidr_blocks": [
                  "0.0.0.0/0"
                ],
                "description": "to allow inbound https traffic",
                "from_port": 6443,
                "ipv6_cidr_blocks": [],
                "prefix_list_ids": [],
                "protocol": "tcp",
                "security_groups": [],
                "self": false,
                "to_port": 6443
              },
              {
                "cidr_blocks": [
                  "10.0.1.0/24"
                ],
                "description": "to allow the network traffic internally",
                "from_port": 0,
                "ipv6_cidr_blocks": [],
                "prefix_list_ids": [],
                "protocol": "-1",
                "security_groups": [],
                "self": false,
                "to_port": 0
              },
              {
                "cidr_blocks": [
                  "10.0.2.0/24",
                  "10.1.2.0/24",
                  "10.1.1.0/24"
                ],
                "description": "to allow the network traffic from Controller and Worker Groups",
                "from_port": 0,
                "ipv6_cidr_blocks": [],
                "prefix_list_ids": [],
                "protocol": "-1",
                "security_groups": [],
                "self": false,
                "to_port": 0
              }
            ],
            "name": "VPC-ONE-CONTROLLER",
            "name_prefix": null,
            "owner_id": "086341552770",
            "revoke_rules_on_delete": false,
            "tags": {
              "BusinessUnit": "dlos",
              "Name": "DLOS-VPC-ONE-CONTROLLER",
              "Owner": "chitender_kumar",
              "Project": "dlos",
              "TechnologyUnit": "infrastructure"
            },
            "timeouts": null,
            "vpc_id": "vpc-0ad90af3872046013"
          },
          "private": "eyJlMmJmYjczMC1lY2FhLTExZTYtOGY4OC0zNDM2M2JjN2M0YzAiOnsiY3JlYXRlIjo2MDAwMDAwMDAwMDAsImRlbGV0ZSI6NjAwMDAwMDAwMDAwfSwic2NoZW1hX3ZlcnNpb24iOiIxIn0=",
          "depends_on": [
            "aws_vpc.vpc_one"
          ]
        }
      ]
    },
    {
      "mode": "managed",
      "type": "aws_security_group",
      "name": "vpc_one_worker",
      "provider": "provider.aws",
      "instances": [
        {
          "schema_version": 1,
          "attributes": {
            "arn": "arn:aws:ec2:us-east-1:086341552770:security-group/sg-01c931f6c3a59feb8",
            "description": "Security Group For Worker",
            "egress": [
              {
                "cidr_blocks": [
                  "0.0.0.0/0"
                ],
                "description": "",
                "from_port": 0,
                "ipv6_cidr_blocks": [],
                "prefix_list_ids": [],
                "protocol": "-1",
                "security_groups": [],
                "self": false,
                "to_port": 0
              }
            ],
            "id": "sg-01c931f6c3a59feb8",
            "ingress": [
              {
                "cidr_blocks": [
                  "10.0.1.0/24",
                  "10.1.1.0/24",
                  "10.1.2.0/24"
                ],
                "description": "to allow the network traffic from Controller and Worker",
                "from_port": 0,
                "ipv6_cidr_blocks": [],
                "prefix_list_ids": [],
                "protocol": "-1",
                "security_groups": [],
                "self": false,
                "to_port": 0
              },
              {
                "cidr_blocks": [
                  "10.0.2.0/24"
                ],
                "description": "to allow the network traffic internally",
                "from_port": 0,
                "ipv6_cidr_blocks": [],
                "prefix_list_ids": [],
                "protocol": "-1",
                "security_groups": [],
                "self": false,
                "to_port": 0
              }
            ],
            "name": "VPC-ONE-WORKER",
            "name_prefix": null,
            "owner_id": "086341552770",
            "revoke_rules_on_delete": false,
            "tags": {
              "BusinessUnit": "dlos",
              "Name": "DLOS-VPC-ONE-WORKER",
              "Owner": "chitender_kumar",
              "Project": "dlos",
              "TechnologyUnit": "infrastructure"
            },
            "timeouts": null,
            "vpc_id": "vpc-0ad90af3872046013"
          },
          "private": "eyJlMmJmYjczMC1lY2FhLTExZTYtOGY4OC0zNDM2M2JjN2M0YzAiOnsiY3JlYXRlIjo2MDAwMDAwMDAwMDAsImRlbGV0ZSI6NjAwMDAwMDAwMDAwfSwic2NoZW1hX3ZlcnNpb24iOiIxIn0=",
          "depends_on": [
            "aws_vpc.vpc_one"
          ]
        }
      ]
    },
    {
      "mode": "managed",
      "type": "aws_security_group",
      "name": "vpc_two_controller",
      "provider": "provider.aws.ohio",
      "instances": [
        {
          "schema_version": 1,
          "attributes": {
            "arn": "arn:aws:ec2:us-east-2:086341552770:security-group/sg-00da6258b278cbb02",
            "description": "Security Group For Controller",
            "egress": [
              {
                "cidr_blocks": [
                  "0.0.0.0/0"
                ],
                "description": "",
                "from_port": 0,
                "ipv6_cidr_blocks": [],
                "prefix_list_ids": [],
                "protocol": "-1",
                "security_groups": [],
                "self": false,
                "to_port": 0
              }
            ],
            "id": "sg-00da6258b278cbb02",
            "ingress": [
              {
                "cidr_blocks": [
                  "0.0.0.0/0"
                ],
                "description": "to allow the inbound HTTPS traffic",
                "from_port": 6443,
                "ipv6_cidr_blocks": [],
                "prefix_list_ids": [],
                "protocol": "tcp",
                "security_groups": [],
                "self": false,
                "to_port": 6443
              },
              {
                "cidr_blocks": [
                  "10.1.1.0/24"
                ],
                "description": "to allow the network traffic internally",
                "from_port": 0,
                "ipv6_cidr_blocks": [],
                "prefix_list_ids": [],
                "protocol": "-1",
                "security_groups": [],
                "self": false,
                "to_port": 0
              },
              {
                "cidr_blocks": [
                  "10.1.2.0/24",
                  "10.0.2.0/24",
                  "10.0.1.0/24"
                ],
                "description": "to allow the network traffic from Controller and Worker",
                "from_port": 0,
                "ipv6_cidr_blocks": [],
                "prefix_list_ids": [],
                "protocol": "-1",
                "security_groups": [],
                "self": false,
                "to_port": 0
              }
            ],
            "name": "VPC-TWO-CONTROLLER",
            "name_prefix": null,
            "owner_id": "086341552770",
            "revoke_rules_on_delete": false,
            "tags": {
              "BusinessUnit": "dlos",
              "Name": "DLOS-VPC-TWO-CONTROLLER",
              "Owner": "chitender_kumar",
              "Project": "dlos",
              "TechnologyUnit": "infrastructure"
            },
            "timeouts": null,
            "vpc_id": "vpc-03f2c2fae13f55617"
          },
          "private": "eyJlMmJmYjczMC1lY2FhLTExZTYtOGY4OC0zNDM2M2JjN2M0YzAiOnsiY3JlYXRlIjo2MDAwMDAwMDAwMDAsImRlbGV0ZSI6NjAwMDAwMDAwMDAwfSwic2NoZW1hX3ZlcnNpb24iOiIxIn0=",
          "depends_on": [
            "aws_vpc.vpc_two"
          ]
        }
      ]
    },
    {
      "mode": "managed",
      "type": "aws_security_group",
      "name": "vpc_two_worker",
      "provider": "provider.aws.ohio",
      "instances": [
        {
          "schema_version": 1,
          "attributes": {
            "arn": "arn:aws:ec2:us-east-2:086341552770:security-group/sg-04c94be258dca1639",
            "description": "Security Group For Worker",
            "egress": [
              {
                "cidr_blocks": [
                  "0.0.0.0/0"
                ],
                "description": "",
                "from_port": 0,
                "ipv6_cidr_blocks": [],
                "prefix_list_ids": [],
                "protocol": "-1",
                "security_groups": [],
                "self": false,
                "to_port": 0
              }
            ],
            "id": "sg-04c94be258dca1639",
            "ingress": [
              {
                "cidr_blocks": [
                  "10.1.1.0/24",
                  "10.0.1.0/24",
                  "10.0.2.0/24"
                ],
                "description": "to allow the network traffic from Controller and Worker",
                "from_port": 0,
                "ipv6_cidr_blocks": [],
                "prefix_list_ids": [],
                "protocol": "-1",
                "security_groups": [],
                "self": false,
                "to_port": 0
              },
              {
                "cidr_blocks": [
                  "10.1.2.0/24"
                ],
                "description": "to allow the network traffic internally",
                "from_port": 0,
                "ipv6_cidr_blocks": [],
                "prefix_list_ids": [],
                "protocol": "-1",
                "security_groups": [],
                "self": false,
                "to_port": 0
              }
            ],
            "name": "VPC-TWO-WORKER",
            "name_prefix": null,
            "owner_id": "086341552770",
            "revoke_rules_on_delete": false,
            "tags": {
              "BusinessUnit": "dlos",
              "Name": "DLOS-VPC-TWO-WORKER",
              "Owner": "chitender_kumar",
              "Project": "dlos",
              "TechnologyUnit": "infrastructure"
            },
            "timeouts": null,
            "vpc_id": "vpc-03f2c2fae13f55617"
          },
          "private": "eyJlMmJmYjczMC1lY2FhLTExZTYtOGY4OC0zNDM2M2JjN2M0YzAiOnsiY3JlYXRlIjo2MDAwMDAwMDAwMDAsImRlbGV0ZSI6NjAwMDAwMDAwMDAwfSwic2NoZW1hX3ZlcnNpb24iOiIxIn0=",
          "depends_on": [
            "aws_vpc.vpc_two"
          ]
        }
      ]
    },
    {
      "mode": "managed",
      "type": "aws_subnet",
      "name": "vpc_one_controller",
      "provider": "provider.aws",
      "instances": [
        {
          "schema_version": 1,
          "attributes": {
            "arn": "arn:aws:ec2:us-east-1:086341552770:subnet/subnet-0587c7eb8dd543b23",
            "assign_ipv6_address_on_creation": false,
            "availability_zone": "us-east-1e",
            "availability_zone_id": "use1-az3",
            "cidr_block": "10.0.1.0/24",
            "id": "subnet-0587c7eb8dd543b23",
            "ipv6_cidr_block": "",
            "ipv6_cidr_block_association_id": "",
            "map_public_ip_on_launch": false,
            "owner_id": "086341552770",
            "tags": {
              "BusinessUnit": "dlos",
              "Name": "DLOS-VPC-ONE-CONTROLLER",
              "Owner": "chitender_kumar",
              "Project": "dlos",
              "TechnologyUnit": "infrastructure"
            },
            "timeouts": null,
            "vpc_id": "vpc-0ad90af3872046013"
          },
          "private": "eyJlMmJmYjczMC1lY2FhLTExZTYtOGY4OC0zNDM2M2JjN2M0YzAiOnsiY3JlYXRlIjo2MDAwMDAwMDAwMDAsImRlbGV0ZSI6MTIwMDAwMDAwMDAwMH0sInNjaGVtYV92ZXJzaW9uIjoiMSJ9",
          "depends_on": [
            "aws_vpc.vpc_one"
          ]
        }
      ]
    },
    {
      "mode": "managed",
      "type": "aws_subnet",
      "name": "vpc_one_worker",
      "provider": "provider.aws",
      "instances": [
        {
          "schema_version": 1,
          "attributes": {
            "arn": "arn:aws:ec2:us-east-1:086341552770:subnet/subnet-02034a7b32f32dfdf",
            "assign_ipv6_address_on_creation": false,
            "availability_zone": "us-east-1e",
            "availability_zone_id": "use1-az3",
            "cidr_block": "10.0.2.0/24",
            "id": "subnet-02034a7b32f32dfdf",
            "ipv6_cidr_block": "",
            "ipv6_cidr_block_association_id": "",
            "map_public_ip_on_launch": false,
            "owner_id": "086341552770",
            "tags": {
              "BusinessUnit": "dlos",
              "Name": "DLOS-VPC-ONE-WORKER",
              "Owner": "chitender_kumar",
              "Project": "dlos",
              "TechnologyUnit": "infrastructure"
            },
            "timeouts": null,
            "vpc_id": "vpc-0ad90af3872046013"
          },
          "private": "eyJlMmJmYjczMC1lY2FhLTExZTYtOGY4OC0zNDM2M2JjN2M0YzAiOnsiY3JlYXRlIjo2MDAwMDAwMDAwMDAsImRlbGV0ZSI6MTIwMDAwMDAwMDAwMH0sInNjaGVtYV92ZXJzaW9uIjoiMSJ9",
          "depends_on": [
            "aws_vpc.vpc_one"
          ]
        }
      ]
    },
    {
      "mode": "managed",
      "type": "aws_subnet",
      "name": "vpc_two_controller",
      "provider": "provider.aws.ohio",
      "instances": [
        {
          "schema_version": 1,
          "attributes": {
            "arn": "arn:aws:ec2:us-east-2:086341552770:subnet/subnet-07828afe9817a752e",
            "assign_ipv6_address_on_creation": false,
            "availability_zone": "us-east-2a",
            "availability_zone_id": "use2-az1",
            "cidr_block": "10.1.1.0/24",
            "id": "subnet-07828afe9817a752e",
            "ipv6_cidr_block": "",
            "ipv6_cidr_block_association_id": "",
            "map_public_ip_on_launch": false,
            "owner_id": "086341552770",
            "tags": {
              "BusinessUnit": "dlos",
              "Name": "DLOS-VPC-TWO-CONTROLLER",
              "Owner": "chitender_kumar",
              "Project": "dlos",
              "TechnologyUnit": "infrastructure"
            },
            "timeouts": null,
            "vpc_id": "vpc-03f2c2fae13f55617"
          },
          "private": "eyJlMmJmYjczMC1lY2FhLTExZTYtOGY4OC0zNDM2M2JjN2M0YzAiOnsiY3JlYXRlIjo2MDAwMDAwMDAwMDAsImRlbGV0ZSI6MTIwMDAwMDAwMDAwMH0sInNjaGVtYV92ZXJzaW9uIjoiMSJ9",
          "depends_on": [
            "aws_vpc.vpc_two"
          ]
        }
      ]
    },
    {
      "mode": "managed",
      "type": "aws_subnet",
      "name": "vpc_two_worker",
      "provider": "provider.aws.ohio",
      "instances": [
        {
          "schema_version": 1,
          "attributes": {
            "arn": "arn:aws:ec2:us-east-2:086341552770:subnet/subnet-023335cd8ddd8c8ca",
            "assign_ipv6_address_on_creation": false,
            "availability_zone": "us-east-2a",
            "availability_zone_id": "use2-az1",
            "cidr_block": "10.1.2.0/24",
            "id": "subnet-023335cd8ddd8c8ca",
            "ipv6_cidr_block": "",
            "ipv6_cidr_block_association_id": "",
            "map_public_ip_on_launch": false,
            "owner_id": "086341552770",
            "tags": {
              "BusinessUnit": "dlos",
              "Name": "DLOS-VPC-TWO-WORKER",
              "Owner": "chitender_kumar",
              "Project": "dlos",
              "TechnologyUnit": "infrastructure"
            },
            "timeouts": null,
            "vpc_id": "vpc-03f2c2fae13f55617"
          },
          "private": "eyJlMmJmYjczMC1lY2FhLTExZTYtOGY4OC0zNDM2M2JjN2M0YzAiOnsiY3JlYXRlIjo2MDAwMDAwMDAwMDAsImRlbGV0ZSI6MTIwMDAwMDAwMDAwMH0sInNjaGVtYV92ZXJzaW9uIjoiMSJ9",
          "depends_on": [
            "aws_vpc.vpc_two"
          ]
        }
      ]
    },
    {
      "mode": "managed",
      "type": "aws_vpc",
      "name": "vpc_one",
      "provider": "provider.aws",
      "instances": [
        {
          "schema_version": 1,
          "attributes": {
            "arn": "arn:aws:ec2:us-east-1:086341552770:vpc/vpc-0ad90af3872046013",
            "assign_generated_ipv6_cidr_block": false,
            "cidr_block": "10.0.0.0/16",
            "default_network_acl_id": "acl-06f12fb2ee7148768",
            "default_route_table_id": "rtb-0a34d2982458dbf78",
            "default_security_group_id": "sg-06fce8137554daf36",
            "dhcp_options_id": "dopt-34c8db56",
            "enable_classiclink": false,
            "enable_classiclink_dns_support": false,
            "enable_dns_hostnames": true,
            "enable_dns_support": true,
            "id": "vpc-0ad90af3872046013",
            "instance_tenancy": "default",
            "ipv6_association_id": "",
            "ipv6_cidr_block": "",
            "main_route_table_id": "rtb-0a34d2982458dbf78",
            "owner_id": "086341552770",
            "tags": {
              "BusinessUnit": "dlos",
              "Name": "DLOS-vpc_one",
              "Owner": "chitender_kumar",
              "Project": "dlos",
              "TechnologyUnit": "infrastructure"
            }
          },
          "private": "eyJzY2hlbWFfdmVyc2lvbiI6IjEifQ=="
        }
      ]
    },
    {
      "mode": "managed",
      "type": "aws_vpc",
      "name": "vpc_two",
      "provider": "provider.aws.ohio",
      "instances": [
        {
          "schema_version": 1,
          "attributes": {
            "arn": "arn:aws:ec2:us-east-2:086341552770:vpc/vpc-03f2c2fae13f55617",
            "assign_generated_ipv6_cidr_block": false,
            "cidr_block": "10.1.0.0/16",
            "default_network_acl_id": "acl-0381f516122c16281",
            "default_route_table_id": "rtb-09483796c87ffbbfe",
            "default_security_group_id": "sg-0f58645f87db8c5a0",
            "dhcp_options_id": "dopt-caf11fa3",
            "enable_classiclink": null,
            "enable_classiclink_dns_support": null,
            "enable_dns_hostnames": true,
            "enable_dns_support": true,
            "id": "vpc-03f2c2fae13f55617",
            "instance_tenancy": "default",
            "ipv6_association_id": "",
            "ipv6_cidr_block": "",
            "main_route_table_id": "rtb-09483796c87ffbbfe",
            "owner_id": "086341552770",
            "tags": {
              "BusinessUnit": "dlos",
              "Name": "DLOS-vpc_two",
              "Owner": "chitender_kumar",
              "Project": "dlos",
              "TechnologyUnit": "infrastructure"
            }
          },
          "private": "eyJzY2hlbWFfdmVyc2lvbiI6IjEifQ=="
        }
      ]
    },
    {
      "mode": "managed",
      "type": "aws_vpc_peering_connection",
      "name": "DLOS-VPC-ONE",
      "provider": "provider.aws",
      "instances": [
        {
          "schema_version": 0,
          "attributes": {
            "accept_status": "pending-acceptance",
            "accepter": [],
            "auto_accept": false,
            "id": "pcx-08d2990c5bc1bdd03",
            "peer_owner_id": "086341552770",
            "peer_region": "us-east-2",
            "peer_vpc_id": "vpc-03f2c2fae13f55617",
            "requester": [
              {
                "allow_classic_link_to_remote_vpc": false,
                "allow_remote_vpc_dns_resolution": false,
                "allow_vpc_to_remote_classic_link": false
              }
            ],
            "tags": {
              "BusinessUnit": "dlos",
              "Name": "VPC Peering between VPC-ONE and VPC-TWO",
              "Owner": "chitender_kumar",
              "Project": "dlos",
              "TechnologyUnit": "infrastructure"
            },
            "timeouts": null,
            "vpc_id": "vpc-0ad90af3872046013"
          },
          "private": "eyJlMmJmYjczMC1lY2FhLTExZTYtOGY4OC0zNDM2M2JjN2M0YzAiOnsiY3JlYXRlIjo2MDAwMDAwMDAwMCwiZGVsZXRlIjo2MDAwMDAwMDAwMCwidXBkYXRlIjo2MDAwMDAwMDAwMH19",
          "depends_on": [
            "aws_vpc.vpc_one",
            "aws_vpc.vpc_two"
          ]
        }
      ]
    },
    {
      "mode": "managed",
      "type": "aws_vpc_peering_connection_accepter",
      "name": "DLOS-VPC-TWO",
      "provider": "provider.aws.ohio",
      "instances": [
        {
          "schema_version": 0,
          "attributes": {
            "accept_status": "active",
            "accepter": [
              {
                "allow_classic_link_to_remote_vpc": false,
                "allow_remote_vpc_dns_resolution": false,
                "allow_vpc_to_remote_classic_link": false
              }
            ],
            "auto_accept": true,
            "id": "pcx-08d2990c5bc1bdd03",
            "peer_owner_id": "086341552770",
            "peer_region": "us-east-2",
            "peer_vpc_id": "vpc-03f2c2fae13f55617",
            "requester": [
              {
                "allow_classic_link_to_remote_vpc": false,
                "allow_remote_vpc_dns_resolution": false,
                "allow_vpc_to_remote_classic_link": false
              }
            ],
            "tags": {
              "BusinessUnit": "dlos",
              "Name": "VPC Peering between VPC-ONE and VPC-TWO",
              "Owner": "chitender_kumar",
              "Project": "dlos",
              "TechnologyUnit": "infrastructure"
            },
            "vpc_id": "vpc-0ad90af3872046013",
            "vpc_peering_connection_id": "pcx-08d2990c5bc1bdd03"
          },
          "private": "bnVsbA==",
          "depends_on": [
            "aws_vpc_peering_connection.DLOS-VPC-ONE"
          ]
        }
      ]
    },
    {
      "mode": "managed",
      "type": "aws_vpn_connection",
      "name": "aws-vpn-connection-vpc-one",
      "provider": "provider.aws",
      "instances": [
        {
          "schema_version": 0,
          "attributes": {
            "customer_gateway_configuration": "\u003c?xml version=\"1.0\" encoding=\"UTF-8\"?\u003e\n\u003cvpn_connection id=\"vpn-0ca56bb2bb15e683f\"\u003e\n  \u003ccustomer_gateway_id\u003ecgw-0a46f62d47aae7cb0\u003c/customer_gateway_id\u003e\n  \u003cvpn_gateway_id\u003evgw-05233c30d6a965c41\u003c/vpn_gateway_id\u003e\n  \u003cvpn_connection_type\u003eipsec.1\u003c/vpn_connection_type\u003e\n  \u003cipsec_tunnel\u003e\n    \u003ccustomer_gateway\u003e\n      \u003ctunnel_outside_address\u003e\n        \u003cip_address\u003e35.196.110.42\u003c/ip_address\u003e\n      \u003c/tunnel_outside_address\u003e\n      \u003ctunnel_inside_address\u003e\n        \u003cip_address\u003e169.254.157.26\u003c/ip_address\u003e\n        \u003cnetwork_mask\u003e255.255.255.252\u003c/network_mask\u003e\n        \u003cnetwork_cidr\u003e30\u003c/network_cidr\u003e\n      \u003c/tunnel_inside_address\u003e\n      \u003cbgp\u003e\n        \u003casn\u003e65000\u003c/asn\u003e\n        \u003chold_time\u003e30\u003c/hold_time\u003e\n      \u003c/bgp\u003e\n    \u003c/customer_gateway\u003e\n    \u003cvpn_gateway\u003e\n      \u003ctunnel_outside_address\u003e\n        \u003cip_address\u003e34.197.119.191\u003c/ip_address\u003e\n      \u003c/tunnel_outside_address\u003e\n      \u003ctunnel_inside_address\u003e\n        \u003cip_address\u003e169.254.157.25\u003c/ip_address\u003e\n        \u003cnetwork_mask\u003e255.255.255.252\u003c/network_mask\u003e\n        \u003cnetwork_cidr\u003e30\u003c/network_cidr\u003e\n      \u003c/tunnel_inside_address\u003e\n      \u003cbgp\u003e\n        \u003casn\u003e64512\u003c/asn\u003e\n        \u003chold_time\u003e30\u003c/hold_time\u003e\n      \u003c/bgp\u003e\n    \u003c/vpn_gateway\u003e\n    \u003cike\u003e\n      \u003cauthentication_protocol\u003esha1\u003c/authentication_protocol\u003e\n      \u003cencryption_protocol\u003eaes-128-cbc\u003c/encryption_protocol\u003e\n      \u003clifetime\u003e28800\u003c/lifetime\u003e\n      \u003cperfect_forward_secrecy\u003egroup2\u003c/perfect_forward_secrecy\u003e\n      \u003cmode\u003emain\u003c/mode\u003e\n      \u003cpre_shared_key\u003eYnE1HiMe3KFeU7AAQMDW5d8DdPw8To.G\u003c/pre_shared_key\u003e\n    \u003c/ike\u003e\n    \u003cipsec\u003e\n      \u003cprotocol\u003eesp\u003c/protocol\u003e\n      \u003cauthentication_protocol\u003ehmac-sha1-96\u003c/authentication_protocol\u003e\n      \u003cencryption_protocol\u003eaes-128-cbc\u003c/encryption_protocol\u003e\n      \u003clifetime\u003e3600\u003c/lifetime\u003e\n      \u003cperfect_forward_secrecy\u003egroup2\u003c/perfect_forward_secrecy\u003e\n      \u003cmode\u003etunnel\u003c/mode\u003e\n      \u003cclear_df_bit\u003etrue\u003c/clear_df_bit\u003e\n      \u003cfragmentation_before_encryption\u003etrue\u003c/fragmentation_before_encryption\u003e\n      \u003ctcp_mss_adjustment\u003e1379\u003c/tcp_mss_adjustment\u003e\n      \u003cdead_peer_detection\u003e\n        \u003cinterval\u003e10\u003c/interval\u003e\n        \u003cretries\u003e3\u003c/retries\u003e\n      \u003c/dead_peer_detection\u003e\n    \u003c/ipsec\u003e\n  \u003c/ipsec_tunnel\u003e\n  \u003cipsec_tunnel\u003e\n    \u003ccustomer_gateway\u003e\n      \u003ctunnel_outside_address\u003e\n        \u003cip_address\u003e35.196.110.42\u003c/ip_address\u003e\n      \u003c/tunnel_outside_address\u003e\n      \u003ctunnel_inside_address\u003e\n        \u003cip_address\u003e169.254.83.54\u003c/ip_address\u003e\n        \u003cnetwork_mask\u003e255.255.255.252\u003c/network_mask\u003e\n        \u003cnetwork_cidr\u003e30\u003c/network_cidr\u003e\n      \u003c/tunnel_inside_address\u003e\n      \u003cbgp\u003e\n        \u003casn\u003e65000\u003c/asn\u003e\n        \u003chold_time\u003e30\u003c/hold_time\u003e\n      \u003c/bgp\u003e\n    \u003c/customer_gateway\u003e\n    \u003cvpn_gateway\u003e\n      \u003ctunnel_outside_address\u003e\n        \u003cip_address\u003e34.226.47.40\u003c/ip_address\u003e\n      \u003c/tunnel_outside_address\u003e\n      \u003ctunnel_inside_address\u003e\n        \u003cip_address\u003e169.254.83.53\u003c/ip_address\u003e\n        \u003cnetwork_mask\u003e255.255.255.252\u003c/network_mask\u003e\n        \u003cnetwork_cidr\u003e30\u003c/network_cidr\u003e\n      \u003c/tunnel_inside_address\u003e\n      \u003cbgp\u003e\n        \u003casn\u003e64512\u003c/asn\u003e\n        \u003chold_time\u003e30\u003c/hold_time\u003e\n      \u003c/bgp\u003e\n    \u003c/vpn_gateway\u003e\n    \u003cike\u003e\n      \u003cauthentication_protocol\u003esha1\u003c/authentication_protocol\u003e\n      \u003cencryption_protocol\u003eaes-128-cbc\u003c/encryption_protocol\u003e\n      \u003clifetime\u003e28800\u003c/lifetime\u003e\n      \u003cperfect_forward_secrecy\u003egroup2\u003c/perfect_forward_secrecy\u003e\n      \u003cmode\u003emain\u003c/mode\u003e\n      \u003cpre_shared_key\u003eY_fZpuOkg2gt4M8D1_098lxmkfP3Hr7w\u003c/pre_shared_key\u003e\n    \u003c/ike\u003e\n    \u003cipsec\u003e\n      \u003cprotocol\u003eesp\u003c/protocol\u003e\n      \u003cauthentication_protocol\u003ehmac-sha1-96\u003c/authentication_protocol\u003e\n      \u003cencryption_protocol\u003eaes-128-cbc\u003c/encryption_protocol\u003e\n      \u003clifetime\u003e3600\u003c/lifetime\u003e\n      \u003cperfect_forward_secrecy\u003egroup2\u003c/perfect_forward_secrecy\u003e\n      \u003cmode\u003etunnel\u003c/mode\u003e\n      \u003cclear_df_bit\u003etrue\u003c/clear_df_bit\u003e\n      \u003cfragmentation_before_encryption\u003etrue\u003c/fragmentation_before_encryption\u003e\n      \u003ctcp_mss_adjustment\u003e1379\u003c/tcp_mss_adjustment\u003e\n      \u003cdead_peer_detection\u003e\n        \u003cinterval\u003e10\u003c/interval\u003e\n        \u003cretries\u003e3\u003c/retries\u003e\n      \u003c/dead_peer_detection\u003e\n    \u003c/ipsec\u003e\n  \u003c/ipsec_tunnel\u003e\n\u003c/vpn_connection\u003e",
            "customer_gateway_id": "cgw-0a46f62d47aae7cb0",
            "id": "vpn-0ca56bb2bb15e683f",
            "routes": [],
            "static_routes_only": false,
            "tags": {
              "BusinessUnit": "dlos",
              "Name": "DLOS-vpc_one",
              "Owner": "chitender_kumar",
              "Project": "dlos",
              "TechnologyUnit": "infrastructure"
            },
            "transit_gateway_attachment_id": "",
            "transit_gateway_id": "",
            "tunnel1_address": "34.197.119.191",
            "tunnel1_bgp_asn": "64512",
            "tunnel1_bgp_holdtime": 30,
            "tunnel1_cgw_inside_address": "169.254.157.26",
            "tunnel1_inside_cidr": null,
            "tunnel1_preshared_key": "YnE1HiMe3KFeU7AAQMDW5d8DdPw8To.G",
            "tunnel1_vgw_inside_address": "169.254.157.25",
            "tunnel2_address": "34.226.47.40",
            "tunnel2_bgp_asn": "64512",
            "tunnel2_bgp_holdtime": 30,
            "tunnel2_cgw_inside_address": "169.254.83.54",
            "tunnel2_inside_cidr": null,
            "tunnel2_preshared_key": "Y_fZpuOkg2gt4M8D1_098lxmkfP3Hr7w",
            "tunnel2_vgw_inside_address": "169.254.83.53",
            "type": "ipsec.1",
            "vgw_telemetry": [
              {
                "accepted_route_count": 0,
                "last_status_change": "2019-11-27 09:40:14 +0000 UTC",
                "outside_ip_address": "34.226.47.40",
                "status": "DOWN",
                "status_message": "IPSEC IS DOWN"
              },
              {
                "accepted_route_count": 0,
                "last_status_change": "2019-11-27 09:40:29 +0000 UTC",
                "outside_ip_address": "34.197.119.191",
                "status": "DOWN",
                "status_message": "IPSEC IS DOWN"
              }
            ],
            "vpn_gateway_id": "vgw-05233c30d6a965c41"
          },
          "private": "bnVsbA==",
          "depends_on": [
            "aws_customer_gateway.aws-cgw-vpc-one",
            "aws_vpn_gateway.aws-vpn-gw-vpc-one"
          ]
        }
      ]
    },
    {
      "mode": "managed",
      "type": "aws_vpn_connection",
      "name": "aws-vpn-connection-vpc-two",
      "provider": "provider.aws.ohio",
      "instances": [
        {
          "schema_version": 0,
          "attributes": {
            "customer_gateway_configuration": "\u003c?xml version=\"1.0\" encoding=\"UTF-8\"?\u003e\n\u003cvpn_connection id=\"vpn-0c653f6fcf05e36b5\"\u003e\n  \u003ccustomer_gateway_id\u003ecgw-06a443e7e8080024c\u003c/customer_gateway_id\u003e\n  \u003cvpn_gateway_id\u003evgw-0325b672c38cb05cd\u003c/vpn_gateway_id\u003e\n  \u003cvpn_connection_type\u003eipsec.1\u003c/vpn_connection_type\u003e\n  \u003cipsec_tunnel\u003e\n    \u003ccustomer_gateway\u003e\n      \u003ctunnel_outside_address\u003e\n        \u003cip_address\u003e35.196.110.42\u003c/ip_address\u003e\n      \u003c/tunnel_outside_address\u003e\n      \u003ctunnel_inside_address\u003e\n        \u003cip_address\u003e169.254.136.186\u003c/ip_address\u003e\n        \u003cnetwork_mask\u003e255.255.255.252\u003c/network_mask\u003e\n        \u003cnetwork_cidr\u003e30\u003c/network_cidr\u003e\n      \u003c/tunnel_inside_address\u003e\n      \u003cbgp\u003e\n        \u003casn\u003e65000\u003c/asn\u003e\n        \u003chold_time\u003e30\u003c/hold_time\u003e\n      \u003c/bgp\u003e\n    \u003c/customer_gateway\u003e\n    \u003cvpn_gateway\u003e\n      \u003ctunnel_outside_address\u003e\n        \u003cip_address\u003e3.132.247.37\u003c/ip_address\u003e\n      \u003c/tunnel_outside_address\u003e\n      \u003ctunnel_inside_address\u003e\n        \u003cip_address\u003e169.254.136.185\u003c/ip_address\u003e\n        \u003cnetwork_mask\u003e255.255.255.252\u003c/network_mask\u003e\n        \u003cnetwork_cidr\u003e30\u003c/network_cidr\u003e\n      \u003c/tunnel_inside_address\u003e\n      \u003cbgp\u003e\n        \u003casn\u003e64512\u003c/asn\u003e\n        \u003chold_time\u003e30\u003c/hold_time\u003e\n      \u003c/bgp\u003e\n    \u003c/vpn_gateway\u003e\n    \u003cike\u003e\n      \u003cauthentication_protocol\u003esha1\u003c/authentication_protocol\u003e\n      \u003cencryption_protocol\u003eaes-128-cbc\u003c/encryption_protocol\u003e\n      \u003clifetime\u003e28800\u003c/lifetime\u003e\n      \u003cperfect_forward_secrecy\u003egroup2\u003c/perfect_forward_secrecy\u003e\n      \u003cmode\u003emain\u003c/mode\u003e\n      \u003cpre_shared_key\u003eEpwWyrlp17QXPsBzWkohNPww5lIZcj.B\u003c/pre_shared_key\u003e\n    \u003c/ike\u003e\n    \u003cipsec\u003e\n      \u003cprotocol\u003eesp\u003c/protocol\u003e\n      \u003cauthentication_protocol\u003ehmac-sha1-96\u003c/authentication_protocol\u003e\n      \u003cencryption_protocol\u003eaes-128-cbc\u003c/encryption_protocol\u003e\n      \u003clifetime\u003e3600\u003c/lifetime\u003e\n      \u003cperfect_forward_secrecy\u003egroup2\u003c/perfect_forward_secrecy\u003e\n      \u003cmode\u003etunnel\u003c/mode\u003e\n      \u003cclear_df_bit\u003etrue\u003c/clear_df_bit\u003e\n      \u003cfragmentation_before_encryption\u003etrue\u003c/fragmentation_before_encryption\u003e\n      \u003ctcp_mss_adjustment\u003e1379\u003c/tcp_mss_adjustment\u003e\n      \u003cdead_peer_detection\u003e\n        \u003cinterval\u003e10\u003c/interval\u003e\n        \u003cretries\u003e3\u003c/retries\u003e\n      \u003c/dead_peer_detection\u003e\n    \u003c/ipsec\u003e\n  \u003c/ipsec_tunnel\u003e\n  \u003cipsec_tunnel\u003e\n    \u003ccustomer_gateway\u003e\n      \u003ctunnel_outside_address\u003e\n        \u003cip_address\u003e35.196.110.42\u003c/ip_address\u003e\n      \u003c/tunnel_outside_address\u003e\n      \u003ctunnel_inside_address\u003e\n        \u003cip_address\u003e169.254.165.218\u003c/ip_address\u003e\n        \u003cnetwork_mask\u003e255.255.255.252\u003c/network_mask\u003e\n        \u003cnetwork_cidr\u003e30\u003c/network_cidr\u003e\n      \u003c/tunnel_inside_address\u003e\n      \u003cbgp\u003e\n        \u003casn\u003e65000\u003c/asn\u003e\n        \u003chold_time\u003e30\u003c/hold_time\u003e\n      \u003c/bgp\u003e\n    \u003c/customer_gateway\u003e\n    \u003cvpn_gateway\u003e\n      \u003ctunnel_outside_address\u003e\n        \u003cip_address\u003e18.220.21.190\u003c/ip_address\u003e\n      \u003c/tunnel_outside_address\u003e\n      \u003ctunnel_inside_address\u003e\n        \u003cip_address\u003e169.254.165.217\u003c/ip_address\u003e\n        \u003cnetwork_mask\u003e255.255.255.252\u003c/network_mask\u003e\n        \u003cnetwork_cidr\u003e30\u003c/network_cidr\u003e\n      \u003c/tunnel_inside_address\u003e\n      \u003cbgp\u003e\n        \u003casn\u003e64512\u003c/asn\u003e\n        \u003chold_time\u003e30\u003c/hold_time\u003e\n      \u003c/bgp\u003e\n    \u003c/vpn_gateway\u003e\n    \u003cike\u003e\n      \u003cauthentication_protocol\u003esha1\u003c/authentication_protocol\u003e\n      \u003cencryption_protocol\u003eaes-128-cbc\u003c/encryption_protocol\u003e\n      \u003clifetime\u003e28800\u003c/lifetime\u003e\n      \u003cperfect_forward_secrecy\u003egroup2\u003c/perfect_forward_secrecy\u003e\n      \u003cmode\u003emain\u003c/mode\u003e\n      \u003cpre_shared_key\u003eipwnosvAgsS_7IhYgIKqRQcj2T2HCCRq\u003c/pre_shared_key\u003e\n    \u003c/ike\u003e\n    \u003cipsec\u003e\n      \u003cprotocol\u003eesp\u003c/protocol\u003e\n      \u003cauthentication_protocol\u003ehmac-sha1-96\u003c/authentication_protocol\u003e\n      \u003cencryption_protocol\u003eaes-128-cbc\u003c/encryption_protocol\u003e\n      \u003clifetime\u003e3600\u003c/lifetime\u003e\n      \u003cperfect_forward_secrecy\u003egroup2\u003c/perfect_forward_secrecy\u003e\n      \u003cmode\u003etunnel\u003c/mode\u003e\n      \u003cclear_df_bit\u003etrue\u003c/clear_df_bit\u003e\n      \u003cfragmentation_before_encryption\u003etrue\u003c/fragmentation_before_encryption\u003e\n      \u003ctcp_mss_adjustment\u003e1379\u003c/tcp_mss_adjustment\u003e\n      \u003cdead_peer_detection\u003e\n        \u003cinterval\u003e10\u003c/interval\u003e\n        \u003cretries\u003e3\u003c/retries\u003e\n      \u003c/dead_peer_detection\u003e\n    \u003c/ipsec\u003e\n  \u003c/ipsec_tunnel\u003e\n\u003c/vpn_connection\u003e",
            "customer_gateway_id": "cgw-06a443e7e8080024c",
            "id": "vpn-0c653f6fcf05e36b5",
            "routes": [],
            "static_routes_only": false,
            "tags": {
              "BusinessUnit": "dlos",
              "Name": "DLOS-vpc_two",
              "Owner": "chitender_kumar",
              "Project": "dlos",
              "TechnologyUnit": "infrastructure"
            },
            "transit_gateway_attachment_id": "",
            "transit_gateway_id": "",
            "tunnel1_address": "18.220.21.190",
            "tunnel1_bgp_asn": "64512",
            "tunnel1_bgp_holdtime": 30,
            "tunnel1_cgw_inside_address": "169.254.165.218",
            "tunnel1_inside_cidr": null,
            "tunnel1_preshared_key": "ipwnosvAgsS_7IhYgIKqRQcj2T2HCCRq",
            "tunnel1_vgw_inside_address": "169.254.165.217",
            "tunnel2_address": "3.132.247.37",
            "tunnel2_bgp_asn": "64512",
            "tunnel2_bgp_holdtime": 30,
            "tunnel2_cgw_inside_address": "169.254.136.186",
            "tunnel2_inside_cidr": null,
            "tunnel2_preshared_key": "EpwWyrlp17QXPsBzWkohNPww5lIZcj.B",
            "tunnel2_vgw_inside_address": "169.254.136.185",
            "type": "ipsec.1",
            "vgw_telemetry": [
              {
                "accepted_route_count": 0,
                "last_status_change": "2019-11-27 09:40:16 +0000 UTC",
                "outside_ip_address": "3.132.247.37",
                "status": "DOWN",
                "status_message": "IPSEC IS DOWN"
              },
              {
                "accepted_route_count": 0,
                "last_status_change": "2019-11-27 09:40:22 +0000 UTC",
                "outside_ip_address": "18.220.21.190",
                "status": "DOWN",
                "status_message": "IPSEC IS DOWN"
              }
            ],
            "vpn_gateway_id": "vgw-0325b672c38cb05cd"
          },
          "private": "bnVsbA==",
          "depends_on": [
            "aws_customer_gateway.aws-cgw-vpc-two",
            "aws_vpn_gateway.aws-vpn-gw-vpc-two"
          ]
        }
      ]
    },
    {
      "mode": "managed",
      "type": "aws_vpn_gateway",
      "name": "aws-vpn-gw-vpc-one",
      "provider": "provider.aws",
      "instances": [
        {
          "schema_version": 0,
          "attributes": {
            "amazon_side_asn": "64512",
            "availability_zone": null,
            "id": "vgw-05233c30d6a965c41",
            "tags": null,
            "vpc_id": "vpc-0ad90af3872046013"
          },
          "private": "bnVsbA==",
          "depends_on": [
            "aws_vpc.vpc_one"
          ]
        }
      ]
    },
    {
      "mode": "managed",
      "type": "aws_vpn_gateway",
      "name": "aws-vpn-gw-vpc-two",
      "provider": "provider.aws.ohio",
      "instances": [
        {
          "schema_version": 0,
          "attributes": {
            "amazon_side_asn": "64512",
            "availability_zone": null,
            "id": "vgw-0325b672c38cb05cd",
            "tags": {
              "BusinessUnit": "dlos",
              "Name": "DLOS-vpc_two",
              "Owner": "chitender_kumar",
              "Project": "dlos",
              "TechnologyUnit": "infrastructure"
            },
            "vpc_id": "vpc-03f2c2fae13f55617"
          },
          "private": "bnVsbA==",
          "depends_on": [
            "aws_vpc.vpc_two"
          ]
        }
      ]
    },
    {
      "mode": "managed",
      "type": "aws_vpn_gateway_attachment",
      "name": "vpn_attachment_vpc_one",
      "provider": "provider.aws",
      "instances": [
        {
          "schema_version": 0,
          "attributes": {
            "id": "vpn-attachment-cc4fb0d5",
            "vpc_id": "vpc-0ad90af3872046013",
            "vpn_gateway_id": "vgw-05233c30d6a965c41"
          },
          "private": "bnVsbA==",
          "depends_on": [
            "aws_vpc.vpc_one",
            "aws_vpn_gateway.aws-vpn-gw-vpc-one"
          ]
        }
      ]
    },
    {
      "mode": "managed",
      "type": "aws_vpn_gateway_attachment",
      "name": "vpn_attachment_vpc_two",
      "provider": "provider.aws.ohio",
      "instances": [
        {
          "schema_version": 0,
          "attributes": {
            "id": "vpn-attachment-8bf529f0",
            "vpc_id": "vpc-03f2c2fae13f55617",
            "vpn_gateway_id": "vgw-0325b672c38cb05cd"
          },
          "private": "bnVsbA==",
          "depends_on": [
            "aws_vpc.vpc_two",
            "aws_vpn_gateway.aws-vpn-gw-vpc-two"
          ]
        }
      ]
    },
    {
      "mode": "managed",
      "type": "aws_vpn_gateway_route_propagation",
      "name": "rp_vpc_one_controller",
      "provider": "provider.aws",
      "instances": [
        {
          "schema_version": 0,
          "attributes": {
            "id": "vgw-05233c30d6a965c41_rtb-0f1eb302485dc003b",
            "route_table_id": "rtb-0f1eb302485dc003b",
            "vpn_gateway_id": "vgw-05233c30d6a965c41"
          },
          "private": "bnVsbA==",
          "depends_on": [
            "aws_route_table.vpc_one_controller_route",
            "aws_vpn_connection.aws-vpn-connection-vpc-one",
            "aws_vpn_gateway.aws-vpn-gw-vpc-one"
          ]
        }
      ]
    },
    {
      "mode": "managed",
      "type": "aws_vpn_gateway_route_propagation",
      "name": "rp_vpc_one_worker",
      "provider": "provider.aws",
      "instances": [
        {
          "schema_version": 0,
          "attributes": {
            "id": "vgw-05233c30d6a965c41_rtb-09221f978d34607ff",
            "route_table_id": "rtb-09221f978d34607ff",
            "vpn_gateway_id": "vgw-05233c30d6a965c41"
          },
          "private": "bnVsbA==",
          "depends_on": [
            "aws_route_table.vpc_one_worker_route",
            "aws_vpn_connection.aws-vpn-connection-vpc-one",
            "aws_vpn_gateway.aws-vpn-gw-vpc-one"
          ]
        }
      ]
    },
    {
      "mode": "managed",
      "type": "aws_vpn_gateway_route_propagation",
      "name": "rp_vpc_two_controller",
      "provider": "provider.aws.ohio",
      "instances": [
        {
          "schema_version": 0,
          "attributes": {
            "id": "vgw-0325b672c38cb05cd_rtb-04cff1060176ad22c",
            "route_table_id": "rtb-04cff1060176ad22c",
            "vpn_gateway_id": "vgw-0325b672c38cb05cd"
          },
          "private": "bnVsbA==",
          "depends_on": [
            "aws_route_table.vpc_two_controller_route",
            "aws_vpn_connection.aws-vpn-connection-vpc-two",
            "aws_vpn_gateway.aws-vpn-gw-vpc-two"
          ]
        }
      ]
    },
    {
      "mode": "managed",
      "type": "aws_vpn_gateway_route_propagation",
      "name": "rp_vpc_two_worker",
      "provider": "provider.aws.ohio",
      "instances": [
        {
          "schema_version": 0,
          "attributes": {
            "id": "vgw-0325b672c38cb05cd_rtb-03e03df2f6cbd2310",
            "route_table_id": "rtb-03e03df2f6cbd2310",
            "vpn_gateway_id": "vgw-0325b672c38cb05cd"
          },
          "private": "bnVsbA==",
          "depends_on": [
            "aws_route_table.vpc_two_worker_route",
            "aws_vpn_connection.aws-vpn-connection-vpc-two",
            "aws_vpn_gateway.aws-vpn-gw-vpc-two"
          ]
        }
      ]
    },
    {
      "mode": "managed",
      "type": "google_compute_address",
      "name": "gcp-vpn-ip",
      "provider": "provider.google",
      "instances": [
        {
          "schema_version": 0,
          "attributes": {
            "address": "35.196.110.42",
            "address_type": "EXTERNAL",
            "creation_timestamp": "2019-11-27T01:37:08.176-08:00",
            "description": "",
            "id": "projects/multicloud-kubernetes/regions/us-east1/addresses/gcp-vpn-ip",
            "name": "gcp-vpn-ip",
            "network_tier": "PREMIUM",
            "project": "multicloud-kubernetes",
            "purpose": "",
            "region": "us-east1",
            "self_link": "https://www.googleapis.com/compute/v1/projects/multicloud-kubernetes/regions/us-east1/addresses/gcp-vpn-ip",
            "subnetwork": "",
            "timeouts": null,
            "users": []
          },
          "private": "eyJlMmJmYjczMC1lY2FhLTExZTYtOGY4OC0zNDM2M2JjN2M0YzAiOnsiY3JlYXRlIjoyNDAwMDAwMDAwMDAsImRlbGV0ZSI6MjQwMDAwMDAwMDAwfX0="
        }
      ]
    },
    {
      "mode": "managed",
      "type": "google_compute_address",
      "name": "static_controller",
      "provider": "provider.google",
      "instances": [
        {
          "schema_version": 0,
          "attributes": {
            "address": "35.196.70.28",
            "address_type": "EXTERNAL",
            "creation_timestamp": "2019-11-27T01:37:08.175-08:00",
            "description": "",
            "id": "projects/multicloud-kubernetes/regions/us-east1/addresses/controller-public",
            "name": "controller-public",
            "network_tier": "PREMIUM",
            "project": "multicloud-kubernetes",
            "purpose": "",
            "region": "us-east1",
            "self_link": "https://www.googleapis.com/compute/v1/projects/multicloud-kubernetes/regions/us-east1/addresses/controller-public",
            "subnetwork": "",
            "timeouts": null,
            "users": []
          },
          "private": "eyJlMmJmYjczMC1lY2FhLTExZTYtOGY4OC0zNDM2M2JjN2M0YzAiOnsiY3JlYXRlIjoyNDAwMDAwMDAwMDAsImRlbGV0ZSI6MjQwMDAwMDAwMDAwfX0="
        }
      ]
    },
    {
      "mode": "managed",
      "type": "google_compute_firewall",
      "name": "allow-bastion",
      "provider": "provider.google",
      "instances": [
        {
          "schema_version": 1,
          "attributes": {
            "allow": [
              {
                "ports": [
                  "22"
                ],
                "protocol": "tcp"
              }
            ],
            "creation_timestamp": "2019-11-27T01:37:25.956-08:00",
            "deny": [],
            "description": "",
            "destination_ranges": [],
            "direction": "INGRESS",
            "disabled": false,
            "id": "projects/multicloud-kubernetes/global/firewalls/dlos-fw-allow-bastion",
            "name": "dlos-fw-allow-bastion",
            "network": "https://www.googleapis.com/compute/v1/projects/multicloud-kubernetes/global/networks/dlos-development-vpc",
            "priority": 1000,
            "project": "multicloud-kubernetes",
            "self_link": "https://www.googleapis.com/compute/v1/projects/multicloud-kubernetes/global/firewalls/dlos-fw-allow-bastion",
            "source_ranges": [
              "0.0.0.0/0"
            ],
            "source_service_accounts": null,
            "source_tags": null,
            "target_service_accounts": null,
            "target_tags": [
              "ssh"
            ],
            "timeouts": null
          },
          "private": "eyJlMmJmYjczMC1lY2FhLTExZTYtOGY4OC0zNDM2M2JjN2M0YzAiOnsiY3JlYXRlIjoyNDAwMDAwMDAwMDAsImRlbGV0ZSI6MjQwMDAwMDAwMDAwLCJ1cGRhdGUiOjI0MDAwMDAwMDAwMH0sInNjaGVtYV92ZXJzaW9uIjoiMSJ9",
          "depends_on": [
            "google_compute_network.vpc_three"
          ]
        }
      ]
    },
    {
      "mode": "managed",
      "type": "google_compute_firewall",
      "name": "allow-http",
      "provider": "provider.google",
      "instances": [
        {
          "schema_version": 1,
          "attributes": {
            "allow": [
              {
                "ports": [
                  "6443"
                ],
                "protocol": "tcp"
              }
            ],
            "creation_timestamp": "2019-11-27T01:37:25.629-08:00",
            "deny": [],
            "description": "",
            "destination_ranges": [],
            "direction": "INGRESS",
            "disabled": false,
            "id": "projects/multicloud-kubernetes/global/firewalls/dlos-fw-allow-http",
            "name": "dlos-fw-allow-http",
            "network": "https://www.googleapis.com/compute/v1/projects/multicloud-kubernetes/global/networks/dlos-development-vpc",
            "priority": 1000,
            "project": "multicloud-kubernetes",
            "self_link": "https://www.googleapis.com/compute/v1/projects/multicloud-kubernetes/global/firewalls/dlos-fw-allow-http",
            "source_ranges": [
              "0.0.0.0/0"
            ],
            "source_service_accounts": null,
            "source_tags": null,
            "target_service_accounts": null,
            "target_tags": [
              "controller"
            ],
            "timeouts": null
          },
          "private": "eyJlMmJmYjczMC1lY2FhLTExZTYtOGY4OC0zNDM2M2JjN2M0YzAiOnsiY3JlYXRlIjoyNDAwMDAwMDAwMDAsImRlbGV0ZSI6MjQwMDAwMDAwMDAwLCJ1cGRhdGUiOjI0MDAwMDAwMDAwMH0sInNjaGVtYV92ZXJzaW9uIjoiMSJ9",
          "depends_on": [
            "google_compute_network.vpc_three"
          ]
        }
      ]
    },
    {
      "mode": "managed",
      "type": "google_compute_firewall",
      "name": "allow-internal",
      "provider": "provider.google",
      "instances": [
        {
          "schema_version": 1,
          "attributes": {
            "allow": [
              {
                "ports": [
                  "0-65535"
                ],
                "protocol": "tcp"
              },
              {
                "ports": [
                  "0-65535"
                ],
                "protocol": "udp"
              },
              {
                "ports": [],
                "protocol": "icmp"
              }
            ],
            "creation_timestamp": "2019-11-27T01:37:25.759-08:00",
            "deny": [],
            "description": "",
            "destination_ranges": [],
            "direction": "INGRESS",
            "disabled": false,
            "id": "projects/multicloud-kubernetes/global/firewalls/dlos-fw-allow-internal",
            "name": "dlos-fw-allow-internal",
            "network": "https://www.googleapis.com/compute/v1/projects/multicloud-kubernetes/global/networks/dlos-development-vpc",
            "priority": 1000,
            "project": "multicloud-kubernetes",
            "self_link": "https://www.googleapis.com/compute/v1/projects/multicloud-kubernetes/global/firewalls/dlos-fw-allow-internal",
            "source_ranges": [
              "10.2.1.0/24",
              "10.2.2.0/24"
            ],
            "source_service_accounts": null,
            "source_tags": null,
            "target_service_accounts": null,
            "target_tags": null,
            "timeouts": null
          },
          "private": "eyJlMmJmYjczMC1lY2FhLTExZTYtOGY4OC0zNDM2M2JjN2M0YzAiOnsiY3JlYXRlIjoyNDAwMDAwMDAwMDAsImRlbGV0ZSI6MjQwMDAwMDAwMDAwLCJ1cGRhdGUiOjI0MDAwMDAwMDAwMH0sInNjaGVtYV92ZXJzaW9uIjoiMSJ9",
          "depends_on": [
            "google_compute_network.vpc_three"
          ]
        }
      ]
    },
    {
      "mode": "managed",
      "type": "google_compute_forwarding_rule",
      "name": "fr_esp",
      "provider": "provider.google",
      "instances": [
        {
          "schema_version": 0,
          "attributes": {
            "all_ports": false,
            "backend_service": "",
            "creation_timestamp": "2019-11-27T01:37:31.999-08:00",
            "description": "",
            "id": "projects/multicloud-kubernetes/regions/us-east1/forwardingRules/fr-esp",
            "ip_address": "35.196.110.42",
            "ip_protocol": "ESP",
            "ip_version": null,
            "load_balancing_scheme": "EXTERNAL",
            "name": "fr-esp",
            "network": "",
            "network_tier": "PREMIUM",
            "port_range": "",
            "ports": null,
            "project": "multicloud-kubernetes",
            "region": "us-east1",
            "self_link": "https://www.googleapis.com/compute/v1/projects/multicloud-kubernetes/regions/us-east1/forwardingRules/fr-esp",
            "service_label": "",
            "service_name": "",
            "subnetwork": "",
            "target": "https://www.googleapis.com/compute/v1/projects/multicloud-kubernetes/regions/us-east1/targetVpnGateways/gcp-vpn-gw-us-east1",
            "timeouts": null
          },
          "private": "eyJlMmJmYjczMC1lY2FhLTExZTYtOGY4OC0zNDM2M2JjN2M0YzAiOnsiY3JlYXRlIjoyNDAwMDAwMDAwMDAsImRlbGV0ZSI6MjQwMDAwMDAwMDAwLCJ1cGRhdGUiOjI0MDAwMDAwMDAwMH19",
          "depends_on": [
            "google_compute_address.gcp-vpn-ip",
            "google_compute_vpn_gateway.gcp-vpn-gw"
          ]
        }
      ]
    },
    {
      "mode": "managed",
      "type": "google_compute_forwarding_rule",
      "name": "fr_udp4500",
      "provider": "provider.google",
      "instances": [
        {
          "schema_version": 0,
          "attributes": {
            "all_ports": false,
            "backend_service": "",
            "creation_timestamp": "2019-11-27T01:37:32.737-08:00",
            "description": "",
            "id": "projects/multicloud-kubernetes/regions/us-east1/forwardingRules/fr-udp4500",
            "ip_address": "35.196.110.42",
            "ip_protocol": "UDP",
            "ip_version": null,
            "load_balancing_scheme": "EXTERNAL",
            "name": "fr-udp4500",
            "network": "",
            "network_tier": "PREMIUM",
            "port_range": "4500-4500",
            "ports": null,
            "project": "multicloud-kubernetes",
            "region": "us-east1",
            "self_link": "https://www.googleapis.com/compute/v1/projects/multicloud-kubernetes/regions/us-east1/forwardingRules/fr-udp4500",
            "service_label": "",
            "service_name": "",
            "subnetwork": "",
            "target": "https://www.googleapis.com/compute/v1/projects/multicloud-kubernetes/regions/us-east1/targetVpnGateways/gcp-vpn-gw-us-east1",
            "timeouts": null
          },
          "private": "eyJlMmJmYjczMC1lY2FhLTExZTYtOGY4OC0zNDM2M2JjN2M0YzAiOnsiY3JlYXRlIjoyNDAwMDAwMDAwMDAsImRlbGV0ZSI6MjQwMDAwMDAwMDAwLCJ1cGRhdGUiOjI0MDAwMDAwMDAwMH19",
          "depends_on": [
            "google_compute_address.gcp-vpn-ip",
            "google_compute_vpn_gateway.gcp-vpn-gw"
          ]
        }
      ]
    },
    {
      "mode": "managed",
      "type": "google_compute_forwarding_rule",
      "name": "fr_udp500",
      "provider": "provider.google",
      "instances": [
        {
          "schema_version": 0,
          "attributes": {
            "all_ports": false,
            "backend_service": "",
            "creation_timestamp": "2019-11-27T01:37:30.485-08:00",
            "description": "",
            "id": "projects/multicloud-kubernetes/regions/us-east1/forwardingRules/fr-udp500",
            "ip_address": "35.196.110.42",
            "ip_protocol": "UDP",
            "ip_version": null,
            "load_balancing_scheme": "EXTERNAL",
            "name": "fr-udp500",
            "network": "",
            "network_tier": "PREMIUM",
            "port_range": "500-500",
            "ports": null,
            "project": "multicloud-kubernetes",
            "region": "us-east1",
            "self_link": "https://www.googleapis.com/compute/v1/projects/multicloud-kubernetes/regions/us-east1/forwardingRules/fr-udp500",
            "service_label": "",
            "service_name": "",
            "subnetwork": "",
            "target": "https://www.googleapis.com/compute/v1/projects/multicloud-kubernetes/regions/us-east1/targetVpnGateways/gcp-vpn-gw-us-east1",
            "timeouts": null
          },
          "private": "eyJlMmJmYjczMC1lY2FhLTExZTYtOGY4OC0zNDM2M2JjN2M0YzAiOnsiY3JlYXRlIjoyNDAwMDAwMDAwMDAsImRlbGV0ZSI6MjQwMDAwMDAwMDAwLCJ1cGRhdGUiOjI0MDAwMDAwMDAwMH19",
          "depends_on": [
            "google_compute_address.gcp-vpn-ip",
            "google_compute_vpn_gateway.gcp-vpn-gw"
          ]
        }
      ]
    },
    {
      "mode": "managed",
      "type": "google_compute_instance",
      "name": "controller_instance",
      "provider": "provider.google",
      "instances": [
        {
          "schema_version": 6,
          "attributes": {
            "allow_stopping_for_update": null,
            "attached_disk": [],
            "boot_disk": [
              {
                "auto_delete": true,
                "device_name": "persistent-disk-0",
                "disk_encryption_key_raw": "",
                "disk_encryption_key_sha256": "",
                "initialize_params": [
                  {
                    "image": "https://www.googleapis.com/compute/v1/projects/ubuntu-os-cloud/global/images/ubuntu-1804-bionic-v20190403",
                    "labels": {},
                    "size": 50,
                    "type": "pd-standard"
                  }
                ],
                "kms_key_self_link": "",
                "mode": "READ_WRITE",
                "source": "https://www.googleapis.com/compute/v1/projects/multicloud-kubernetes/zones/us-east1-b/disks/dlos-controller"
              }
            ],
            "can_ip_forward": false,
            "cpu_platform": "Intel Haswell",
            "deletion_protection": false,
            "description": "",
            "enable_display": false,
            "guest_accelerator": [],
            "hostname": "",
            "id": "projects/multicloud-kubernetes/zones/us-east1-b/instances/dlos-controller",
            "instance_id": "7887732884695678239",
            "label_fingerprint": "q9gzQtZ16FA=",
            "labels": {
              "businessunit": "dlos",
              "cloud": "gcp",
              "component": "controller",
              "name": "dlos-development-controller",
              "owner": "chitender_kumar",
              "project": "dlos",
              "technologyunit": "infrastructure"
            },
            "machine_type": "f1-micro",
            "metadata": {
              "ssh-keys": "dlos:ssh-rsa AAAAB3NzaC1yc2EAAAADAQABAAABAQDRPjE9xyM6rMakE16M5qRpl/cVJ2q+H453v4fC1oYDSxRumDerYTkNpedYI+qdLr+hIHv92CPtBDW84z7rF8ctGg7vKdWxk2AYxLFTtmS7r5oO2WE7Tx4ZGa8rVjzm94Jsxeblcz4v/9GDWX935mLXHyhgKr6SS8Nq/D+tgzoY8ta2Q/ZXpzLEM+uw23uPkJ+v1X8+ZyGX9oha9A8XM1vSLNmHD+A+jM0wiFyPS3MR1CWistJM6wJJo/EqigDran8P4y6KK19NP9YlRiK2pY/C5RmD4Q9pA/hZ6E+CcM1S2+o01QCmTzLtsQw7sspS0HgVJCyVp164A3psFPvjzf2f delhivery@DV-LT-N-017992.local\n"
            },
            "metadata_fingerprint": "3aL3Q-CO1Qw=",
            "metadata_startup_script": "sudo apt-get update; sudo apt-get install -yq build-essential python-pip rsync; pip install flask",
            "min_cpu_platform": "",
            "name": "dlos-controller",
            "network_interface": [
              {
                "access_config": [
                  {
                    "nat_ip": "35.196.70.28",
                    "network_tier": "PREMIUM",
                    "public_ptr_domain_name": ""
                  }
                ],
                "alias_ip_range": [],
                "name": "nic0",
                "network": "https://www.googleapis.com/compute/v1/projects/multicloud-kubernetes/global/networks/dlos-development-vpc",
                "network_ip": "10.2.1.11",
                "subnetwork": "https://www.googleapis.com/compute/v1/projects/multicloud-kubernetes/regions/us-east1/subnetworks/dlos-development-controller",
                "subnetwork_project": "multicloud-kubernetes"
              }
            ],
            "project": "multicloud-kubernetes",
            "scheduling": [
              {
                "automatic_restart": true,
                "node_affinities": [],
                "on_host_maintenance": "MIGRATE",
                "preemptible": false
              }
            ],
            "scratch_disk": [],
            "self_link": "https://www.googleapis.com/compute/v1/projects/multicloud-kubernetes/zones/us-east1-b/instances/dlos-controller",
            "service_account": [],
            "shielded_instance_config": [],
            "tags": [
              "controller",
              "ssh"
            ],
            "tags_fingerprint": "mgRAEDvxWLc=",
            "timeouts": null,
            "zone": "us-east1-b"
          },
          "private": "eyJlMmJmYjczMC1lY2FhLTExZTYtOGY4OC0zNDM2M2JjN2M0YzAiOnsiY3JlYXRlIjoxMjAwMDAwMDAwMDAwLCJkZWxldGUiOjEyMDAwMDAwMDAwMDAsInVwZGF0ZSI6MTIwMDAwMDAwMDAwMH0sInNjaGVtYV92ZXJzaW9uIjoiNiJ9",
          "depends_on": [
            "google_compute_address.static_controller",
            "google_compute_subnetwork.controller"
          ]
        }
      ]
    },
    {
      "mode": "managed",
      "type": "google_compute_network",
      "name": "vpc_three",
      "provider": "provider.google",
      "instances": [
        {
          "schema_version": 0,
          "attributes": {
            "auto_create_subnetworks": false,
            "delete_default_routes_on_create": false,
            "description": "",
            "gateway_ipv4": "",
            "id": "projects/multicloud-kubernetes/global/networks/dlos-development-vpc",
            "ipv4_range": null,
            "name": "dlos-development-vpc",
            "project": "multicloud-kubernetes",
            "routing_mode": "GLOBAL",
            "self_link": "https://www.googleapis.com/compute/v1/projects/multicloud-kubernetes/global/networks/dlos-development-vpc",
            "timeouts": null
          },
          "private": "eyJlMmJmYjczMC1lY2FhLTExZTYtOGY4OC0zNDM2M2JjN2M0YzAiOnsiY3JlYXRlIjoyNDAwMDAwMDAwMDAsImRlbGV0ZSI6MjQwMDAwMDAwMDAwLCJ1cGRhdGUiOjI0MDAwMDAwMDAwMH19"
        }
      ]
    },
    {
      "mode": "managed",
      "type": "google_compute_router",
      "name": "gcp-router1",
      "provider": "provider.google",
      "instances": [
        {
          "schema_version": 0,
          "attributes": {
            "bgp": [
              {
                "advertise_mode": "DEFAULT",
                "advertised_groups": null,
                "advertised_ip_ranges": [],
                "asn": 65000
              }
            ],
            "creation_timestamp": "2019-11-27T01:37:27.563-08:00",
            "description": "",
            "id": "projects/multicloud-kubernetes/regions/us-east1/routers/gcp-router1",
            "name": "gcp-router1",
            "network": "https://www.googleapis.com/compute/v1/projects/multicloud-kubernetes/global/networks/dlos-development-vpc",
            "project": "multicloud-kubernetes",
            "region": "us-east1",
            "self_link": "https://www.googleapis.com/compute/v1/projects/multicloud-kubernetes/regions/us-east1/routers/gcp-router1",
            "timeouts": null
          },
          "private": "eyJlMmJmYjczMC1lY2FhLTExZTYtOGY4OC0zNDM2M2JjN2M0YzAiOnsiY3JlYXRlIjoyNDAwMDAwMDAwMDAsImRlbGV0ZSI6MjQwMDAwMDAwMDAwLCJ1cGRhdGUiOjI0MDAwMDAwMDAwMH19",
          "depends_on": [
            "aws_customer_gateway.aws-cgw-vpc-two",
            "google_compute_network.vpc_three"
          ]
        }
      ]
    },
    {
      "mode": "managed",
      "type": "google_compute_router",
      "name": "gcp-router2",
      "provider": "provider.google",
      "instances": [
        {
          "schema_version": 0,
          "attributes": {
            "bgp": [
              {
                "advertise_mode": "DEFAULT",
                "advertised_groups": null,
                "advertised_ip_ranges": [],
                "asn": 65000
              }
            ],
            "creation_timestamp": "2019-11-27T01:37:32.797-08:00",
            "description": "",
            "id": "projects/multicloud-kubernetes/regions/us-east1/routers/gcp-router2",
            "name": "gcp-router2",
            "network": "https://www.googleapis.com/compute/v1/projects/multicloud-kubernetes/global/networks/dlos-development-vpc",
            "project": "multicloud-kubernetes",
            "region": "us-east1",
            "self_link": "https://www.googleapis.com/compute/v1/projects/multicloud-kubernetes/regions/us-east1/routers/gcp-router2",
            "timeouts": null
          },
          "private": "eyJlMmJmYjczMC1lY2FhLTExZTYtOGY4OC0zNDM2M2JjN2M0YzAiOnsiY3JlYXRlIjoyNDAwMDAwMDAwMDAsImRlbGV0ZSI6MjQwMDAwMDAwMDAwLCJ1cGRhdGUiOjI0MDAwMDAwMDAwMH19",
          "depends_on": [
            "aws_customer_gateway.aws-cgw-vpc-one",
            "google_compute_network.vpc_three"
          ]
        }
      ]
    },
    {
      "mode": "managed",
      "type": "google_compute_router_interface",
      "name": "router_interface1",
      "provider": "provider.google",
      "instances": [
        {
          "schema_version": 0,
          "attributes": {
            "id": "us-east1/gcp-router1/gcp-to-aws-interface1",
            "interconnect_attachment": "",
            "ip_range": "169.254.165.218/30",
            "name": "gcp-to-aws-interface1",
            "project": "multicloud-kubernetes",
            "region": "us-east1",
            "router": "gcp-router1",
            "vpn_tunnel": "https://www.googleapis.com/compute/v1/projects/multicloud-kubernetes/regions/us-east1/vpnTunnels/gcp-tunnel1"
          },
          "private": "bnVsbA==",
          "depends_on": [
            "aws_vpn_connection.aws-vpn-connection-vpc-two",
            "google_compute_router.gcp-router1",
            "google_compute_vpn_tunnel.gcp-tunnel1"
          ]
        }
      ]
    },
    {
      "mode": "managed",
      "type": "google_compute_router_interface",
      "name": "router_interface2",
      "provider": "provider.google",
      "instances": [
        {
          "schema_version": 0,
          "attributes": {
            "id": "us-east1/gcp-router2/gcp-to-aws-interface2",
            "interconnect_attachment": "",
            "ip_range": "169.254.83.54/30",
            "name": "gcp-to-aws-interface2",
            "project": "multicloud-kubernetes",
            "region": "us-east1",
            "router": "gcp-router2",
            "vpn_tunnel": "https://www.googleapis.com/compute/v1/projects/multicloud-kubernetes/regions/us-east1/vpnTunnels/gcp-tunnel2"
          },
          "private": "bnVsbA==",
          "depends_on": [
            "aws_vpn_connection.aws-vpn-connection-vpc-one",
            "google_compute_router.gcp-router2",
            "google_compute_vpn_tunnel.gcp-tunnel2"
          ]
        }
      ]
    },
    {
      "mode": "managed",
      "type": "google_compute_router_peer",
      "name": "gcp-router1-peer",
      "provider": "provider.google",
      "instances": [
        {
          "schema_version": 0,
          "attributes": {
            "advertise_mode": "DEFAULT",
            "advertised_groups": null,
            "advertised_ip_ranges": [],
            "advertised_route_priority": 0,
            "id": "us-east1/gcp-router1/gcp-to-aws-bgp1",
            "interface": "gcp-to-aws-interface1",
            "ip_address": "169.254.165.218",
            "name": "gcp-to-aws-bgp1",
            "peer_asn": 64512,
            "peer_ip_address": "169.254.165.217",
            "project": "multicloud-kubernetes",
            "region": "us-east1",
            "router": "gcp-router1"
          },
          "private": "bnVsbA==",
          "depends_on": [
            "aws_vpn_connection.aws-vpn-connection-vpc-two",
            "google_compute_router.gcp-router1",
            "google_compute_router_interface.router_interface1"
          ]
        }
      ]
    },
    {
      "mode": "managed",
      "type": "google_compute_router_peer",
      "name": "gcp-router2-peer",
      "provider": "provider.google",
      "instances": [
        {
          "schema_version": 0,
          "attributes": {
            "advertise_mode": "DEFAULT",
            "advertised_groups": null,
            "advertised_ip_ranges": [],
            "advertised_route_priority": 0,
            "id": "us-east1/gcp-router2/gcp-to-aws-bgp2",
            "interface": "gcp-to-aws-interface2",
            "ip_address": "169.254.83.54",
            "name": "gcp-to-aws-bgp2",
            "peer_asn": 64512,
            "peer_ip_address": "169.254.83.53",
            "project": "multicloud-kubernetes",
            "region": "us-east1",
            "router": "gcp-router2"
          },
          "private": "bnVsbA==",
          "depends_on": [
            "aws_vpn_connection.aws-vpn-connection-vpc-one",
            "google_compute_router.gcp-router2",
            "google_compute_router_interface.router_interface2"
          ]
        }
      ]
    },
    {
      "mode": "managed",
      "type": "google_compute_subnetwork",
      "name": "controller",
      "provider": "provider.google",
      "instances": [
        {
          "schema_version": 0,
          "attributes": {
            "creation_timestamp": "2019-11-27T01:37:25.777-08:00",
            "description": "",
            "enable_flow_logs": null,
            "fingerprint": "2OfR0yBAJUQ=",
            "gateway_address": "10.2.1.1",
            "id": "projects/multicloud-kubernetes/regions/us-east1/subnetworks/dlos-development-controller",
            "ip_cidr_range": "10.2.1.0/24",
            "log_config": [],
            "name": "dlos-development-controller",
            "network": "https://www.googleapis.com/compute/v1/projects/multicloud-kubernetes/global/networks/dlos-development-vpc",
            "private_ip_google_access": false,
            "project": "multicloud-kubernetes",
            "region": "us-east1",
            "secondary_ip_range": [],
            "self_link": "https://www.googleapis.com/compute/v1/projects/multicloud-kubernetes/regions/us-east1/subnetworks/dlos-development-controller",
            "timeouts": null
          },
          "private": "eyJlMmJmYjczMC1lY2FhLTExZTYtOGY4OC0zNDM2M2JjN2M0YzAiOnsiY3JlYXRlIjozNjAwMDAwMDAwMDAsImRlbGV0ZSI6MzYwMDAwMDAwMDAwLCJ1cGRhdGUiOjM2MDAwMDAwMDAwMH19",
          "depends_on": [
            "google_compute_network.vpc_three"
          ]
        }
      ]
    },
    {
      "mode": "managed",
      "type": "google_compute_subnetwork",
      "name": "worker",
      "provider": "provider.google",
      "instances": [
        {
          "schema_version": 0,
          "attributes": {
            "creation_timestamp": "2019-11-27T01:37:25.891-08:00",
            "description": "",
            "enable_flow_logs": null,
            "fingerprint": "3zZGF5nE86w=",
            "gateway_address": "10.2.2.1",
            "id": "projects/multicloud-kubernetes/regions/us-east1/subnetworks/dlos-development-worker",
            "ip_cidr_range": "10.2.2.0/24",
            "log_config": [],
            "name": "dlos-development-worker",
            "network": "https://www.googleapis.com/compute/v1/projects/multicloud-kubernetes/global/networks/dlos-development-vpc",
            "private_ip_google_access": false,
            "project": "multicloud-kubernetes",
            "region": "us-east1",
            "secondary_ip_range": [],
            "self_link": "https://www.googleapis.com/compute/v1/projects/multicloud-kubernetes/regions/us-east1/subnetworks/dlos-development-worker",
            "timeouts": null
          },
          "private": "eyJlMmJmYjczMC1lY2FhLTExZTYtOGY4OC0zNDM2M2JjN2M0YzAiOnsiY3JlYXRlIjozNjAwMDAwMDAwMDAsImRlbGV0ZSI6MzYwMDAwMDAwMDAwLCJ1cGRhdGUiOjM2MDAwMDAwMDAwMH19",
          "depends_on": [
            "google_compute_network.vpc_three"
          ]
        }
      ]
    },
    {
      "mode": "managed",
      "type": "google_compute_vpn_gateway",
      "name": "gcp-vpn-gw",
      "provider": "provider.google",
      "instances": [
        {
          "schema_version": 0,
          "attributes": {
            "creation_timestamp": "2019-11-27T01:37:25.730-08:00",
            "description": "",
            "gateway_id": 5592065576424176954,
            "id": "projects/multicloud-kubernetes/regions/us-east1/targetVpnGateways/gcp-vpn-gw-us-east1",
            "name": "gcp-vpn-gw-us-east1",
            "network": "https://www.googleapis.com/compute/v1/projects/multicloud-kubernetes/global/networks/dlos-development-vpc",
            "project": "multicloud-kubernetes",
            "region": "us-east1",
            "self_link": "https://www.googleapis.com/compute/v1/projects/multicloud-kubernetes/regions/us-east1/targetVpnGateways/gcp-vpn-gw-us-east1",
            "timeouts": null
          },
          "private": "eyJlMmJmYjczMC1lY2FhLTExZTYtOGY4OC0zNDM2M2JjN2M0YzAiOnsiY3JlYXRlIjoyNDAwMDAwMDAwMDAsImRlbGV0ZSI6MjQwMDAwMDAwMDAwfX0=",
          "depends_on": [
            "google_compute_network.vpc_three"
          ]
        }
      ]
    },
    {
      "mode": "managed",
      "type": "google_compute_vpn_tunnel",
      "name": "gcp-tunnel1",
      "provider": "provider.google",
      "instances": [
        {
          "schema_version": 0,
          "attributes": {
            "creation_timestamp": "2019-11-27T01:41:41.716-08:00",
            "description": "",
            "detailed_status": "Allocating resources. VPN tunnel will start soon.",
            "id": "projects/multicloud-kubernetes/regions/us-east1/vpnTunnels/gcp-tunnel1",
            "ike_version": 1,
            "local_traffic_selector": [
              "0.0.0.0/0"
            ],
            "name": "gcp-tunnel1",
            "peer_ip": "18.220.21.190",
            "project": "multicloud-kubernetes",
            "region": "us-east1",
            "remote_traffic_selector": [
              "0.0.0.0/0"
            ],
            "router": "https://www.googleapis.com/compute/v1/projects/multicloud-kubernetes/regions/us-east1/routers/gcp-router1",
            "self_link": "https://www.googleapis.com/compute/v1/projects/multicloud-kubernetes/regions/us-east1/vpnTunnels/gcp-tunnel1",
            "shared_secret": "ipwnosvAgsS_7IhYgIKqRQcj2T2HCCRq",
            "shared_secret_hash": "ABo55-q-iVRyCifZuMs770BsuKr6",
            "target_vpn_gateway": "https://www.googleapis.com/compute/v1/projects/multicloud-kubernetes/regions/us-east1/targetVpnGateways/gcp-vpn-gw-us-east1",
            "timeouts": null,
            "tunnel_id": "6674329891144727098"
          },
          "private": "eyJlMmJmYjczMC1lY2FhLTExZTYtOGY4OC0zNDM2M2JjN2M0YzAiOnsiY3JlYXRlIjoyNDAwMDAwMDAwMDAsImRlbGV0ZSI6MjQwMDAwMDAwMDAwfX0=",
          "depends_on": [
            "aws_vpn_connection.aws-vpn-connection-vpc-two",
            "google_compute_forwarding_rule.fr_esp",
            "google_compute_forwarding_rule.fr_udp4500",
            "google_compute_forwarding_rule.fr_udp500",
            "google_compute_router.gcp-router1",
            "google_compute_vpn_gateway.gcp-vpn-gw"
          ]
        }
      ]
    },
    {
      "mode": "managed",
      "type": "google_compute_vpn_tunnel",
      "name": "gcp-tunnel2",
      "provider": "provider.google",
      "instances": [
        {
          "schema_version": 0,
          "attributes": {
            "creation_timestamp": "2019-11-27T01:41:03.283-08:00",
            "description": "",
            "detailed_status": "Initial handshake",
            "id": "projects/multicloud-kubernetes/regions/us-east1/vpnTunnels/gcp-tunnel2",
            "ike_version": 1,
            "local_traffic_selector": [
              "0.0.0.0/0"
            ],
            "name": "gcp-tunnel2",
            "peer_ip": "34.226.47.40",
            "project": "multicloud-kubernetes",
            "region": "us-east1",
            "remote_traffic_selector": [
              "0.0.0.0/0"
            ],
            "router": "https://www.googleapis.com/compute/v1/projects/multicloud-kubernetes/regions/us-east1/routers/gcp-router2",
            "self_link": "https://www.googleapis.com/compute/v1/projects/multicloud-kubernetes/regions/us-east1/vpnTunnels/gcp-tunnel2",
            "shared_secret": "Y_fZpuOkg2gt4M8D1_098lxmkfP3Hr7w",
            "shared_secret_hash": "AK7wCGsO6MUbW95zEp-ty6mLII68",
            "target_vpn_gateway": "https://www.googleapis.com/compute/v1/projects/multicloud-kubernetes/regions/us-east1/targetVpnGateways/gcp-vpn-gw-us-east1",
            "timeouts": null,
            "tunnel_id": "3726701274783283776"
          },
          "private": "eyJlMmJmYjczMC1lY2FhLTExZTYtOGY4OC0zNDM2M2JjN2M0YzAiOnsiY3JlYXRlIjoyNDAwMDAwMDAwMDAsImRlbGV0ZSI6MjQwMDAwMDAwMDAwfX0=",
          "depends_on": [
            "aws_vpn_connection.aws-vpn-connection-vpc-one",
            "google_compute_forwarding_rule.fr_esp",
            "google_compute_forwarding_rule.fr_udp4500",
            "google_compute_forwarding_rule.fr_udp500",
            "google_compute_router.gcp-router2",
            "google_compute_vpn_gateway.gcp-vpn-gw"
          ]
        }
      ]
    }
  ]
}
