{
  "version": 4,
  "terraform_version": "0.12.2",
  "serial": 2306,
  "lineage": "da38365c-f369-4f7e-dbd3-e84f3939d961",
  "outputs": {},
  "resources": [
    {
      "mode": "data",
      "type": "aws_ami",
      "name": "ubuntu_vpc_one",
      "provider": "provider.aws",
      "instances": [
        {
          "schema_version": 0,
          "attributes": {
            "architecture": "x86_64",
            "block_device_mappings": [
              {
                "device_name": "/dev/sda1",
                "ebs": {
                  "delete_on_termination": "true",
                  "encrypted": "false",
                  "iops": "0",
                  "snapshot_id": "snap-029907fe15340e01b",
                  "volume_size": "8",
                  "volume_type": "gp2"
                },
                "no_device": "",
                "virtual_name": ""
              },
              {
                "device_name": "/dev/sdb",
                "ebs": {},
                "no_device": "",
                "virtual_name": "ephemeral0"
              },
              {
                "device_name": "/dev/sdc",
                "ebs": {},
                "no_device": "",
                "virtual_name": "ephemeral1"
              }
            ],
            "creation_date": "2019-11-13T19:28:03.000Z",
            "description": "Canonical, Ubuntu, 18.04 LTS, amd64 bionic image build on 2019-11-13",
            "executable_users": null,
            "filter": [
              {
                "name": "name",
                "values": [
                  "ubuntu/images/hvm-ssd/ubuntu-bionic-18.04-amd64-server-*"
                ]
              },
              {
                "name": "virtualization-type",
                "values": [
                  "hvm"
                ]
              }
            ],
            "hypervisor": "xen",
            "id": "ami-00a208c7cdba991ea",
            "image_id": "ami-00a208c7cdba991ea",
            "image_location": "099720109477/ubuntu/images/hvm-ssd/ubuntu-bionic-18.04-amd64-server-20191113",
            "image_owner_alias": null,
            "image_type": "machine",
            "kernel_id": null,
            "most_recent": true,
            "name": "ubuntu/images/hvm-ssd/ubuntu-bionic-18.04-amd64-server-20191113",
            "name_regex": null,
            "owner_id": "099720109477",
            "owners": [
              "099720109477"
            ],
            "platform": null,
            "product_codes": [],
            "public": true,
            "ramdisk_id": null,
            "root_device_name": "/dev/sda1",
            "root_device_type": "ebs",
            "root_snapshot_id": "snap-029907fe15340e01b",
            "sriov_net_support": "simple",
            "state": "available",
            "state_reason": {
              "code": "UNSET",
              "message": "UNSET"
            },
            "tags": {},
            "virtualization_type": "hvm"
          }
        }
      ]
    },
    {
      "mode": "data",
      "type": "aws_ami",
      "name": "ubuntu_vpc_two",
      "provider": "provider.aws.ohio",
      "instances": [
        {
          "schema_version": 0,
          "attributes": {
            "architecture": "x86_64",
            "block_device_mappings": [
              {
                "device_name": "/dev/sda1",
                "ebs": {
                  "delete_on_termination": "true",
                  "encrypted": "false",
                  "iops": "0",
                  "snapshot_id": "snap-01273c49033a52354",
                  "volume_size": "8",
                  "volume_type": "gp2"
                },
                "no_device": "",
                "virtual_name": ""
              },
              {
                "device_name": "/dev/sdb",
                "ebs": {},
                "no_device": "",
                "virtual_name": "ephemeral0"
              },
              {
                "device_name": "/dev/sdc",
                "ebs": {},
                "no_device": "",
                "virtual_name": "ephemeral1"
              }
            ],
            "creation_date": "2019-11-13T19:28:18.000Z",
            "description": "Canonical, Ubuntu, 18.04 LTS, amd64 bionic image build on 2019-11-13",
            "executable_users": null,
            "filter": [
              {
                "name": "name",
                "values": [
                  "ubuntu/images/hvm-ssd/ubuntu-bionic-18.04-amd64-server-*"
                ]
              },
              {
                "name": "virtualization-type",
                "values": [
                  "hvm"
                ]
              }
            ],
            "hypervisor": "xen",
            "id": "ami-059d836af932792c3",
            "image_id": "ami-059d836af932792c3",
            "image_location": "099720109477/ubuntu/images/hvm-ssd/ubuntu-bionic-18.04-amd64-server-20191113",
            "image_owner_alias": null,
            "image_type": "machine",
            "kernel_id": null,
            "most_recent": true,
            "name": "ubuntu/images/hvm-ssd/ubuntu-bionic-18.04-amd64-server-20191113",
            "name_regex": null,
            "owner_id": "099720109477",
            "owners": [
              "099720109477"
            ],
            "platform": null,
            "product_codes": [],
            "public": true,
            "ramdisk_id": null,
            "root_device_name": "/dev/sda1",
            "root_device_type": "ebs",
            "root_snapshot_id": "snap-01273c49033a52354",
            "sriov_net_support": "simple",
            "state": "available",
            "state_reason": {
              "code": "UNSET",
              "message": "UNSET"
            },
            "tags": {},
            "virtualization_type": "hvm"
          }
        }
      ]
    },
    {
      "mode": "managed",
      "type": "aws_autoscaling_group",
      "name": "vpc_one_worker",
      "provider": "provider.aws",
      "instances": [
        {
          "schema_version": 0,
          "attributes": {
            "arn": "arn:aws:autoscaling:us-east-1:086341552770:autoScalingGroup:3ac9c1c8-a900-46df-80bb-773767fee52d:autoScalingGroupName/dlos-worker20191127185737085000000003",
            "availability_zones": [
              "us-east-1e"
            ],
            "default_cooldown": 300,
            "desired_capacity": 1,
            "enabled_metrics": null,
            "force_delete": false,
            "health_check_grace_period": 300,
            "health_check_type": "EC2",
            "id": "dlos-worker20191127185737085000000003",
            "initial_lifecycle_hook": [],
            "launch_configuration": "dlos-worker20191127185730019900000002",
            "launch_template": [],
            "load_balancers": [],
            "max_size": 2,
            "metrics_granularity": "1Minute",
            "min_elb_capacity": null,
            "min_size": 1,
            "mixed_instances_policy": [],
            "name": "dlos-worker20191127185737085000000003",
            "name_prefix": "dlos-worker",
            "placement_group": "",
            "protect_from_scale_in": false,
            "service_linked_role_arn": "arn:aws:iam::086341552770:role/aws-service-role/autoscaling.amazonaws.com/AWSServiceRoleForAutoScaling",
            "suspended_processes": null,
            "tag": [],
            "tags": [
              {
                "key": "Name",
                "propagate_at_launch": "true",
                "value": "dlos-development-Worker"
              },
              {
                "key": "Project",
                "propagate_at_launch": "true",
                "value": "dlos"
              },
              {
                "key": "TechnologyUnit",
                "propagate_at_launch": "true",
                "value": "infrastructure"
              },
              {
                "key": "BusinessUnit",
                "propagate_at_launch": "true",
                "value": "dlos"
              },
              {
                "key": "Owner",
                "propagate_at_launch": "true",
                "value": "chitender_kumar"
              },
              {
                "key": "Cloud",
                "propagate_at_launch": "true",
                "value": "AWS"
              },
              {
                "key": "Component",
                "propagate_at_launch": "true",
                "value": "worker"
              }
            ],
            "target_group_arns": [],
            "termination_policies": null,
            "timeouts": null,
            "vpc_zone_identifier": [
              "subnet-06d2576a216c638bb"
            ],
            "wait_for_capacity_timeout": "10m",
            "wait_for_elb_capacity": null
          },
          "private": "eyJlMmJmYjczMC1lY2FhLTExZTYtOGY4OC0zNDM2M2JjN2M0YzAiOnsiZGVsZXRlIjo2MDAwMDAwMDAwMDB9fQ==",
          "depends_on": [
            "aws_launch_configuration.vpc_one_worker",
            "aws_subnet.vpc_one_worker",
            "google_compute_forwarding_rule.fr_esp",
            "google_compute_forwarding_rule.fr_udp4500",
            "google_compute_forwarding_rule.fr_udp500"
          ]
        }
      ]
    },
    {
      "mode": "managed",
      "type": "aws_autoscaling_group",
      "name": "vpc_two_worker",
      "provider": "provider.aws.ohio",
      "instances": [
        {
          "schema_version": 0,
          "attributes": {
            "arn": "arn:aws:autoscaling:us-east-2:086341552770:autoScalingGroup:3624c981-dd2d-418b-a6b8-4bca6cd6356d:autoScalingGroupName/dlos-worker20191127185755990400000002",
            "availability_zones": [
              "us-east-2b"
            ],
            "default_cooldown": 300,
            "desired_capacity": 1,
            "enabled_metrics": null,
            "force_delete": false,
            "health_check_grace_period": 300,
            "health_check_type": "EC2",
            "id": "dlos-worker20191127185755990400000002",
            "initial_lifecycle_hook": [],
            "launch_configuration": "dlos-worker20191127185740936300000001",
            "launch_template": [],
            "load_balancers": [],
            "max_size": 2,
            "metrics_granularity": "1Minute",
            "min_elb_capacity": null,
            "min_size": 1,
            "mixed_instances_policy": [],
            "name": "dlos-worker20191127185755990400000002",
            "name_prefix": "dlos-worker",
            "placement_group": "",
            "protect_from_scale_in": false,
            "service_linked_role_arn": "arn:aws:iam::086341552770:role/aws-service-role/autoscaling.amazonaws.com/AWSServiceRoleForAutoScaling",
            "suspended_processes": null,
            "tag": [],
            "tags": [
              {
                "key": "Name",
                "propagate_at_launch": "true",
                "value": "dlos-development-Worker"
              },
              {
                "key": "Project",
                "propagate_at_launch": "true",
                "value": "dlos"
              },
              {
                "key": "TechnologyUnit",
                "propagate_at_launch": "true",
                "value": "infrastructure"
              },
              {
                "key": "BusinessUnit",
                "propagate_at_launch": "true",
                "value": "dlos"
              },
              {
                "key": "Owner",
                "propagate_at_launch": "true",
                "value": "chitender_kumar"
              },
              {
                "key": "Cloud",
                "propagate_at_launch": "true",
                "value": "AWS"
              },
              {
                "key": "Component",
                "propagate_at_launch": "true",
                "value": "worker"
              }
            ],
            "target_group_arns": [],
            "termination_policies": null,
            "timeouts": null,
            "vpc_zone_identifier": [
              "subnet-02b95827373b0f676"
            ],
            "wait_for_capacity_timeout": "10m",
            "wait_for_elb_capacity": null
          },
          "private": "eyJlMmJmYjczMC1lY2FhLTExZTYtOGY4OC0zNDM2M2JjN2M0YzAiOnsiZGVsZXRlIjo2MDAwMDAwMDAwMDB9fQ==",
          "depends_on": [
            "aws_launch_configuration.vpc_two_worker",
            "aws_subnet.vpc_two_worker",
            "google_compute_forwarding_rule.fr_esp",
            "google_compute_forwarding_rule.fr_udp4500",
            "google_compute_forwarding_rule.fr_udp500"
          ]
        }
      ]
    },
    {
      "mode": "managed",
      "type": "aws_customer_gateway",
      "name": "aws-cgw-vpc-one",
      "provider": "provider.aws",
      "instances": [
        {
          "schema_version": 0,
          "attributes": {
            "bgp_asn": 65000,
            "id": "cgw-07a7ce822dbba00b9",
            "ip_address": "35.196.110.42",
            "tags": {
              "BusinessUnit": "dlos",
              "Name": "DLOS-vpc_two",
              "Owner": "chitender_kumar",
              "Project": "dlos",
              "TechnologyUnit": "infrastructure"
            },
            "type": "ipsec.1"
          },
          "private": "bnVsbA==",
          "depends_on": [
            "google_compute_address.gcp-vpn-ip"
          ]
        }
      ]
    },
    {
      "mode": "managed",
      "type": "aws_customer_gateway",
      "name": "aws-cgw-vpc-two",
      "provider": "provider.aws.ohio",
      "instances": [
        {
          "schema_version": 0,
          "attributes": {
            "bgp_asn": 65000,
            "id": "cgw-0b9f370237ac28371",
            "ip_address": "35.196.110.42",
            "tags": {
              "BusinessUnit": "dlos",
              "Name": "DLOS-vpc_two",
              "Owner": "chitender_kumar",
              "Project": "dlos",
              "TechnologyUnit": "infrastructure"
            },
            "type": "ipsec.1"
          },
          "private": "bnVsbA==",
          "depends_on": [
            "google_compute_address.gcp-vpn-ip"
          ]
        }
      ]
    },
    {
      "mode": "managed",
      "type": "aws_eip",
      "name": "nat_one",
      "provider": "provider.aws",
      "instances": [
        {
          "schema_version": 0,
          "attributes": {
            "allocation_id": null,
            "associate_with_private_ip": null,
            "association_id": "",
            "domain": "vpc",
            "id": "eipalloc-099524f6cc4217953",
            "instance": "",
            "network_interface": "",
            "private_dns": null,
            "private_ip": "",
            "public_dns": "ec2-34-199-253-226.compute-1.amazonaws.com",
            "public_ip": "34.199.253.226",
            "public_ipv4_pool": "amazon",
            "tags": {
              "BusinessUnit": "dlos",
              "Name": "DLOS-NAT-ONE",
              "Owner": "chitender_kumar",
              "Project": "dlos",
              "TechnologyUnit": "infrastructure"
            },
            "timeouts": null,
            "vpc": true
          },
          "private": "eyJlMmJmYjczMC1lY2FhLTExZTYtOGY4OC0zNDM2M2JjN2M0YzAiOnsiZGVsZXRlIjoxODAwMDAwMDAwMDAsInJlYWQiOjkwMDAwMDAwMDAwMCwidXBkYXRlIjozMDAwMDAwMDAwMDB9fQ=="
        }
      ]
    },
    {
      "mode": "managed",
      "type": "aws_eip",
      "name": "nat_two",
      "provider": "provider.aws.ohio",
      "instances": [
        {
          "schema_version": 0,
          "attributes": {
            "allocation_id": null,
            "associate_with_private_ip": null,
            "association_id": "",
            "domain": "vpc",
            "id": "eipalloc-0a4f4cc9bd7af2a59",
            "instance": "",
            "network_interface": "",
            "private_dns": null,
            "private_ip": "",
            "public_dns": "ec2-3-136-136-116.us-east-2.compute.amazonaws.com",
            "public_ip": "3.136.136.116",
            "public_ipv4_pool": "amazon",
            "tags": {
              "BusinessUnit": "dlos",
              "Name": "DLOS-NAT-TWO",
              "Owner": "chitender_kumar",
              "Project": "dlos",
              "TechnologyUnit": "infrastructure"
            },
            "timeouts": null,
            "vpc": true
          },
          "private": "eyJlMmJmYjczMC1lY2FhLTExZTYtOGY4OC0zNDM2M2JjN2M0YzAiOnsiZGVsZXRlIjoxODAwMDAwMDAwMDAsInJlYWQiOjkwMDAwMDAwMDAwMCwidXBkYXRlIjozMDAwMDAwMDAwMDB9fQ=="
        }
      ]
    },
    {
      "mode": "managed",
      "type": "aws_eip",
      "name": "vpc_one_controller",
      "provider": "provider.aws",
      "instances": [
        {
          "schema_version": 0,
          "attributes": {
            "allocation_id": null,
            "associate_with_private_ip": "10.0.1.11",
            "association_id": "eipassoc-0299bc0a089bc3053",
            "domain": "vpc",
            "id": "eipalloc-0a849266d5050d1b3",
            "instance": "i-073b8fa105f649297",
            "network_interface": "eni-0f52551ca66530c2f",
            "private_dns": "ip-10-0-1-11.ec2.internal",
            "private_ip": "10.0.1.11",
            "public_dns": "ec2-54-174-240-142.compute-1.amazonaws.com",
            "public_ip": "54.174.240.142",
            "public_ipv4_pool": "amazon",
            "tags": {
              "BusinessUnit": "dlos",
              "Name": "DLOS-CONTROLLER-ONE",
              "Owner": "chitender_kumar",
              "Project": "dlos",
              "TechnologyUnit": "infrastructure"
            },
            "timeouts": null,
            "vpc": true
          },
          "private": "eyJlMmJmYjczMC1lY2FhLTExZTYtOGY4OC0zNDM2M2JjN2M0YzAiOnsiZGVsZXRlIjoxODAwMDAwMDAwMDAsInJlYWQiOjkwMDAwMDAwMDAwMCwidXBkYXRlIjozMDAwMDAwMDAwMDB9fQ==",
          "depends_on": [
            "aws_instance.vpc_one_controller",
            "aws_subnet.vpc_one_controller"
          ]
        }
      ]
    },
    {
      "mode": "managed",
      "type": "aws_eip",
      "name": "vpc_two_controller",
      "provider": "provider.aws.ohio",
      "instances": [
        {
          "schema_version": 0,
          "attributes": {
            "allocation_id": null,
            "associate_with_private_ip": "10.1.1.11",
            "association_id": "eipassoc-066a11f197c4daf23",
            "domain": "vpc",
            "id": "eipalloc-0f421afb93d408a77",
            "instance": "i-0fef371a1ab3acc19",
            "network_interface": "eni-010837d1ba84d09b9",
            "private_dns": "ip-10-1-1-11.us-east-2.compute.internal",
            "private_ip": "10.1.1.11",
            "public_dns": "ec2-3-136-55-219.us-east-2.compute.amazonaws.com",
            "public_ip": "3.136.55.219",
            "public_ipv4_pool": "amazon",
            "tags": {
              "BusinessUnit": "dlos",
              "Name": "DLOS-CONTROLLER-TWO",
              "Owner": "chitender_kumar",
              "Project": "dlos",
              "TechnologyUnit": "infrastructure"
            },
            "timeouts": null,
            "vpc": true
          },
          "private": "eyJlMmJmYjczMC1lY2FhLTExZTYtOGY4OC0zNDM2M2JjN2M0YzAiOnsiZGVsZXRlIjoxODAwMDAwMDAwMDAsInJlYWQiOjkwMDAwMDAwMDAwMCwidXBkYXRlIjozMDAwMDAwMDAwMDB9fQ==",
          "depends_on": [
            "aws_instance.vpc_two_controller",
            "aws_subnet.vpc_two_controller"
          ]
        }
      ]
    },
    {
      "mode": "managed",
      "type": "aws_instance",
      "name": "vpc_one_controller",
      "provider": "provider.aws",
      "instances": [
        {
          "schema_version": 1,
          "attributes": {
            "ami": "ami-00a208c7cdba991ea",
            "arn": "arn:aws:ec2:us-east-1:086341552770:instance/i-073b8fa105f649297",
            "associate_public_ip_address": false,
            "availability_zone": "us-east-1e",
            "cpu_core_count": 2,
            "cpu_threads_per_core": 1,
            "credit_specification": [
              {
                "cpu_credits": "standard"
              }
            ],
            "disable_api_termination": false,
            "ebs_block_device": [],
            "ebs_optimized": false,
            "ephemeral_block_device": [],
            "get_password_data": false,
            "host_id": null,
            "iam_instance_profile": "dlos-wrokers-ec2",
            "id": "i-073b8fa105f649297",
            "instance_initiated_shutdown_behavior": null,
            "instance_state": "running",
            "instance_type": "t2.medium",
            "ipv6_address_count": 0,
            "ipv6_addresses": [],
            "key_name": "dlos-key",
            "monitoring": false,
            "network_interface": [],
            "network_interface_id": null,
            "password_data": "",
            "placement_group": "",
            "primary_network_interface_id": "eni-0f52551ca66530c2f",
            "private_dns": "ip-10-0-1-11.ec2.internal",
            "private_ip": "10.0.1.11",
            "public_dns": "",
            "public_ip": "",
            "root_block_device": [
              {
                "delete_on_termination": true,
                "encrypted": false,
                "iops": 150,
                "kms_key_id": "",
                "volume_id": "vol-095115b15af028005",
                "volume_size": 50,
                "volume_type": "gp2"
              }
            ],
            "security_groups": [
              "sg-0a71c5e9267b50077"
            ],
            "source_dest_check": true,
            "subnet_id": "subnet-08d41454fa8e220c7",
            "tags": {
              "BusinessUnit": "dlos",
              "Cloud": "AWS",
              "Component": "controller",
              "Name": "dlos-development-controller",
              "Owner": "chitender_kumar",
              "Project": "dlos",
              "TechnologyUnit": "infrastructure",
              "TerminateOn": "2019-11-27 20:58:04 UTC"
            },
            "tenancy": "default",
            "timeouts": null,
            "user_data": "a3a66811ab16cbe8e1f93d6336973df3ddf6a31a",
            "user_data_base64": null,
            "volume_tags": {
              "BusinessUnit": "dlos",
              "Cloud": "AWS",
              "Component": "Controller",
              "Name": "dlos-development-Controller",
              "Owner": "chitender_kumar",
              "Project": "dlos",
              "TechnologyUnit": "infrastructure"
            },
            "vpc_security_group_ids": [
              "sg-0a71c5e9267b50077"
            ]
          },
          "private": "eyJlMmJmYjczMC1lY2FhLTExZTYtOGY4OC0zNDM2M2JjN2M0YzAiOnsiY3JlYXRlIjo2MDAwMDAwMDAwMDAsImRlbGV0ZSI6MTIwMDAwMDAwMDAwMCwidXBkYXRlIjo2MDAwMDAwMDAwMDB9LCJzY2hlbWFfdmVyc2lvbiI6IjEifQ==",
          "depends_on": [
            "aws_key_pair.vpc_one_deployer",
            "aws_security_group.vpc_one_controller",
            "aws_subnet.vpc_one_controller",
            "data.aws_ami.ubuntu_vpc_one",
            "google_compute_forwarding_rule.fr_esp",
            "google_compute_forwarding_rule.fr_udp4500",
            "google_compute_forwarding_rule.fr_udp500",
            "google_dns_record_set.gcp_etcd",
            "google_dns_record_set.gcp_kubeapi"
          ]
        }
      ]
    },
    {
      "mode": "managed",
      "type": "aws_instance",
      "name": "vpc_two_controller",
      "provider": "provider.aws.ohio",
      "instances": [
        {
          "schema_version": 1,
          "attributes": {
            "ami": "ami-059d836af932792c3",
            "arn": "arn:aws:ec2:us-east-2:086341552770:instance/i-0fef371a1ab3acc19",
            "associate_public_ip_address": false,
            "availability_zone": "us-east-2b",
            "cpu_core_count": 2,
            "cpu_threads_per_core": 1,
            "credit_specification": [
              {
                "cpu_credits": "standard"
              }
            ],
            "disable_api_termination": false,
            "ebs_block_device": [],
            "ebs_optimized": false,
            "ephemeral_block_device": [],
            "get_password_data": false,
            "host_id": null,
            "iam_instance_profile": "dlos-wrokers-ec2",
            "id": "i-0fef371a1ab3acc19",
            "instance_initiated_shutdown_behavior": null,
            "instance_state": "running",
            "instance_type": "t2.medium",
            "ipv6_address_count": 0,
            "ipv6_addresses": [],
            "key_name": "dlos-key",
            "monitoring": false,
            "network_interface": [],
            "network_interface_id": null,
            "password_data": "",
            "placement_group": "",
            "primary_network_interface_id": "eni-010837d1ba84d09b9",
            "private_dns": "ip-10-1-1-11.us-east-2.compute.internal",
            "private_ip": "10.1.1.11",
            "public_dns": "",
            "public_ip": "",
            "root_block_device": [
              {
                "delete_on_termination": true,
                "encrypted": false,
                "iops": 150,
                "kms_key_id": "",
                "volume_id": "vol-0f23da5d58bf2df31",
                "volume_size": 50,
                "volume_type": "gp2"
              }
            ],
            "security_groups": [
              "sg-080d4aa9674caf236"
            ],
            "source_dest_check": true,
            "subnet_id": "subnet-04ab6db08e2384e5c",
            "tags": {
              "BusinessUnit": "dlos",
              "Cloud": "AWS",
              "Component": "controller",
              "Name": "dlos-development-controller",
              "Owner": "chitender_kumar",
              "Project": "dlos",
              "TechnologyUnit": "infrastructure"
            },
            "tenancy": "default",
            "timeouts": null,
            "user_data": "a3a66811ab16cbe8e1f93d6336973df3ddf6a31a",
            "user_data_base64": null,
            "volume_tags": {
              "BusinessUnit": "dlos",
              "Cloud": "AWS",
              "Component": "Controller",
              "Name": "dlos-development-Controller",
              "Owner": "chitender_kumar",
              "Project": "dlos",
              "TechnologyUnit": "infrastructure"
            },
            "vpc_security_group_ids": [
              "sg-080d4aa9674caf236"
            ]
          },
          "private": "eyJlMmJmYjczMC1lY2FhLTExZTYtOGY4OC0zNDM2M2JjN2M0YzAiOnsiY3JlYXRlIjo2MDAwMDAwMDAwMDAsImRlbGV0ZSI6MTIwMDAwMDAwMDAwMCwidXBkYXRlIjo2MDAwMDAwMDAwMDB9LCJzY2hlbWFfdmVyc2lvbiI6IjEifQ==",
          "depends_on": [
            "aws_key_pair.vpc_two_deployer",
            "aws_security_group.vpc_two_controller",
            "aws_subnet.vpc_two_controller",
            "data.aws_ami.ubuntu_vpc_two",
            "google_compute_forwarding_rule.fr_esp",
            "google_compute_forwarding_rule.fr_udp4500",
            "google_compute_forwarding_rule.fr_udp500",
            "google_dns_record_set.gcp_etcd",
            "google_dns_record_set.gcp_kubeapi"
          ]
        }
      ]
    },
    {
      "mode": "managed",
      "type": "aws_internet_gateway",
      "name": "gw_one",
      "provider": "provider.aws",
      "instances": [
        {
          "schema_version": 0,
          "attributes": {
            "id": "igw-0dd6557a459e90c1d",
            "owner_id": "086341552770",
            "tags": {
              "BusinessUnit": "dlos",
              "Name": "DLOS-one",
              "Owner": "chitender_kumar",
              "Project": "dlos",
              "TechnologyUnit": "infrastructure"
            },
            "vpc_id": "vpc-078b2d0cce8853116"
          },
          "private": "bnVsbA==",
          "depends_on": [
            "aws_vpc.vpc_one"
          ]
        }
      ]
    },
    {
      "mode": "managed",
      "type": "aws_internet_gateway",
      "name": "gw_two",
      "provider": "provider.aws.ohio",
      "instances": [
        {
          "schema_version": 0,
          "attributes": {
            "id": "igw-06580e8436f95f303",
            "owner_id": "086341552770",
            "tags": {
              "BusinessUnit": "dlos",
              "Name": "DLOS-two",
              "Owner": "chitender_kumar",
              "Project": "dlos",
              "TechnologyUnit": "infrastructure"
            },
            "vpc_id": "vpc-0d202c7175dfa3abc"
          },
          "private": "bnVsbA==",
          "depends_on": [
            "aws_vpc.vpc_two"
          ]
        }
      ]
    },
    {
      "mode": "managed",
      "type": "aws_key_pair",
      "name": "vpc_one_deployer",
      "provider": "provider.aws",
      "instances": [
        {
          "schema_version": 1,
          "attributes": {
            "fingerprint": "5a:33:05:2b:b6:d4:bc:65:d8:21:bf:56:eb:a1:a2:ce",
            "id": "dlos-key",
            "key_name": "dlos-key",
            "key_name_prefix": null,
            "public_key": "ssh-rsa AAAAB3NzaC1yc2EAAAADAQABAAABAQDRPjE9xyM6rMakE16M5qRpl/cVJ2q+H453v4fC1oYDSxRumDerYTkNpedYI+qdLr+hIHv92CPtBDW84z7rF8ctGg7vKdWxk2AYxLFTtmS7r5oO2WE7Tx4ZGa8rVjzm94Jsxeblcz4v/9GDWX935mLXHyhgKr6SS8Nq/D+tgzoY8ta2Q/ZXpzLEM+uw23uPkJ+v1X8+ZyGX9oha9A8XM1vSLNmHD+A+jM0wiFyPS3MR1CWistJM6wJJo/EqigDran8P4y6KK19NP9YlRiK2pY/C5RmD4Q9pA/hZ6E+CcM1S2+o01QCmTzLtsQw7sspS0HgVJCyVp164A3psFPvjzf2f delhivery@DV-LT-N-017992.local"
          },
          "private": "eyJzY2hlbWFfdmVyc2lvbiI6IjEifQ=="
        }
      ]
    },
    {
      "mode": "managed",
      "type": "aws_key_pair",
      "name": "vpc_two_deployer",
      "provider": "provider.aws.ohio",
      "instances": [
        {
          "schema_version": 1,
          "attributes": {
            "fingerprint": "5a:33:05:2b:b6:d4:bc:65:d8:21:bf:56:eb:a1:a2:ce",
            "id": "dlos-key",
            "key_name": "dlos-key",
            "key_name_prefix": null,
            "public_key": "ssh-rsa AAAAB3NzaC1yc2EAAAADAQABAAABAQDRPjE9xyM6rMakE16M5qRpl/cVJ2q+H453v4fC1oYDSxRumDerYTkNpedYI+qdLr+hIHv92CPtBDW84z7rF8ctGg7vKdWxk2AYxLFTtmS7r5oO2WE7Tx4ZGa8rVjzm94Jsxeblcz4v/9GDWX935mLXHyhgKr6SS8Nq/D+tgzoY8ta2Q/ZXpzLEM+uw23uPkJ+v1X8+ZyGX9oha9A8XM1vSLNmHD+A+jM0wiFyPS3MR1CWistJM6wJJo/EqigDran8P4y6KK19NP9YlRiK2pY/C5RmD4Q9pA/hZ6E+CcM1S2+o01QCmTzLtsQw7sspS0HgVJCyVp164A3psFPvjzf2f delhivery@DV-LT-N-017992.local"
          },
          "private": "eyJzY2hlbWFfdmVyc2lvbiI6IjEifQ=="
        }
      ]
    },
    {
      "mode": "managed",
      "type": "aws_launch_configuration",
      "name": "vpc_one_worker",
      "provider": "provider.aws",
      "instances": [
        {
          "schema_version": 0,
          "attributes": {
            "associate_public_ip_address": false,
            "ebs_block_device": [],
            "ebs_optimized": false,
            "enable_monitoring": true,
            "ephemeral_block_device": [],
            "iam_instance_profile": "dlos-wrokers-ec2",
            "id": "dlos-worker20191127185730019900000002",
            "image_id": "ami-00a208c7cdba991ea",
            "instance_type": "t2.medium",
            "key_name": "dlos-key",
            "name": "dlos-worker20191127185730019900000002",
            "name_prefix": "dlos-worker",
            "placement_tenancy": null,
            "root_block_device": [
              {
                "delete_on_termination": true,
                "encrypted": false,
                "iops": 0,
                "volume_size": 50,
                "volume_type": "gp2"
              }
            ],
            "security_groups": [
              "sg-05159043c9514a2c8"
            ],
            "spot_price": "",
            "user_data": "55044977d655426373fe9d60096ba099c8562e05",
            "user_data_base64": null,
            "vpc_classic_link_id": "",
            "vpc_classic_link_security_groups": null
          },
          "private": "bnVsbA==",
          "depends_on": [
            "aws_key_pair.vpc_one_deployer",
            "aws_security_group.vpc_one_worker",
            "data.aws_ami.ubuntu_vpc_one"
          ]
        }
      ]
    },
    {
      "mode": "managed",
      "type": "aws_launch_configuration",
      "name": "vpc_two_worker",
      "provider": "provider.aws.ohio",
      "instances": [
        {
          "schema_version": 0,
          "attributes": {
            "associate_public_ip_address": false,
            "ebs_block_device": [],
            "ebs_optimized": false,
            "enable_monitoring": true,
            "ephemeral_block_device": [],
            "iam_instance_profile": "dlos-wrokers-ec2",
            "id": "dlos-worker20191127185740936300000001",
            "image_id": "ami-059d836af932792c3",
            "instance_type": "t2.medium",
            "key_name": "dlos-key",
            "name": "dlos-worker20191127185740936300000001",
            "name_prefix": "dlos-worker",
            "placement_tenancy": null,
            "root_block_device": [
              {
                "delete_on_termination": true,
                "encrypted": false,
                "iops": 0,
                "volume_size": 50,
                "volume_type": "gp2"
              }
            ],
            "security_groups": [
              "sg-01715833110452a29"
            ],
            "spot_price": "",
            "user_data": "55044977d655426373fe9d60096ba099c8562e05",
            "user_data_base64": null,
            "vpc_classic_link_id": "",
            "vpc_classic_link_security_groups": null
          },
          "private": "bnVsbA==",
          "depends_on": [
            "aws_key_pair.vpc_two_deployer",
            "aws_security_group.vpc_two_worker",
            "data.aws_ami.ubuntu_vpc_two"
          ]
        }
      ]
    },
    {
      "mode": "managed",
      "type": "aws_nat_gateway",
      "name": "vpc_one_natGateway",
      "provider": "provider.aws",
      "instances": [
        {
          "schema_version": 0,
          "attributes": {
            "allocation_id": "eipalloc-099524f6cc4217953",
            "id": "nat-0397253e1f44c0325",
            "network_interface_id": "eni-009de3a86c20a7f17",
            "private_ip": "10.0.1.124",
            "public_ip": "34.199.253.226",
            "subnet_id": "subnet-08d41454fa8e220c7",
            "tags": {
              "BusinessUnit": "dlos",
              "Name": "DLOS-NATGATEWAY-VPC-ONE",
              "Owner": "chitender_kumar",
              "Project": "dlos",
              "TechnologyUnit": "infrastructure"
            }
          },
          "private": "bnVsbA==",
          "depends_on": [
            "aws_eip.nat_one",
            "aws_subnet.vpc_one_controller"
          ]
        }
      ]
    },
    {
      "mode": "managed",
      "type": "aws_nat_gateway",
      "name": "vpc_two_natGateway",
      "provider": "provider.aws.ohio",
      "instances": [
        {
          "schema_version": 0,
          "attributes": {
            "allocation_id": "eipalloc-0a4f4cc9bd7af2a59",
            "id": "nat-0897abc49e82e873a",
            "network_interface_id": "eni-0d570eaa3bef1481a",
            "private_ip": "10.1.1.91",
            "public_ip": "3.136.136.116",
            "subnet_id": "subnet-04ab6db08e2384e5c",
            "tags": {
              "BusinessUnit": "dlos",
              "Name": "DLOS-NATGATEWAY-VPC-TWO",
              "Owner": "chitender_kumar",
              "Project": "dlos",
              "TechnologyUnit": "infrastructure"
            }
          },
          "private": "bnVsbA==",
          "depends_on": [
            "aws_eip.nat_two",
            "aws_subnet.vpc_two_controller"
          ]
        }
      ]
    },
    {
      "mode": "managed",
      "type": "aws_route",
      "name": "vpc_one_controller_route",
      "provider": "provider.aws",
      "instances": [
        {
          "schema_version": 0,
          "attributes": {
            "destination_cidr_block": "10.1.0.0/16",
            "destination_ipv6_cidr_block": null,
            "destination_prefix_list_id": "",
            "egress_only_gateway_id": "",
            "gateway_id": "",
            "id": "r-rtb-0451cfe7e0a358ceb3322942084",
            "instance_id": "",
            "instance_owner_id": "",
            "nat_gateway_id": "",
            "network_interface_id": "",
            "origin": "CreateRoute",
            "route_table_id": "rtb-0451cfe7e0a358ceb",
            "state": "active",
            "timeouts": null,
            "transit_gateway_id": "",
            "vpc_peering_connection_id": "pcx-0f05ed6c281b6b567"
          },
          "private": "eyJlMmJmYjczMC1lY2FhLTExZTYtOGY4OC0zNDM2M2JjN2M0YzAiOnsiY3JlYXRlIjoxMjAwMDAwMDAwMDAsImRlbGV0ZSI6MzAwMDAwMDAwMDAwfX0=",
          "depends_on": [
            "aws_route_table.vpc_one_controller_route",
            "aws_vpc_peering_connection.DLOS-VPC-ONE",
            "aws_vpc_peering_connection_accepter.DLOS-VPC-TWO"
          ]
        }
      ]
    },
    {
      "mode": "managed",
      "type": "aws_route",
      "name": "vpc_one_worker_route",
      "provider": "provider.aws",
      "instances": [
        {
          "schema_version": 0,
          "attributes": {
            "destination_cidr_block": "10.1.0.0/16",
            "destination_ipv6_cidr_block": null,
            "destination_prefix_list_id": "",
            "egress_only_gateway_id": "",
            "gateway_id": "",
            "id": "r-rtb-06bd8967d46a599b73322942084",
            "instance_id": "",
            "instance_owner_id": "",
            "nat_gateway_id": "",
            "network_interface_id": "",
            "origin": "CreateRoute",
            "route_table_id": "rtb-06bd8967d46a599b7",
            "state": "active",
            "timeouts": null,
            "transit_gateway_id": "",
            "vpc_peering_connection_id": "pcx-0f05ed6c281b6b567"
          },
          "private": "eyJlMmJmYjczMC1lY2FhLTExZTYtOGY4OC0zNDM2M2JjN2M0YzAiOnsiY3JlYXRlIjoxMjAwMDAwMDAwMDAsImRlbGV0ZSI6MzAwMDAwMDAwMDAwfX0=",
          "depends_on": [
            "aws_route_table.vpc_one_worker_route",
            "aws_vpc_peering_connection.DLOS-VPC-ONE",
            "aws_vpc_peering_connection_accepter.DLOS-VPC-TWO"
          ]
        }
      ]
    },
    {
      "mode": "managed",
      "type": "aws_route",
      "name": "vpc_two_controller_route",
      "provider": "provider.aws.ohio",
      "instances": [
        {
          "schema_version": 0,
          "attributes": {
            "destination_cidr_block": "10.0.0.0/16",
            "destination_ipv6_cidr_block": null,
            "destination_prefix_list_id": "",
            "egress_only_gateway_id": "",
            "gateway_id": "",
            "id": "r-rtb-0bf6742553b0e1bad179966490",
            "instance_id": "",
            "instance_owner_id": "",
            "nat_gateway_id": "",
            "network_interface_id": "",
            "origin": "CreateRoute",
            "route_table_id": "rtb-0bf6742553b0e1bad",
            "state": "active",
            "timeouts": null,
            "transit_gateway_id": "",
            "vpc_peering_connection_id": "pcx-0f05ed6c281b6b567"
          },
          "private": "eyJlMmJmYjczMC1lY2FhLTExZTYtOGY4OC0zNDM2M2JjN2M0YzAiOnsiY3JlYXRlIjoxMjAwMDAwMDAwMDAsImRlbGV0ZSI6MzAwMDAwMDAwMDAwfX0=",
          "depends_on": [
            "aws_route_table.vpc_two_controller_route",
            "aws_vpc_peering_connection.DLOS-VPC-ONE",
            "aws_vpc_peering_connection_accepter.DLOS-VPC-TWO"
          ]
        }
      ]
    },
    {
      "mode": "managed",
      "type": "aws_route",
      "name": "vpc_two_worker_route",
      "provider": "provider.aws.ohio",
      "instances": [
        {
          "schema_version": 0,
          "attributes": {
            "destination_cidr_block": "10.0.0.0/16",
            "destination_ipv6_cidr_block": null,
            "destination_prefix_list_id": "",
            "egress_only_gateway_id": "",
            "gateway_id": "",
            "id": "r-rtb-0072f8fff8694eebf179966490",
            "instance_id": "",
            "instance_owner_id": "",
            "nat_gateway_id": "",
            "network_interface_id": "",
            "origin": "CreateRoute",
            "route_table_id": "rtb-0072f8fff8694eebf",
            "state": "active",
            "timeouts": null,
            "transit_gateway_id": "",
            "vpc_peering_connection_id": "pcx-0f05ed6c281b6b567"
          },
          "private": "eyJlMmJmYjczMC1lY2FhLTExZTYtOGY4OC0zNDM2M2JjN2M0YzAiOnsiY3JlYXRlIjoxMjAwMDAwMDAwMDAsImRlbGV0ZSI6MzAwMDAwMDAwMDAwfX0=",
          "depends_on": [
            "aws_route_table.vpc_two_worker_route",
            "aws_vpc_peering_connection.DLOS-VPC-ONE",
            "aws_vpc_peering_connection_accepter.DLOS-VPC-TWO"
          ]
        }
      ]
    },
    {
      "mode": "managed",
      "type": "aws_route53_record",
      "name": "etcd",
      "provider": "provider.aws",
      "instances": [
        {
          "schema_version": 2,
          "attributes": {
            "alias": [],
            "allow_overwrite": null,
            "failover_routing_policy": [],
            "fqdn": "etcd.dlos-example.com",
            "geolocation_routing_policy": [],
            "health_check_id": null,
            "id": "Z00219159SH4VYE5MF78_etcd.dlos-example.com_A",
            "latency_routing_policy": [],
            "multivalue_answer_routing_policy": null,
            "name": "etcd.dlos-example.com",
            "records": [
              "10.0.1.11",
              "10.1.1.11",
              "10.2.1.11"
            ],
            "set_identifier": null,
            "ttl": 300,
            "type": "A",
            "weighted_routing_policy": [],
            "zone_id": "Z00219159SH4VYE5MF78"
          },
          "private": "eyJzY2hlbWFfdmVyc2lvbiI6IjIifQ==",
          "depends_on": [
            "aws_route53_zone.dlos_vpc",
            "aws_subnet.vpc_one_controller",
            "aws_subnet.vpc_two_controller",
            "google_compute_subnetwork.controller"
          ]
        }
      ]
    },
    {
      "mode": "managed",
      "type": "aws_route53_record",
      "name": "kubeapi",
      "provider": "provider.aws",
      "instances": [
        {
          "schema_version": 2,
          "attributes": {
            "alias": [],
            "allow_overwrite": null,
            "failover_routing_policy": [],
            "fqdn": "kubeapi.dlos-example.com",
            "geolocation_routing_policy": [],
            "health_check_id": null,
            "id": "Z00219159SH4VYE5MF78_kubeapi.dlos-example.com_A",
            "latency_routing_policy": [],
            "multivalue_answer_routing_policy": null,
            "name": "kubeapi.dlos-example.com",
            "records": [
              "10.0.1.11",
              "10.1.1.11",
              "10.2.1.11"
            ],
            "set_identifier": null,
            "ttl": 300,
            "type": "A",
            "weighted_routing_policy": [],
            "zone_id": "Z00219159SH4VYE5MF78"
          },
          "private": "eyJzY2hlbWFfdmVyc2lvbiI6IjIifQ==",
          "depends_on": [
            "aws_route53_zone.dlos_vpc",
            "aws_subnet.vpc_one_controller",
            "aws_subnet.vpc_two_controller",
            "google_compute_subnetwork.controller"
          ]
        }
      ]
    },
    {
      "mode": "managed",
      "type": "aws_route53_zone",
      "name": "dlos_vpc",
      "provider": "provider.aws",
      "instances": [
        {
          "schema_version": 0,
          "attributes": {
            "comment": "Managed by Terraform",
            "delegation_set_id": "",
            "force_destroy": false,
            "id": "Z00219159SH4VYE5MF78",
            "name": "dlos-example.com.",
            "name_servers": [
              "ns-0.awsdns-00.com.",
              "ns-1024.awsdns-00.org.",
              "ns-1536.awsdns-00.co.uk.",
              "ns-512.awsdns-00.net."
            ],
            "tags": {
              "BusinessUnit": "dlos",
              "Name": "DLOS-VPC",
              "Owner": "chitender_kumar",
              "Project": "dlos",
              "TechnologyUnit": "infrastructure"
            },
            "vpc": [
              {
                "vpc_id": "vpc-078b2d0cce8853116",
                "vpc_region": "us-east-1"
              }
            ],
            "vpc_id": null,
            "vpc_region": null,
            "zone_id": "Z00219159SH4VYE5MF78"
          },
          "private": "bnVsbA==",
          "depends_on": [
            "aws_vpc.vpc_one"
          ]
        }
      ]
    },
    {
      "mode": "managed",
      "type": "aws_route53_zone_association",
      "name": "vpc_two_etcd",
      "provider": "provider.aws.ohio",
      "instances": [
        {
          "schema_version": 0,
          "attributes": {
            "id": "Z00219159SH4VYE5MF78:vpc-0d202c7175dfa3abc",
            "vpc_id": "vpc-0d202c7175dfa3abc",
            "vpc_region": "us-east-2",
            "zone_id": "Z00219159SH4VYE5MF78"
          },
          "private": "bnVsbA==",
          "depends_on": [
            "aws_route53_zone.dlos_vpc",
            "aws_vpc.vpc_two"
          ]
        }
      ]
    },
    {
      "mode": "managed",
      "type": "aws_route_table",
      "name": "vpc_one_controller_route",
      "provider": "provider.aws",
      "instances": [
        {
          "schema_version": 0,
          "attributes": {
            "id": "rtb-0451cfe7e0a358ceb",
            "owner_id": "086341552770",
            "propagating_vgws": [],
            "route": [
              {
                "cidr_block": "0.0.0.0/0",
                "egress_only_gateway_id": "",
                "gateway_id": "igw-0dd6557a459e90c1d",
                "instance_id": "",
                "ipv6_cidr_block": "",
                "nat_gateway_id": "",
                "network_interface_id": "",
                "transit_gateway_id": "",
                "vpc_peering_connection_id": ""
              }
            ],
            "tags": {
              "BusinessUnit": "dlos",
              "Name": "DLOS-VPC-ONE-CONTROLLER-ROUTE",
              "Owner": "chitender_kumar",
              "Project": "dlos",
              "TechnologyUnit": "infrastructure"
            },
            "vpc_id": "vpc-078b2d0cce8853116"
          },
          "private": "bnVsbA==",
          "depends_on": [
            "aws_internet_gateway.gw_one",
            "aws_vpc.vpc_one"
          ]
        }
      ]
    },
    {
      "mode": "managed",
      "type": "aws_route_table",
      "name": "vpc_one_worker_route",
      "provider": "provider.aws",
      "instances": [
        {
          "schema_version": 0,
          "attributes": {
            "id": "rtb-06bd8967d46a599b7",
            "owner_id": "086341552770",
            "propagating_vgws": [],
            "route": [
              {
                "cidr_block": "0.0.0.0/0",
                "egress_only_gateway_id": "",
                "gateway_id": "nat-0397253e1f44c0325",
                "instance_id": "",
                "ipv6_cidr_block": "",
                "nat_gateway_id": "",
                "network_interface_id": "",
                "transit_gateway_id": "",
                "vpc_peering_connection_id": ""
              }
            ],
            "tags": {
              "BusinessUnit": "dlos",
              "Name": "DLOS-VPC-ONE-WORKER-ROUTE",
              "Owner": "chitender_kumar",
              "Project": "dlos",
              "TechnologyUnit": "infrastructure"
            },
            "vpc_id": "vpc-078b2d0cce8853116"
          },
          "private": "bnVsbA==",
          "depends_on": [
            "aws_nat_gateway.vpc_one_natGateway",
            "aws_vpc.vpc_one"
          ]
        }
      ]
    },
    {
      "mode": "managed",
      "type": "aws_route_table",
      "name": "vpc_two_controller_route",
      "provider": "provider.aws.ohio",
      "instances": [
        {
          "schema_version": 0,
          "attributes": {
            "id": "rtb-0bf6742553b0e1bad",
            "owner_id": "086341552770",
            "propagating_vgws": [],
            "route": [
              {
                "cidr_block": "0.0.0.0/0",
                "egress_only_gateway_id": "",
                "gateway_id": "igw-06580e8436f95f303",
                "instance_id": "",
                "ipv6_cidr_block": "",
                "nat_gateway_id": "",
                "network_interface_id": "",
                "transit_gateway_id": "",
                "vpc_peering_connection_id": ""
              }
            ],
            "tags": {
              "BusinessUnit": "dlos",
              "Name": "DLOS-VPC-TWO-CONTROLLER-ROUTE",
              "Owner": "chitender_kumar",
              "Project": "dlos",
              "TechnologyUnit": "infrastructure"
            },
            "vpc_id": "vpc-0d202c7175dfa3abc"
          },
          "private": "bnVsbA==",
          "depends_on": [
            "aws_internet_gateway.gw_two",
            "aws_vpc.vpc_two"
          ]
        }
      ]
    },
    {
      "mode": "managed",
      "type": "aws_route_table",
      "name": "vpc_two_worker_route",
      "provider": "provider.aws.ohio",
      "instances": [
        {
          "schema_version": 0,
          "attributes": {
            "id": "rtb-0072f8fff8694eebf",
            "owner_id": "086341552770",
            "propagating_vgws": [],
            "route": [
              {
                "cidr_block": "0.0.0.0/0",
                "egress_only_gateway_id": "",
                "gateway_id": "nat-0897abc49e82e873a",
                "instance_id": "",
                "ipv6_cidr_block": "",
                "nat_gateway_id": "",
                "network_interface_id": "",
                "transit_gateway_id": "",
                "vpc_peering_connection_id": ""
              }
            ],
            "tags": {
              "BusinessUnit": "dlos",
              "Name": "DLOS-VPC-TWO-WORKER-ROUTE",
              "Owner": "chitender_kumar",
              "Project": "dlos",
              "TechnologyUnit": "infrastructure"
            },
            "vpc_id": "vpc-0d202c7175dfa3abc"
          },
          "private": "bnVsbA==",
          "depends_on": [
            "aws_nat_gateway.vpc_two_natGateway",
            "aws_vpc.vpc_two"
          ]
        }
      ]
    },
    {
      "mode": "managed",
      "type": "aws_route_table_association",
      "name": "vpc_one_controller_association",
      "provider": "provider.aws",
      "instances": [
        {
          "schema_version": 0,
          "attributes": {
            "id": "rtbassoc-0b190c8da1ebbfbbb",
            "route_table_id": "rtb-0451cfe7e0a358ceb",
            "subnet_id": "subnet-08d41454fa8e220c7"
          },
          "private": "bnVsbA==",
          "depends_on": [
            "aws_route_table.vpc_one_controller_route",
            "aws_subnet.vpc_one_controller"
          ]
        }
      ]
    },
    {
      "mode": "managed",
      "type": "aws_route_table_association",
      "name": "vpc_one_worker_association",
      "provider": "provider.aws",
      "instances": [
        {
          "schema_version": 0,
          "attributes": {
            "id": "rtbassoc-07804e9265770b668",
            "route_table_id": "rtb-06bd8967d46a599b7",
            "subnet_id": "subnet-06d2576a216c638bb"
          },
          "private": "bnVsbA==",
          "depends_on": [
            "aws_route_table.vpc_one_worker_route",
            "aws_subnet.vpc_one_worker"
          ]
        }
      ]
    },
    {
      "mode": "managed",
      "type": "aws_route_table_association",
      "name": "vpc_two_controller_association",
      "provider": "provider.aws.ohio",
      "instances": [
        {
          "schema_version": 0,
          "attributes": {
            "id": "rtbassoc-0b9a0f7781423772a",
            "route_table_id": "rtb-0bf6742553b0e1bad",
            "subnet_id": "subnet-04ab6db08e2384e5c"
          },
          "private": "bnVsbA==",
          "depends_on": [
            "aws_route_table.vpc_two_controller_route",
            "aws_subnet.vpc_two_controller"
          ]
        }
      ]
    },
    {
      "mode": "managed",
      "type": "aws_route_table_association",
      "name": "vpc_two_worker_association",
      "provider": "provider.aws.ohio",
      "instances": [
        {
          "schema_version": 0,
          "attributes": {
            "id": "rtbassoc-0fff764bc664f639b",
            "route_table_id": "rtb-0072f8fff8694eebf",
            "subnet_id": "subnet-02b95827373b0f676"
          },
          "private": "bnVsbA==",
          "depends_on": [
            "aws_route_table.vpc_two_worker_route",
            "aws_subnet.vpc_two_worker"
          ]
        }
      ]
    },
    {
      "mode": "managed",
      "type": "aws_security_group",
      "name": "vpc_one_controller",
      "provider": "provider.aws",
      "instances": [
        {
          "schema_version": 1,
          "attributes": {
            "arn": "arn:aws:ec2:us-east-1:086341552770:security-group/sg-0a71c5e9267b50077",
            "description": "Security Group For Controller",
            "egress": [
              {
                "cidr_blocks": [
                  "0.0.0.0/0"
                ],
                "description": "",
                "from_port": 0,
                "ipv6_cidr_blocks": [],
                "prefix_list_ids": [],
                "protocol": "-1",
                "security_groups": [],
                "self": false,
                "to_port": 0
              }
            ],
            "id": "sg-0a71c5e9267b50077",
            "ingress": [
              {
                "cidr_blocks": [
                  "0.0.0.0/0"
                ],
                "description": "to allow inbound https traffic",
                "from_port": 6443,
                "ipv6_cidr_blocks": [],
                "prefix_list_ids": [],
                "protocol": "tcp",
                "security_groups": [],
                "self": false,
                "to_port": 6443
              },
              {
                "cidr_blocks": [
                  "10.0.1.0/24"
                ],
                "description": "to allow the network traffic internally",
                "from_port": 0,
                "ipv6_cidr_blocks": [],
                "prefix_list_ids": [],
                "protocol": "-1",
                "security_groups": [],
                "self": false,
                "to_port": 0
              },
              {
                "cidr_blocks": [
                  "10.0.2.0/24",
                  "10.1.2.0/24",
                  "10.1.1.0/24"
                ],
                "description": "to allow the network traffic from Controller and Worker Groups",
                "from_port": 0,
                "ipv6_cidr_blocks": [],
                "prefix_list_ids": [],
                "protocol": "-1",
                "security_groups": [],
                "self": false,
                "to_port": 0
              }
            ],
            "name": "VPC-ONE-CONTROLLER",
            "name_prefix": null,
            "owner_id": "086341552770",
            "revoke_rules_on_delete": false,
            "tags": {
              "BusinessUnit": "dlos",
              "Name": "DLOS-VPC-ONE-CONTROLLER",
              "Owner": "chitender_kumar",
              "Project": "dlos",
              "TechnologyUnit": "infrastructure"
            },
            "timeouts": null,
            "vpc_id": "vpc-078b2d0cce8853116"
          },
          "private": "eyJlMmJmYjczMC1lY2FhLTExZTYtOGY4OC0zNDM2M2JjN2M0YzAiOnsiY3JlYXRlIjo2MDAwMDAwMDAwMDAsImRlbGV0ZSI6NjAwMDAwMDAwMDAwfSwic2NoZW1hX3ZlcnNpb24iOiIxIn0=",
          "depends_on": [
            "aws_vpc.vpc_one"
          ]
        }
      ]
    },
    {
      "mode": "managed",
      "type": "aws_security_group",
      "name": "vpc_one_worker",
      "provider": "provider.aws",
      "instances": [
        {
          "schema_version": 1,
          "attributes": {
            "arn": "arn:aws:ec2:us-east-1:086341552770:security-group/sg-05159043c9514a2c8",
            "description": "Security Group For Worker",
            "egress": [
              {
                "cidr_blocks": [
                  "0.0.0.0/0"
                ],
                "description": "",
                "from_port": 0,
                "ipv6_cidr_blocks": [],
                "prefix_list_ids": [],
                "protocol": "-1",
                "security_groups": [],
                "self": false,
                "to_port": 0
              }
            ],
            "id": "sg-05159043c9514a2c8",
            "ingress": [
              {
                "cidr_blocks": [
                  "10.0.1.0/24",
                  "10.1.1.0/24",
                  "10.1.2.0/24"
                ],
                "description": "to allow the network traffic from Controller and Worker",
                "from_port": 0,
                "ipv6_cidr_blocks": [],
                "prefix_list_ids": [],
                "protocol": "-1",
                "security_groups": [],
                "self": false,
                "to_port": 0
              },
              {
                "cidr_blocks": [
                  "10.0.2.0/24"
                ],
                "description": "to allow the network traffic internally",
                "from_port": 0,
                "ipv6_cidr_blocks": [],
                "prefix_list_ids": [],
                "protocol": "-1",
                "security_groups": [],
                "self": false,
                "to_port": 0
              }
            ],
            "name": "VPC-ONE-WORKER",
            "name_prefix": null,
            "owner_id": "086341552770",
            "revoke_rules_on_delete": false,
            "tags": {
              "BusinessUnit": "dlos",
              "Name": "DLOS-VPC-ONE-WORKER",
              "Owner": "chitender_kumar",
              "Project": "dlos",
              "TechnologyUnit": "infrastructure"
            },
            "timeouts": null,
            "vpc_id": "vpc-078b2d0cce8853116"
          },
          "private": "eyJlMmJmYjczMC1lY2FhLTExZTYtOGY4OC0zNDM2M2JjN2M0YzAiOnsiY3JlYXRlIjo2MDAwMDAwMDAwMDAsImRlbGV0ZSI6NjAwMDAwMDAwMDAwfSwic2NoZW1hX3ZlcnNpb24iOiIxIn0=",
          "depends_on": [
            "aws_vpc.vpc_one"
          ]
        }
      ]
    },
    {
      "mode": "managed",
      "type": "aws_security_group",
      "name": "vpc_two_controller",
      "provider": "provider.aws.ohio",
      "instances": [
        {
          "schema_version": 1,
          "attributes": {
            "arn": "arn:aws:ec2:us-east-2:086341552770:security-group/sg-080d4aa9674caf236",
            "description": "Security Group For Controller",
            "egress": [
              {
                "cidr_blocks": [
                  "0.0.0.0/0"
                ],
                "description": "",
                "from_port": 0,
                "ipv6_cidr_blocks": [],
                "prefix_list_ids": [],
                "protocol": "-1",
                "security_groups": [],
                "self": false,
                "to_port": 0
              }
            ],
            "id": "sg-080d4aa9674caf236",
            "ingress": [
              {
                "cidr_blocks": [
                  "0.0.0.0/0"
                ],
                "description": "to allow the inbound HTTPS traffic",
                "from_port": 6443,
                "ipv6_cidr_blocks": [],
                "prefix_list_ids": [],
                "protocol": "tcp",
                "security_groups": [],
                "self": false,
                "to_port": 6443
              },
              {
                "cidr_blocks": [
                  "10.1.1.0/24"
                ],
                "description": "to allow the network traffic internally",
                "from_port": 0,
                "ipv6_cidr_blocks": [],
                "prefix_list_ids": [],
                "protocol": "-1",
                "security_groups": [],
                "self": false,
                "to_port": 0
              },
              {
                "cidr_blocks": [
                  "10.1.2.0/24",
                  "10.0.2.0/24",
                  "10.0.1.0/24"
                ],
                "description": "to allow the network traffic from Controller and Worker",
                "from_port": 0,
                "ipv6_cidr_blocks": [],
                "prefix_list_ids": [],
                "protocol": "-1",
                "security_groups": [],
                "self": false,
                "to_port": 0
              }
            ],
            "name": "VPC-TWO-CONTROLLER",
            "name_prefix": null,
            "owner_id": "086341552770",
            "revoke_rules_on_delete": false,
            "tags": {
              "BusinessUnit": "dlos",
              "Name": "DLOS-VPC-TWO-CONTROLLER",
              "Owner": "chitender_kumar",
              "Project": "dlos",
              "TechnologyUnit": "infrastructure"
            },
            "timeouts": null,
            "vpc_id": "vpc-0d202c7175dfa3abc"
          },
          "private": "eyJlMmJmYjczMC1lY2FhLTExZTYtOGY4OC0zNDM2M2JjN2M0YzAiOnsiY3JlYXRlIjo2MDAwMDAwMDAwMDAsImRlbGV0ZSI6NjAwMDAwMDAwMDAwfSwic2NoZW1hX3ZlcnNpb24iOiIxIn0=",
          "depends_on": [
            "aws_vpc.vpc_two"
          ]
        }
      ]
    },
    {
      "mode": "managed",
      "type": "aws_security_group",
      "name": "vpc_two_worker",
      "provider": "provider.aws.ohio",
      "instances": [
        {
          "schema_version": 1,
          "attributes": {
            "arn": "arn:aws:ec2:us-east-2:086341552770:security-group/sg-01715833110452a29",
            "description": "Security Group For Worker",
            "egress": [
              {
                "cidr_blocks": [
                  "0.0.0.0/0"
                ],
                "description": "",
                "from_port": 0,
                "ipv6_cidr_blocks": [],
                "prefix_list_ids": [],
                "protocol": "-1",
                "security_groups": [],
                "self": false,
                "to_port": 0
              }
            ],
            "id": "sg-01715833110452a29",
            "ingress": [
              {
                "cidr_blocks": [
                  "10.1.1.0/24",
                  "10.0.1.0/24",
                  "10.0.2.0/24"
                ],
                "description": "to allow the network traffic from Controller and Worker",
                "from_port": 0,
                "ipv6_cidr_blocks": [],
                "prefix_list_ids": [],
                "protocol": "-1",
                "security_groups": [],
                "self": false,
                "to_port": 0
              },
              {
                "cidr_blocks": [
                  "10.1.2.0/24"
                ],
                "description": "to allow the network traffic internally",
                "from_port": 0,
                "ipv6_cidr_blocks": [],
                "prefix_list_ids": [],
                "protocol": "-1",
                "security_groups": [],
                "self": false,
                "to_port": 0
              }
            ],
            "name": "VPC-TWO-WORKER",
            "name_prefix": null,
            "owner_id": "086341552770",
            "revoke_rules_on_delete": false,
            "tags": {
              "BusinessUnit": "dlos",
              "Name": "DLOS-VPC-TWO-WORKER",
              "Owner": "chitender_kumar",
              "Project": "dlos",
              "TechnologyUnit": "infrastructure"
            },
            "timeouts": null,
            "vpc_id": "vpc-0d202c7175dfa3abc"
          },
          "private": "eyJlMmJmYjczMC1lY2FhLTExZTYtOGY4OC0zNDM2M2JjN2M0YzAiOnsiY3JlYXRlIjo2MDAwMDAwMDAwMDAsImRlbGV0ZSI6NjAwMDAwMDAwMDAwfSwic2NoZW1hX3ZlcnNpb24iOiIxIn0=",
          "depends_on": [
            "aws_vpc.vpc_two"
          ]
        }
      ]
    },
    {
      "mode": "managed",
      "type": "aws_subnet",
      "name": "vpc_one_controller",
      "provider": "provider.aws",
      "instances": [
        {
          "schema_version": 1,
          "attributes": {
            "arn": "arn:aws:ec2:us-east-1:086341552770:subnet/subnet-08d41454fa8e220c7",
            "assign_ipv6_address_on_creation": false,
            "availability_zone": "us-east-1e",
            "availability_zone_id": "use1-az3",
            "cidr_block": "10.0.1.0/24",
            "id": "subnet-08d41454fa8e220c7",
            "ipv6_cidr_block": "",
            "ipv6_cidr_block_association_id": "",
            "map_public_ip_on_launch": false,
            "owner_id": "086341552770",
            "tags": {
              "BusinessUnit": "dlos",
              "Name": "DLOS-VPC-ONE-CONTROLLER",
              "Owner": "chitender_kumar",
              "Project": "dlos",
              "TechnologyUnit": "infrastructure"
            },
            "timeouts": null,
            "vpc_id": "vpc-078b2d0cce8853116"
          },
          "private": "eyJlMmJmYjczMC1lY2FhLTExZTYtOGY4OC0zNDM2M2JjN2M0YzAiOnsiY3JlYXRlIjo2MDAwMDAwMDAwMDAsImRlbGV0ZSI6MTIwMDAwMDAwMDAwMH0sInNjaGVtYV92ZXJzaW9uIjoiMSJ9",
          "depends_on": [
            "aws_vpc.vpc_one"
          ]
        }
      ]
    },
    {
      "mode": "managed",
      "type": "aws_subnet",
      "name": "vpc_one_worker",
      "provider": "provider.aws",
      "instances": [
        {
          "schema_version": 1,
          "attributes": {
            "arn": "arn:aws:ec2:us-east-1:086341552770:subnet/subnet-06d2576a216c638bb",
            "assign_ipv6_address_on_creation": false,
            "availability_zone": "us-east-1e",
            "availability_zone_id": "use1-az3",
            "cidr_block": "10.0.2.0/24",
            "id": "subnet-06d2576a216c638bb",
            "ipv6_cidr_block": "",
            "ipv6_cidr_block_association_id": "",
            "map_public_ip_on_launch": false,
            "owner_id": "086341552770",
            "tags": {
              "BusinessUnit": "dlos",
              "Name": "DLOS-VPC-ONE-WORKER",
              "Owner": "chitender_kumar",
              "Project": "dlos",
              "TechnologyUnit": "infrastructure"
            },
            "timeouts": null,
            "vpc_id": "vpc-078b2d0cce8853116"
          },
          "private": "eyJlMmJmYjczMC1lY2FhLTExZTYtOGY4OC0zNDM2M2JjN2M0YzAiOnsiY3JlYXRlIjo2MDAwMDAwMDAwMDAsImRlbGV0ZSI6MTIwMDAwMDAwMDAwMH0sInNjaGVtYV92ZXJzaW9uIjoiMSJ9",
          "depends_on": [
            "aws_vpc.vpc_one"
          ]
        }
      ]
    },
    {
      "mode": "managed",
      "type": "aws_subnet",
      "name": "vpc_two_controller",
      "provider": "provider.aws.ohio",
      "instances": [
        {
          "schema_version": 1,
          "attributes": {
            "arn": "arn:aws:ec2:us-east-2:086341552770:subnet/subnet-04ab6db08e2384e5c",
            "assign_ipv6_address_on_creation": false,
            "availability_zone": "us-east-2b",
            "availability_zone_id": "use2-az2",
            "cidr_block": "10.1.1.0/24",
            "id": "subnet-04ab6db08e2384e5c",
            "ipv6_cidr_block": "",
            "ipv6_cidr_block_association_id": "",
            "map_public_ip_on_launch": false,
            "owner_id": "086341552770",
            "tags": {
              "BusinessUnit": "dlos",
              "Name": "DLOS-VPC-TWO-CONTROLLER",
              "Owner": "chitender_kumar",
              "Project": "dlos",
              "TechnologyUnit": "infrastructure"
            },
            "timeouts": null,
            "vpc_id": "vpc-0d202c7175dfa3abc"
          },
          "private": "eyJlMmJmYjczMC1lY2FhLTExZTYtOGY4OC0zNDM2M2JjN2M0YzAiOnsiY3JlYXRlIjo2MDAwMDAwMDAwMDAsImRlbGV0ZSI6MTIwMDAwMDAwMDAwMH0sInNjaGVtYV92ZXJzaW9uIjoiMSJ9",
          "depends_on": [
            "aws_vpc.vpc_two"
          ]
        }
      ]
    },
    {
      "mode": "managed",
      "type": "aws_subnet",
      "name": "vpc_two_worker",
      "provider": "provider.aws.ohio",
      "instances": [
        {
          "schema_version": 1,
          "attributes": {
            "arn": "arn:aws:ec2:us-east-2:086341552770:subnet/subnet-02b95827373b0f676",
            "assign_ipv6_address_on_creation": false,
            "availability_zone": "us-east-2b",
            "availability_zone_id": "use2-az2",
            "cidr_block": "10.1.2.0/24",
            "id": "subnet-02b95827373b0f676",
            "ipv6_cidr_block": "",
            "ipv6_cidr_block_association_id": "",
            "map_public_ip_on_launch": false,
            "owner_id": "086341552770",
            "tags": {
              "BusinessUnit": "dlos",
              "Name": "DLOS-VPC-TWO-WORKER",
              "Owner": "chitender_kumar",
              "Project": "dlos",
              "TechnologyUnit": "infrastructure"
            },
            "timeouts": null,
            "vpc_id": "vpc-0d202c7175dfa3abc"
          },
          "private": "eyJlMmJmYjczMC1lY2FhLTExZTYtOGY4OC0zNDM2M2JjN2M0YzAiOnsiY3JlYXRlIjo2MDAwMDAwMDAwMDAsImRlbGV0ZSI6MTIwMDAwMDAwMDAwMH0sInNjaGVtYV92ZXJzaW9uIjoiMSJ9",
          "depends_on": [
            "aws_vpc.vpc_two"
          ]
        }
      ]
    },
    {
      "mode": "managed",
      "type": "aws_vpc",
      "name": "vpc_one",
      "provider": "provider.aws",
      "instances": [
        {
          "schema_version": 1,
          "attributes": {
            "arn": "arn:aws:ec2:us-east-1:086341552770:vpc/vpc-078b2d0cce8853116",
            "assign_generated_ipv6_cidr_block": false,
            "cidr_block": "10.0.0.0/16",
            "default_network_acl_id": "acl-03a6f6cca94223d1d",
            "default_route_table_id": "rtb-0f59fb663e6cfd5be",
            "default_security_group_id": "sg-0f8721b2bb054c0e0",
            "dhcp_options_id": "dopt-34c8db56",
            "enable_classiclink": false,
            "enable_classiclink_dns_support": false,
            "enable_dns_hostnames": true,
            "enable_dns_support": true,
            "id": "vpc-078b2d0cce8853116",
            "instance_tenancy": "default",
            "ipv6_association_id": "",
            "ipv6_cidr_block": "",
            "main_route_table_id": "rtb-0f59fb663e6cfd5be",
            "owner_id": "086341552770",
            "tags": {
              "BusinessUnit": "dlos",
              "Name": "DLOS-vpc_one",
              "Owner": "chitender_kumar",
              "Project": "dlos",
              "TechnologyUnit": "infrastructure"
            }
          },
          "private": "eyJzY2hlbWFfdmVyc2lvbiI6IjEifQ=="
        }
      ]
    },
    {
      "mode": "managed",
      "type": "aws_vpc",
      "name": "vpc_two",
      "provider": "provider.aws.ohio",
      "instances": [
        {
          "schema_version": 1,
          "attributes": {
            "arn": "arn:aws:ec2:us-east-2:086341552770:vpc/vpc-0d202c7175dfa3abc",
            "assign_generated_ipv6_cidr_block": false,
            "cidr_block": "10.1.0.0/16",
            "default_network_acl_id": "acl-05ac1c1ffb16d6fab",
            "default_route_table_id": "rtb-0643783948fb9e080",
            "default_security_group_id": "sg-0c6cb3b1878ce02be",
            "dhcp_options_id": "dopt-caf11fa3",
            "enable_classiclink": null,
            "enable_classiclink_dns_support": null,
            "enable_dns_hostnames": true,
            "enable_dns_support": true,
            "id": "vpc-0d202c7175dfa3abc",
            "instance_tenancy": "default",
            "ipv6_association_id": "",
            "ipv6_cidr_block": "",
            "main_route_table_id": "rtb-0643783948fb9e080",
            "owner_id": "086341552770",
            "tags": {
              "BusinessUnit": "dlos",
              "Name": "DLOS-vpc_two",
              "Owner": "chitender_kumar",
              "Project": "dlos",
              "TechnologyUnit": "infrastructure"
            }
          },
          "private": "eyJzY2hlbWFfdmVyc2lvbiI6IjEifQ=="
        }
      ]
    },
    {
      "mode": "managed",
      "type": "aws_vpc_peering_connection",
      "name": "DLOS-VPC-ONE",
      "provider": "provider.aws",
      "instances": [
        {
          "schema_version": 0,
          "attributes": {
            "accept_status": "pending-acceptance",
            "accepter": [],
            "auto_accept": false,
            "id": "pcx-0f05ed6c281b6b567",
            "peer_owner_id": "086341552770",
            "peer_region": "us-east-2",
            "peer_vpc_id": "vpc-0d202c7175dfa3abc",
            "requester": [
              {
                "allow_classic_link_to_remote_vpc": false,
                "allow_remote_vpc_dns_resolution": false,
                "allow_vpc_to_remote_classic_link": false
              }
            ],
            "tags": {
              "BusinessUnit": "dlos",
              "Name": "VPC Peering between VPC-ONE and VPC-TWO",
              "Owner": "chitender_kumar",
              "Project": "dlos",
              "TechnologyUnit": "infrastructure"
            },
            "timeouts": null,
            "vpc_id": "vpc-078b2d0cce8853116"
          },
          "private": "eyJlMmJmYjczMC1lY2FhLTExZTYtOGY4OC0zNDM2M2JjN2M0YzAiOnsiY3JlYXRlIjo2MDAwMDAwMDAwMCwiZGVsZXRlIjo2MDAwMDAwMDAwMCwidXBkYXRlIjo2MDAwMDAwMDAwMH19",
          "depends_on": [
            "aws_vpc.vpc_one",
            "aws_vpc.vpc_two"
          ]
        }
      ]
    },
    {
      "mode": "managed",
      "type": "aws_vpc_peering_connection_accepter",
      "name": "DLOS-VPC-TWO",
      "provider": "provider.aws.ohio",
      "instances": [
        {
          "schema_version": 0,
          "attributes": {
            "accept_status": "active",
            "accepter": [
              {
                "allow_classic_link_to_remote_vpc": false,
                "allow_remote_vpc_dns_resolution": false,
                "allow_vpc_to_remote_classic_link": false
              }
            ],
            "auto_accept": true,
            "id": "pcx-0f05ed6c281b6b567",
            "peer_owner_id": "086341552770",
            "peer_region": "us-east-2",
            "peer_vpc_id": "vpc-0d202c7175dfa3abc",
            "requester": [
              {
                "allow_classic_link_to_remote_vpc": false,
                "allow_remote_vpc_dns_resolution": false,
                "allow_vpc_to_remote_classic_link": false
              }
            ],
            "tags": {
              "BusinessUnit": "dlos",
              "Name": "VPC Peering between VPC-ONE and VPC-TWO",
              "Owner": "chitender_kumar",
              "Project": "dlos",
              "TechnologyUnit": "infrastructure"
            },
            "vpc_id": "vpc-078b2d0cce8853116",
            "vpc_peering_connection_id": "pcx-0f05ed6c281b6b567"
          },
          "private": "bnVsbA==",
          "depends_on": [
            "aws_vpc_peering_connection.DLOS-VPC-ONE"
          ]
        }
      ]
    },
    {
      "mode": "managed",
      "type": "aws_vpn_connection",
      "name": "aws-vpn-connection-vpc-one",
      "provider": "provider.aws",
      "instances": [
        {
          "schema_version": 0,
          "attributes": {
            "customer_gateway_configuration": "\u003c?xml version=\"1.0\" encoding=\"UTF-8\"?\u003e\n\u003cvpn_connection id=\"vpn-0f721dc11b770501b\"\u003e\n  \u003ccustomer_gateway_id\u003ecgw-07a7ce822dbba00b9\u003c/customer_gateway_id\u003e\n  \u003cvpn_gateway_id\u003evgw-09f89a8c366ab22bc\u003c/vpn_gateway_id\u003e\n  \u003cvpn_connection_type\u003eipsec.1\u003c/vpn_connection_type\u003e\n  \u003cipsec_tunnel\u003e\n    \u003ccustomer_gateway\u003e\n      \u003ctunnel_outside_address\u003e\n        \u003cip_address\u003e35.196.110.42\u003c/ip_address\u003e\n      \u003c/tunnel_outside_address\u003e\n      \u003ctunnel_inside_address\u003e\n        \u003cip_address\u003e169.254.189.82\u003c/ip_address\u003e\n        \u003cnetwork_mask\u003e255.255.255.252\u003c/network_mask\u003e\n        \u003cnetwork_cidr\u003e30\u003c/network_cidr\u003e\n      \u003c/tunnel_inside_address\u003e\n      \u003cbgp\u003e\n        \u003casn\u003e65000\u003c/asn\u003e\n        \u003chold_time\u003e30\u003c/hold_time\u003e\n      \u003c/bgp\u003e\n    \u003c/customer_gateway\u003e\n    \u003cvpn_gateway\u003e\n      \u003ctunnel_outside_address\u003e\n        \u003cip_address\u003e34.206.5.133\u003c/ip_address\u003e\n      \u003c/tunnel_outside_address\u003e\n      \u003ctunnel_inside_address\u003e\n        \u003cip_address\u003e169.254.189.81\u003c/ip_address\u003e\n        \u003cnetwork_mask\u003e255.255.255.252\u003c/network_mask\u003e\n        \u003cnetwork_cidr\u003e30\u003c/network_cidr\u003e\n      \u003c/tunnel_inside_address\u003e\n      \u003cbgp\u003e\n        \u003casn\u003e64512\u003c/asn\u003e\n        \u003chold_time\u003e30\u003c/hold_time\u003e\n      \u003c/bgp\u003e\n    \u003c/vpn_gateway\u003e\n    \u003cike\u003e\n      \u003cauthentication_protocol\u003esha1\u003c/authentication_protocol\u003e\n      \u003cencryption_protocol\u003eaes-128-cbc\u003c/encryption_protocol\u003e\n      \u003clifetime\u003e28800\u003c/lifetime\u003e\n      \u003cperfect_forward_secrecy\u003egroup2\u003c/perfect_forward_secrecy\u003e\n      \u003cmode\u003emain\u003c/mode\u003e\n      \u003cpre_shared_key\u003eOMSDCrdxIYKNOgQoXTu0SE.wLBSIlmrQ\u003c/pre_shared_key\u003e\n    \u003c/ike\u003e\n    \u003cipsec\u003e\n      \u003cprotocol\u003eesp\u003c/protocol\u003e\n      \u003cauthentication_protocol\u003ehmac-sha1-96\u003c/authentication_protocol\u003e\n      \u003cencryption_protocol\u003eaes-128-cbc\u003c/encryption_protocol\u003e\n      \u003clifetime\u003e3600\u003c/lifetime\u003e\n      \u003cperfect_forward_secrecy\u003egroup2\u003c/perfect_forward_secrecy\u003e\n      \u003cmode\u003etunnel\u003c/mode\u003e\n      \u003cclear_df_bit\u003etrue\u003c/clear_df_bit\u003e\n      \u003cfragmentation_before_encryption\u003etrue\u003c/fragmentation_before_encryption\u003e\n      \u003ctcp_mss_adjustment\u003e1379\u003c/tcp_mss_adjustment\u003e\n      \u003cdead_peer_detection\u003e\n        \u003cinterval\u003e10\u003c/interval\u003e\n        \u003cretries\u003e3\u003c/retries\u003e\n      \u003c/dead_peer_detection\u003e\n    \u003c/ipsec\u003e\n  \u003c/ipsec_tunnel\u003e\n  \u003cipsec_tunnel\u003e\n    \u003ccustomer_gateway\u003e\n      \u003ctunnel_outside_address\u003e\n        \u003cip_address\u003e35.196.110.42\u003c/ip_address\u003e\n      \u003c/tunnel_outside_address\u003e\n      \u003ctunnel_inside_address\u003e\n        \u003cip_address\u003e169.254.66.190\u003c/ip_address\u003e\n        \u003cnetwork_mask\u003e255.255.255.252\u003c/network_mask\u003e\n        \u003cnetwork_cidr\u003e30\u003c/network_cidr\u003e\n      \u003c/tunnel_inside_address\u003e\n      \u003cbgp\u003e\n        \u003casn\u003e65000\u003c/asn\u003e\n        \u003chold_time\u003e30\u003c/hold_time\u003e\n      \u003c/bgp\u003e\n    \u003c/customer_gateway\u003e\n    \u003cvpn_gateway\u003e\n      \u003ctunnel_outside_address\u003e\n        \u003cip_address\u003e34.238.229.92\u003c/ip_address\u003e\n      \u003c/tunnel_outside_address\u003e\n      \u003ctunnel_inside_address\u003e\n        \u003cip_address\u003e169.254.66.189\u003c/ip_address\u003e\n        \u003cnetwork_mask\u003e255.255.255.252\u003c/network_mask\u003e\n        \u003cnetwork_cidr\u003e30\u003c/network_cidr\u003e\n      \u003c/tunnel_inside_address\u003e\n      \u003cbgp\u003e\n        \u003casn\u003e64512\u003c/asn\u003e\n        \u003chold_time\u003e30\u003c/hold_time\u003e\n      \u003c/bgp\u003e\n    \u003c/vpn_gateway\u003e\n    \u003cike\u003e\n      \u003cauthentication_protocol\u003esha1\u003c/authentication_protocol\u003e\n      \u003cencryption_protocol\u003eaes-128-cbc\u003c/encryption_protocol\u003e\n      \u003clifetime\u003e28800\u003c/lifetime\u003e\n      \u003cperfect_forward_secrecy\u003egroup2\u003c/perfect_forward_secrecy\u003e\n      \u003cmode\u003emain\u003c/mode\u003e\n      \u003cpre_shared_key\u003eggxVmsKca7.xL5Pr.ANiUtNpCdgIIOXE\u003c/pre_shared_key\u003e\n    \u003c/ike\u003e\n    \u003cipsec\u003e\n      \u003cprotocol\u003eesp\u003c/protocol\u003e\n      \u003cauthentication_protocol\u003ehmac-sha1-96\u003c/authentication_protocol\u003e\n      \u003cencryption_protocol\u003eaes-128-cbc\u003c/encryption_protocol\u003e\n      \u003clifetime\u003e3600\u003c/lifetime\u003e\n      \u003cperfect_forward_secrecy\u003egroup2\u003c/perfect_forward_secrecy\u003e\n      \u003cmode\u003etunnel\u003c/mode\u003e\n      \u003cclear_df_bit\u003etrue\u003c/clear_df_bit\u003e\n      \u003cfragmentation_before_encryption\u003etrue\u003c/fragmentation_before_encryption\u003e\n      \u003ctcp_mss_adjustment\u003e1379\u003c/tcp_mss_adjustment\u003e\n      \u003cdead_peer_detection\u003e\n        \u003cinterval\u003e10\u003c/interval\u003e\n        \u003cretries\u003e3\u003c/retries\u003e\n      \u003c/dead_peer_detection\u003e\n    \u003c/ipsec\u003e\n  \u003c/ipsec_tunnel\u003e\n\u003c/vpn_connection\u003e",
            "customer_gateway_id": "cgw-07a7ce822dbba00b9",
            "id": "vpn-0f721dc11b770501b",
            "routes": [],
            "static_routes_only": false,
            "tags": {
              "BusinessUnit": "dlos",
              "Name": "DLOS-vpc_one",
              "Owner": "chitender_kumar",
              "Project": "dlos",
              "TechnologyUnit": "infrastructure"
            },
            "transit_gateway_attachment_id": "",
            "transit_gateway_id": "",
            "tunnel1_address": "34.206.5.133",
            "tunnel1_bgp_asn": "64512",
            "tunnel1_bgp_holdtime": 30,
            "tunnel1_cgw_inside_address": "169.254.189.82",
            "tunnel1_inside_cidr": null,
            "tunnel1_preshared_key": "OMSDCrdxIYKNOgQoXTu0SE.wLBSIlmrQ",
            "tunnel1_vgw_inside_address": "169.254.189.81",
            "tunnel2_address": "34.238.229.92",
            "tunnel2_bgp_asn": "64512",
            "tunnel2_bgp_holdtime": 30,
            "tunnel2_cgw_inside_address": "169.254.66.190",
            "tunnel2_inside_cidr": null,
            "tunnel2_preshared_key": "ggxVmsKca7.xL5Pr.ANiUtNpCdgIIOXE",
            "tunnel2_vgw_inside_address": "169.254.66.189",
            "type": "ipsec.1",
            "vgw_telemetry": [
              {
                "accepted_route_count": 0,
                "last_status_change": "2019-11-27 19:02:03 +0000 UTC",
                "outside_ip_address": "34.238.229.92",
                "status": "DOWN",
                "status_message": "IPSEC IS DOWN"
              },
              {
                "accepted_route_count": 0,
                "last_status_change": "2019-11-27 19:04:17 +0000 UTC",
                "outside_ip_address": "34.206.5.133",
                "status": "DOWN",
                "status_message": "IPSEC IS DOWN"
              }
            ],
            "vpn_gateway_id": "vgw-09f89a8c366ab22bc"
          },
          "private": "bnVsbA==",
          "depends_on": [
            "aws_customer_gateway.aws-cgw-vpc-one",
            "aws_vpn_gateway.aws-vpn-gw-vpc-one"
          ]
        }
      ]
    },
    {
      "mode": "managed",
      "type": "aws_vpn_connection",
      "name": "aws-vpn-connection-vpc-two",
      "provider": "provider.aws.ohio",
      "instances": [
        {
          "schema_version": 0,
          "attributes": {
            "customer_gateway_configuration": "\u003c?xml version=\"1.0\" encoding=\"UTF-8\"?\u003e\n\u003cvpn_connection id=\"vpn-06b6f2e61a6c2d85e\"\u003e\n  \u003ccustomer_gateway_id\u003ecgw-0b9f370237ac28371\u003c/customer_gateway_id\u003e\n  \u003cvpn_gateway_id\u003evgw-0c12572b74235a4a0\u003c/vpn_gateway_id\u003e\n  \u003cvpn_connection_type\u003eipsec.1\u003c/vpn_connection_type\u003e\n  \u003cipsec_tunnel\u003e\n    \u003ccustomer_gateway\u003e\n      \u003ctunnel_outside_address\u003e\n        \u003cip_address\u003e35.196.110.42\u003c/ip_address\u003e\n      \u003c/tunnel_outside_address\u003e\n      \u003ctunnel_inside_address\u003e\n        \u003cip_address\u003e169.254.38.46\u003c/ip_address\u003e\n        \u003cnetwork_mask\u003e255.255.255.252\u003c/network_mask\u003e\n        \u003cnetwork_cidr\u003e30\u003c/network_cidr\u003e\n      \u003c/tunnel_inside_address\u003e\n      \u003cbgp\u003e\n        \u003casn\u003e65000\u003c/asn\u003e\n        \u003chold_time\u003e30\u003c/hold_time\u003e\n      \u003c/bgp\u003e\n    \u003c/customer_gateway\u003e\n    \u003cvpn_gateway\u003e\n      \u003ctunnel_outside_address\u003e\n        \u003cip_address\u003e3.132.75.61\u003c/ip_address\u003e\n      \u003c/tunnel_outside_address\u003e\n      \u003ctunnel_inside_address\u003e\n        \u003cip_address\u003e169.254.38.45\u003c/ip_address\u003e\n        \u003cnetwork_mask\u003e255.255.255.252\u003c/network_mask\u003e\n        \u003cnetwork_cidr\u003e30\u003c/network_cidr\u003e\n      \u003c/tunnel_inside_address\u003e\n      \u003cbgp\u003e\n        \u003casn\u003e64512\u003c/asn\u003e\n        \u003chold_time\u003e30\u003c/hold_time\u003e\n      \u003c/bgp\u003e\n    \u003c/vpn_gateway\u003e\n    \u003cike\u003e\n      \u003cauthentication_protocol\u003esha1\u003c/authentication_protocol\u003e\n      \u003cencryption_protocol\u003eaes-128-cbc\u003c/encryption_protocol\u003e\n      \u003clifetime\u003e28800\u003c/lifetime\u003e\n      \u003cperfect_forward_secrecy\u003egroup2\u003c/perfect_forward_secrecy\u003e\n      \u003cmode\u003emain\u003c/mode\u003e\n      \u003cpre_shared_key\u003eZCw.HHk5fxnbyuQWJYLGDqEVJQIidtZr\u003c/pre_shared_key\u003e\n    \u003c/ike\u003e\n    \u003cipsec\u003e\n      \u003cprotocol\u003eesp\u003c/protocol\u003e\n      \u003cauthentication_protocol\u003ehmac-sha1-96\u003c/authentication_protocol\u003e\n      \u003cencryption_protocol\u003eaes-128-cbc\u003c/encryption_protocol\u003e\n      \u003clifetime\u003e3600\u003c/lifetime\u003e\n      \u003cperfect_forward_secrecy\u003egroup2\u003c/perfect_forward_secrecy\u003e\n      \u003cmode\u003etunnel\u003c/mode\u003e\n      \u003cclear_df_bit\u003etrue\u003c/clear_df_bit\u003e\n      \u003cfragmentation_before_encryption\u003etrue\u003c/fragmentation_before_encryption\u003e\n      \u003ctcp_mss_adjustment\u003e1379\u003c/tcp_mss_adjustment\u003e\n      \u003cdead_peer_detection\u003e\n        \u003cinterval\u003e10\u003c/interval\u003e\n        \u003cretries\u003e3\u003c/retries\u003e\n      \u003c/dead_peer_detection\u003e\n    \u003c/ipsec\u003e\n  \u003c/ipsec_tunnel\u003e\n  \u003cipsec_tunnel\u003e\n    \u003ccustomer_gateway\u003e\n      \u003ctunnel_outside_address\u003e\n        \u003cip_address\u003e35.196.110.42\u003c/ip_address\u003e\n      \u003c/tunnel_outside_address\u003e\n      \u003ctunnel_inside_address\u003e\n        \u003cip_address\u003e169.254.79.2\u003c/ip_address\u003e\n        \u003cnetwork_mask\u003e255.255.255.252\u003c/network_mask\u003e\n        \u003cnetwork_cidr\u003e30\u003c/network_cidr\u003e\n      \u003c/tunnel_inside_address\u003e\n      \u003cbgp\u003e\n        \u003casn\u003e65000\u003c/asn\u003e\n        \u003chold_time\u003e30\u003c/hold_time\u003e\n      \u003c/bgp\u003e\n    \u003c/customer_gateway\u003e\n    \u003cvpn_gateway\u003e\n      \u003ctunnel_outside_address\u003e\n        \u003cip_address\u003e18.190.15.160\u003c/ip_address\u003e\n      \u003c/tunnel_outside_address\u003e\n      \u003ctunnel_inside_address\u003e\n        \u003cip_address\u003e169.254.79.1\u003c/ip_address\u003e\n        \u003cnetwork_mask\u003e255.255.255.252\u003c/network_mask\u003e\n        \u003cnetwork_cidr\u003e30\u003c/network_cidr\u003e\n      \u003c/tunnel_inside_address\u003e\n      \u003cbgp\u003e\n        \u003casn\u003e64512\u003c/asn\u003e\n        \u003chold_time\u003e30\u003c/hold_time\u003e\n      \u003c/bgp\u003e\n    \u003c/vpn_gateway\u003e\n    \u003cike\u003e\n      \u003cauthentication_protocol\u003esha1\u003c/authentication_protocol\u003e\n      \u003cencryption_protocol\u003eaes-128-cbc\u003c/encryption_protocol\u003e\n      \u003clifetime\u003e28800\u003c/lifetime\u003e\n      \u003cperfect_forward_secrecy\u003egroup2\u003c/perfect_forward_secrecy\u003e\n      \u003cmode\u003emain\u003c/mode\u003e\n      \u003cpre_shared_key\u003e3WqbK4BuJEzqQka8eNEHSLa2Q5JfA84G\u003c/pre_shared_key\u003e\n    \u003c/ike\u003e\n    \u003cipsec\u003e\n      \u003cprotocol\u003eesp\u003c/protocol\u003e\n      \u003cauthentication_protocol\u003ehmac-sha1-96\u003c/authentication_protocol\u003e\n      \u003cencryption_protocol\u003eaes-128-cbc\u003c/encryption_protocol\u003e\n      \u003clifetime\u003e3600\u003c/lifetime\u003e\n      \u003cperfect_forward_secrecy\u003egroup2\u003c/perfect_forward_secrecy\u003e\n      \u003cmode\u003etunnel\u003c/mode\u003e\n      \u003cclear_df_bit\u003etrue\u003c/clear_df_bit\u003e\n      \u003cfragmentation_before_encryption\u003etrue\u003c/fragmentation_before_encryption\u003e\n      \u003ctcp_mss_adjustment\u003e1379\u003c/tcp_mss_adjustment\u003e\n      \u003cdead_peer_detection\u003e\n        \u003cinterval\u003e10\u003c/interval\u003e\n        \u003cretries\u003e3\u003c/retries\u003e\n      \u003c/dead_peer_detection\u003e\n    \u003c/ipsec\u003e\n  \u003c/ipsec_tunnel\u003e\n\u003c/vpn_connection\u003e",
            "customer_gateway_id": "cgw-0b9f370237ac28371",
            "id": "vpn-06b6f2e61a6c2d85e",
            "routes": [],
            "static_routes_only": false,
            "tags": {
              "BusinessUnit": "dlos",
              "Name": "DLOS-vpc_two",
              "Owner": "chitender_kumar",
              "Project": "dlos",
              "TechnologyUnit": "infrastructure"
            },
            "transit_gateway_attachment_id": "",
            "transit_gateway_id": "",
            "tunnel1_address": "18.190.15.160",
            "tunnel1_bgp_asn": "64512",
            "tunnel1_bgp_holdtime": 30,
            "tunnel1_cgw_inside_address": "169.254.79.2",
            "tunnel1_inside_cidr": null,
            "tunnel1_preshared_key": "3WqbK4BuJEzqQka8eNEHSLa2Q5JfA84G",
            "tunnel1_vgw_inside_address": "169.254.79.1",
            "tunnel2_address": "3.132.75.61",
            "tunnel2_bgp_asn": "64512",
            "tunnel2_bgp_holdtime": 30,
            "tunnel2_cgw_inside_address": "169.254.38.46",
            "tunnel2_inside_cidr": null,
            "tunnel2_preshared_key": "ZCw.HHk5fxnbyuQWJYLGDqEVJQIidtZr",
            "tunnel2_vgw_inside_address": "169.254.38.45",
            "type": "ipsec.1",
            "vgw_telemetry": [
              {
                "accepted_route_count": 0,
                "last_status_change": "2019-11-27 18:59:51 +0000 UTC",
                "outside_ip_address": "3.132.75.61",
                "status": "DOWN",
                "status_message": "IPSEC IS DOWN"
              },
              {
                "accepted_route_count": 0,
                "last_status_change": "2019-11-27 18:59:57 +0000 UTC",
                "outside_ip_address": "18.190.15.160",
                "status": "DOWN",
                "status_message": "IPSEC IS DOWN"
              }
            ],
            "vpn_gateway_id": "vgw-0c12572b74235a4a0"
          },
          "private": "bnVsbA==",
          "depends_on": [
            "aws_customer_gateway.aws-cgw-vpc-two",
            "aws_vpn_gateway.aws-vpn-gw-vpc-two"
          ]
        }
      ]
    },
    {
      "mode": "managed",
      "type": "aws_vpn_gateway",
      "name": "aws-vpn-gw-vpc-one",
      "provider": "provider.aws",
      "instances": [
        {
          "schema_version": 0,
          "attributes": {
            "amazon_side_asn": "64512",
            "availability_zone": null,
            "id": "vgw-09f89a8c366ab22bc",
            "tags": null,
            "vpc_id": "vpc-078b2d0cce8853116"
          },
          "private": "bnVsbA==",
          "depends_on": [
            "aws_vpc.vpc_one"
          ]
        }
      ]
    },
    {
      "mode": "managed",
      "type": "aws_vpn_gateway",
      "name": "aws-vpn-gw-vpc-two",
      "provider": "provider.aws.ohio",
      "instances": [
        {
          "schema_version": 0,
          "attributes": {
            "amazon_side_asn": "64512",
            "availability_zone": null,
            "id": "vgw-0c12572b74235a4a0",
            "tags": {
              "BusinessUnit": "dlos",
              "Name": "DLOS-vpc_two",
              "Owner": "chitender_kumar",
              "Project": "dlos",
              "TechnologyUnit": "infrastructure"
            },
            "vpc_id": "vpc-0d202c7175dfa3abc"
          },
          "private": "bnVsbA==",
          "depends_on": [
            "aws_vpc.vpc_two"
          ]
        }
      ]
    },
    {
      "mode": "managed",
      "type": "aws_vpn_gateway_attachment",
      "name": "vpn_attachment_vpc_one",
      "provider": "provider.aws",
      "instances": [
        {
          "schema_version": 0,
          "attributes": {
            "id": "vpn-attachment-5af1dcc6",
            "vpc_id": "vpc-078b2d0cce8853116",
            "vpn_gateway_id": "vgw-09f89a8c366ab22bc"
          },
          "private": "bnVsbA==",
          "depends_on": [
            "aws_vpc.vpc_one",
            "aws_vpn_gateway.aws-vpn-gw-vpc-one"
          ]
        }
      ]
    },
    {
      "mode": "managed",
      "type": "aws_vpn_gateway_attachment",
      "name": "vpn_attachment_vpc_two",
      "provider": "provider.aws.ohio",
      "instances": [
        {
          "schema_version": 0,
          "attributes": {
            "id": "vpn-attachment-adba5e5f",
            "vpc_id": "vpc-0d202c7175dfa3abc",
            "vpn_gateway_id": "vgw-0c12572b74235a4a0"
          },
          "private": "bnVsbA==",
          "depends_on": [
            "aws_vpc.vpc_two",
            "aws_vpn_gateway.aws-vpn-gw-vpc-two"
          ]
        }
      ]
    },
    {
      "mode": "managed",
      "type": "aws_vpn_gateway_route_propagation",
      "name": "rp_vpc_one_controller",
      "provider": "provider.aws",
      "instances": [
        {
          "schema_version": 0,
          "attributes": {
            "id": "vgw-09f89a8c366ab22bc_rtb-0451cfe7e0a358ceb",
            "route_table_id": "rtb-0451cfe7e0a358ceb",
            "vpn_gateway_id": "vgw-09f89a8c366ab22bc"
          },
          "private": "bnVsbA==",
          "depends_on": [
            "aws_route_table.vpc_one_controller_route",
            "aws_vpn_connection.aws-vpn-connection-vpc-one",
            "aws_vpn_gateway.aws-vpn-gw-vpc-one"
          ]
        }
      ]
    },
    {
      "mode": "managed",
      "type": "aws_vpn_gateway_route_propagation",
      "name": "rp_vpc_one_worker",
      "provider": "provider.aws",
      "instances": [
        {
          "schema_version": 0,
          "attributes": {
            "id": "vgw-09f89a8c366ab22bc_rtb-06bd8967d46a599b7",
            "route_table_id": "rtb-06bd8967d46a599b7",
            "vpn_gateway_id": "vgw-09f89a8c366ab22bc"
          },
          "private": "bnVsbA==",
          "depends_on": [
            "aws_route_table.vpc_one_worker_route",
            "aws_vpn_connection.aws-vpn-connection-vpc-one",
            "aws_vpn_gateway.aws-vpn-gw-vpc-one"
          ]
        }
      ]
    },
    {
      "mode": "managed",
      "type": "aws_vpn_gateway_route_propagation",
      "name": "rp_vpc_two_controller",
      "provider": "provider.aws.ohio",
      "instances": [
        {
          "schema_version": 0,
          "attributes": {
            "id": "vgw-0c12572b74235a4a0_rtb-0bf6742553b0e1bad",
            "route_table_id": "rtb-0bf6742553b0e1bad",
            "vpn_gateway_id": "vgw-0c12572b74235a4a0"
          },
          "private": "bnVsbA==",
          "depends_on": [
            "aws_route_table.vpc_two_controller_route",
            "aws_vpn_connection.aws-vpn-connection-vpc-two",
            "aws_vpn_gateway.aws-vpn-gw-vpc-two"
          ]
        }
      ]
    },
    {
      "mode": "managed",
      "type": "aws_vpn_gateway_route_propagation",
      "name": "rp_vpc_two_worker",
      "provider": "provider.aws.ohio",
      "instances": [
        {
          "schema_version": 0,
          "attributes": {
            "id": "vgw-0c12572b74235a4a0_rtb-0072f8fff8694eebf",
            "route_table_id": "rtb-0072f8fff8694eebf",
            "vpn_gateway_id": "vgw-0c12572b74235a4a0"
          },
          "private": "bnVsbA==",
          "depends_on": [
            "aws_route_table.vpc_two_worker_route",
            "aws_vpn_connection.aws-vpn-connection-vpc-two",
            "aws_vpn_gateway.aws-vpn-gw-vpc-two"
          ]
        }
      ]
    },
    {
      "mode": "managed",
      "type": "google_compute_address",
      "name": "gcp-vpn-ip",
      "provider": "provider.google",
      "instances": [
        {
          "schema_version": 0,
          "attributes": {
            "address": "35.196.110.42",
            "address_type": "EXTERNAL",
            "creation_timestamp": "2019-11-27T10:56:48.232-08:00",
            "description": "",
            "id": "projects/multicloud-kubernetes/regions/us-east1/addresses/gcp-vpn-ip",
            "name": "gcp-vpn-ip",
            "network_tier": "PREMIUM",
            "project": "multicloud-kubernetes",
            "purpose": "",
            "region": "us-east1",
            "self_link": "https://www.googleapis.com/compute/v1/projects/multicloud-kubernetes/regions/us-east1/addresses/gcp-vpn-ip",
            "subnetwork": "",
            "timeouts": null,
            "users": []
          },
          "private": "eyJlMmJmYjczMC1lY2FhLTExZTYtOGY4OC0zNDM2M2JjN2M0YzAiOnsiY3JlYXRlIjoyNDAwMDAwMDAwMDAsImRlbGV0ZSI6MjQwMDAwMDAwMDAwfX0="
        }
      ]
    },
    {
      "mode": "managed",
      "type": "google_compute_address",
      "name": "static_controller",
      "provider": "provider.google",
      "instances": [
        {
          "schema_version": 0,
          "attributes": {
            "address": "35.196.70.28",
            "address_type": "EXTERNAL",
            "creation_timestamp": "2019-11-27T10:56:48.299-08:00",
            "description": "",
            "id": "projects/multicloud-kubernetes/regions/us-east1/addresses/controller-public",
            "name": "controller-public",
            "network_tier": "PREMIUM",
            "project": "multicloud-kubernetes",
            "purpose": "",
            "region": "us-east1",
            "self_link": "https://www.googleapis.com/compute/v1/projects/multicloud-kubernetes/regions/us-east1/addresses/controller-public",
            "subnetwork": "",
            "timeouts": null,
            "users": []
          },
          "private": "eyJlMmJmYjczMC1lY2FhLTExZTYtOGY4OC0zNDM2M2JjN2M0YzAiOnsiY3JlYXRlIjoyNDAwMDAwMDAwMDAsImRlbGV0ZSI6MjQwMDAwMDAwMDAwfX0="
        }
      ]
    },
    {
      "mode": "managed",
      "type": "google_compute_firewall",
      "name": "allow-bastion",
      "provider": "provider.google",
      "instances": [
        {
          "schema_version": 1,
          "attributes": {
            "allow": [
              {
                "ports": [
                  "22"
                ],
                "protocol": "tcp"
              }
            ],
            "creation_timestamp": "2019-11-27T10:57:06.069-08:00",
            "deny": [],
            "description": "",
            "destination_ranges": [],
            "direction": "INGRESS",
            "disabled": false,
            "id": "projects/multicloud-kubernetes/global/firewalls/dlos-fw-allow-bastion",
            "name": "dlos-fw-allow-bastion",
            "network": "https://www.googleapis.com/compute/v1/projects/multicloud-kubernetes/global/networks/dlos-development-vpc",
            "priority": 1000,
            "project": "multicloud-kubernetes",
            "self_link": "https://www.googleapis.com/compute/v1/projects/multicloud-kubernetes/global/firewalls/dlos-fw-allow-bastion",
            "source_ranges": [
              "0.0.0.0/0"
            ],
            "source_service_accounts": null,
            "source_tags": null,
            "target_service_accounts": null,
            "target_tags": [
              "ssh"
            ],
            "timeouts": null
          },
          "private": "eyJlMmJmYjczMC1lY2FhLTExZTYtOGY4OC0zNDM2M2JjN2M0YzAiOnsiY3JlYXRlIjoyNDAwMDAwMDAwMDAsImRlbGV0ZSI6MjQwMDAwMDAwMDAwLCJ1cGRhdGUiOjI0MDAwMDAwMDAwMH0sInNjaGVtYV92ZXJzaW9uIjoiMSJ9",
          "depends_on": [
            "google_compute_network.vpc_three"
          ]
        }
      ]
    },
    {
      "mode": "managed",
      "type": "google_compute_firewall",
      "name": "allow-http",
      "provider": "provider.google",
      "instances": [
        {
          "schema_version": 1,
          "attributes": {
            "allow": [
              {
                "ports": [
                  "6443"
                ],
                "protocol": "tcp"
              }
            ],
            "creation_timestamp": "2019-11-27T10:57:08.393-08:00",
            "deny": [],
            "description": "",
            "destination_ranges": [],
            "direction": "INGRESS",
            "disabled": false,
            "id": "projects/multicloud-kubernetes/global/firewalls/dlos-fw-allow-http",
            "name": "dlos-fw-allow-http",
            "network": "https://www.googleapis.com/compute/v1/projects/multicloud-kubernetes/global/networks/dlos-development-vpc",
            "priority": 1000,
            "project": "multicloud-kubernetes",
            "self_link": "https://www.googleapis.com/compute/v1/projects/multicloud-kubernetes/global/firewalls/dlos-fw-allow-http",
            "source_ranges": [
              "0.0.0.0/0"
            ],
            "source_service_accounts": null,
            "source_tags": null,
            "target_service_accounts": null,
            "target_tags": [
              "controller"
            ],
            "timeouts": null
          },
          "private": "eyJlMmJmYjczMC1lY2FhLTExZTYtOGY4OC0zNDM2M2JjN2M0YzAiOnsiY3JlYXRlIjoyNDAwMDAwMDAwMDAsImRlbGV0ZSI6MjQwMDAwMDAwMDAwLCJ1cGRhdGUiOjI0MDAwMDAwMDAwMH0sInNjaGVtYV92ZXJzaW9uIjoiMSJ9",
          "depends_on": [
            "google_compute_network.vpc_three"
          ]
        }
      ]
    },
    {
      "mode": "managed",
      "type": "google_compute_firewall",
      "name": "allow-internal",
      "provider": "provider.google",
      "instances": [
        {
          "schema_version": 1,
          "attributes": {
            "allow": [
              {
                "ports": [
                  "0-65535"
                ],
                "protocol": "tcp"
              },
              {
                "ports": [
                  "0-65535"
                ],
                "protocol": "udp"
              },
              {
                "ports": [],
                "protocol": "icmp"
              }
            ],
            "creation_timestamp": "2019-11-27T10:57:05.879-08:00",
            "deny": [],
            "description": "",
            "destination_ranges": [],
            "direction": "INGRESS",
            "disabled": false,
            "id": "projects/multicloud-kubernetes/global/firewalls/dlos-fw-allow-internal",
            "name": "dlos-fw-allow-internal",
            "network": "https://www.googleapis.com/compute/v1/projects/multicloud-kubernetes/global/networks/dlos-development-vpc",
            "priority": 1000,
            "project": "multicloud-kubernetes",
            "self_link": "https://www.googleapis.com/compute/v1/projects/multicloud-kubernetes/global/firewalls/dlos-fw-allow-internal",
            "source_ranges": [
              "10.2.1.0/24",
              "10.2.2.0/24"
            ],
            "source_service_accounts": null,
            "source_tags": null,
            "target_service_accounts": null,
            "target_tags": null,
            "timeouts": null
          },
          "private": "eyJlMmJmYjczMC1lY2FhLTExZTYtOGY4OC0zNDM2M2JjN2M0YzAiOnsiY3JlYXRlIjoyNDAwMDAwMDAwMDAsImRlbGV0ZSI6MjQwMDAwMDAwMDAwLCJ1cGRhdGUiOjI0MDAwMDAwMDAwMH0sInNjaGVtYV92ZXJzaW9uIjoiMSJ9",
          "depends_on": [
            "google_compute_network.vpc_three"
          ]
        }
      ]
    },
    {
      "mode": "managed",
      "type": "google_compute_forwarding_rule",
      "name": "fr_esp",
      "provider": "provider.google",
      "instances": [
        {
          "schema_version": 0,
          "attributes": {
            "all_ports": false,
            "backend_service": "",
            "creation_timestamp": "2019-11-27T10:57:17.701-08:00",
            "description": "",
            "id": "projects/multicloud-kubernetes/regions/us-east1/forwardingRules/fr-esp",
            "ip_address": "35.196.110.42",
            "ip_protocol": "ESP",
            "ip_version": null,
            "load_balancing_scheme": "EXTERNAL",
            "name": "fr-esp",
            "network": "",
            "network_tier": "PREMIUM",
            "port_range": "",
            "ports": null,
            "project": "multicloud-kubernetes",
            "region": "us-east1",
            "self_link": "https://www.googleapis.com/compute/v1/projects/multicloud-kubernetes/regions/us-east1/forwardingRules/fr-esp",
            "service_label": "",
            "service_name": "",
            "subnetwork": "",
            "target": "https://www.googleapis.com/compute/v1/projects/multicloud-kubernetes/regions/us-east1/targetVpnGateways/gcp-vpn-gw-us-east1",
            "timeouts": null
          },
          "private": "eyJlMmJmYjczMC1lY2FhLTExZTYtOGY4OC0zNDM2M2JjN2M0YzAiOnsiY3JlYXRlIjoyNDAwMDAwMDAwMDAsImRlbGV0ZSI6MjQwMDAwMDAwMDAwLCJ1cGRhdGUiOjI0MDAwMDAwMDAwMH19",
          "depends_on": [
            "google_compute_address.gcp-vpn-ip",
            "google_compute_vpn_gateway.gcp-vpn-gw"
          ]
        }
      ]
    },
    {
      "mode": "managed",
      "type": "google_compute_forwarding_rule",
      "name": "fr_udp4500",
      "provider": "provider.google",
      "instances": [
        {
          "schema_version": 0,
          "attributes": {
            "all_ports": false,
            "backend_service": "",
            "creation_timestamp": "2019-11-27T10:57:21.150-08:00",
            "description": "",
            "id": "projects/multicloud-kubernetes/regions/us-east1/forwardingRules/fr-udp4500",
            "ip_address": "35.196.110.42",
            "ip_protocol": "UDP",
            "ip_version": null,
            "load_balancing_scheme": "EXTERNAL",
            "name": "fr-udp4500",
            "network": "",
            "network_tier": "PREMIUM",
            "port_range": "4500-4500",
            "ports": null,
            "project": "multicloud-kubernetes",
            "region": "us-east1",
            "self_link": "https://www.googleapis.com/compute/v1/projects/multicloud-kubernetes/regions/us-east1/forwardingRules/fr-udp4500",
            "service_label": "",
            "service_name": "",
            "subnetwork": "",
            "target": "https://www.googleapis.com/compute/v1/projects/multicloud-kubernetes/regions/us-east1/targetVpnGateways/gcp-vpn-gw-us-east1",
            "timeouts": null
          },
          "private": "eyJlMmJmYjczMC1lY2FhLTExZTYtOGY4OC0zNDM2M2JjN2M0YzAiOnsiY3JlYXRlIjoyNDAwMDAwMDAwMDAsImRlbGV0ZSI6MjQwMDAwMDAwMDAwLCJ1cGRhdGUiOjI0MDAwMDAwMDAwMH19",
          "depends_on": [
            "google_compute_address.gcp-vpn-ip",
            "google_compute_vpn_gateway.gcp-vpn-gw"
          ]
        }
      ]
    },
    {
      "mode": "managed",
      "type": "google_compute_forwarding_rule",
      "name": "fr_udp500",
      "provider": "provider.google",
      "instances": [
        {
          "schema_version": 0,
          "attributes": {
            "all_ports": false,
            "backend_service": "",
            "creation_timestamp": "2019-11-27T10:57:17.890-08:00",
            "description": "",
            "id": "projects/multicloud-kubernetes/regions/us-east1/forwardingRules/fr-udp500",
            "ip_address": "35.196.110.42",
            "ip_protocol": "UDP",
            "ip_version": null,
            "load_balancing_scheme": "EXTERNAL",
            "name": "fr-udp500",
            "network": "",
            "network_tier": "PREMIUM",
            "port_range": "500-500",
            "ports": null,
            "project": "multicloud-kubernetes",
            "region": "us-east1",
            "self_link": "https://www.googleapis.com/compute/v1/projects/multicloud-kubernetes/regions/us-east1/forwardingRules/fr-udp500",
            "service_label": "",
            "service_name": "",
            "subnetwork": "",
            "target": "https://www.googleapis.com/compute/v1/projects/multicloud-kubernetes/regions/us-east1/targetVpnGateways/gcp-vpn-gw-us-east1",
            "timeouts": null
          },
          "private": "eyJlMmJmYjczMC1lY2FhLTExZTYtOGY4OC0zNDM2M2JjN2M0YzAiOnsiY3JlYXRlIjoyNDAwMDAwMDAwMDAsImRlbGV0ZSI6MjQwMDAwMDAwMDAwLCJ1cGRhdGUiOjI0MDAwMDAwMDAwMH19",
          "depends_on": [
            "google_compute_address.gcp-vpn-ip",
            "google_compute_vpn_gateway.gcp-vpn-gw"
          ]
        }
      ]
    },
    {
      "mode": "managed",
      "type": "google_compute_instance",
      "name": "controller_instance",
      "provider": "provider.google",
      "instances": [
        {
          "schema_version": 6,
          "attributes": {
            "allow_stopping_for_update": null,
            "attached_disk": [],
            "boot_disk": [
              {
                "auto_delete": true,
                "device_name": "persistent-disk-0",
                "disk_encryption_key_raw": "",
                "disk_encryption_key_sha256": "",
                "initialize_params": [
                  {
                    "image": "https://www.googleapis.com/compute/v1/projects/ubuntu-os-cloud/global/images/ubuntu-1804-bionic-v20190403",
                    "labels": {},
                    "size": 50,
                    "type": "pd-standard"
                  }
                ],
                "kms_key_self_link": "",
                "mode": "READ_WRITE",
                "source": "https://www.googleapis.com/compute/v1/projects/multicloud-kubernetes/zones/us-east1-b/disks/dlos-controller"
              }
            ],
            "can_ip_forward": false,
            "cpu_platform": "Intel Haswell",
            "deletion_protection": false,
            "description": "",
            "enable_display": false,
            "guest_accelerator": [],
            "hostname": "",
            "id": "projects/multicloud-kubernetes/zones/us-east1-b/instances/dlos-controller",
            "instance_id": "8804026868391180741",
            "label_fingerprint": "q9gzQtZ16FA=",
            "labels": {
              "businessunit": "dlos",
              "cloud": "gcp",
              "component": "controller",
              "name": "dlos-development-controller",
              "owner": "chitender_kumar",
              "project": "dlos",
              "technologyunit": "infrastructure"
            },
            "machine_type": "f1-micro",
            "metadata": {
              "ssh-keys": "dlos:ssh-rsa AAAAB3NzaC1yc2EAAAADAQABAAABAQDRPjE9xyM6rMakE16M5qRpl/cVJ2q+H453v4fC1oYDSxRumDerYTkNpedYI+qdLr+hIHv92CPtBDW84z7rF8ctGg7vKdWxk2AYxLFTtmS7r5oO2WE7Tx4ZGa8rVjzm94Jsxeblcz4v/9GDWX935mLXHyhgKr6SS8Nq/D+tgzoY8ta2Q/ZXpzLEM+uw23uPkJ+v1X8+ZyGX9oha9A8XM1vSLNmHD+A+jM0wiFyPS3MR1CWistJM6wJJo/EqigDran8P4y6KK19NP9YlRiK2pY/C5RmD4Q9pA/hZ6E+CcM1S2+o01QCmTzLtsQw7sspS0HgVJCyVp164A3psFPvjzf2f delhivery@DV-LT-N-017992.local\n"
            },
            "metadata_fingerprint": "0yjpH9LaYgY=",
            "metadata_startup_script": "#!/bin/bash\n\nsudo rm -f /var/log/user-data.log\nsudo touch /var/log/user-data.log\nsudo chown ubuntu:ubuntu /var/log/user-data.log\nexec \u003e \u003e(tee /var/log/user-data.log|logger -t user-data -s 2\u003e/dev/null) 2\u003e\u00261\n\necho BEGIN\ndate '+%Y-%m-%d %H:%M:%S'\n\nsudo apt-get update\nsudo apt-get -y install socat conntrack ipset golang-cfssl awscli\n\n### Disabling IPV6\nsudo sysctl -w net.ipv6.conf.all.disable_ipv6=1\nsudo sysctl -w net.ipv6.conf.default.disable_ipv6=1\nsudo sysctl -w net.ipv6.conf.lo.disable_ipv6=1\n\n###### get ca.pem from S3 bucket\naws s3 cp s3://dlos-platform-poc/ca.pem .\naws s3 cp s3://dlos-platform-poc/ca-key.pem .\naws s3 cp s3://dlos-platform-poc/ca-config.json .\n##### installing required packages\n\n### ETCD\nwget -q --show-progress --https-only --timestamping \\\n  \"https://github.com/etcd-io/etcd/releases/download/v3.4.0/etcd-v3.4.0-linux-amd64.tar.gz\"\ntar -xvf etcd-v3.4.0-linux-amd64.tar.gz\n  sudo mv etcd-v3.4.0-linux-amd64/etcd* /usr/local/bin/\n\n\n#### Control Plane\nsudo mkdir -p /etc/kubernetes/config\nwget -q --show-progress --https-only --timestamping \\\n  \"https://storage.googleapis.com/kubernetes-release/release/v1.15.3/bin/linux/amd64/kube-apiserver\" \\\n  \"https://storage.googleapis.com/kubernetes-release/release/v1.15.3/bin/linux/amd64/kube-controller-manager\" \\\n  \"https://storage.googleapis.com/kubernetes-release/release/v1.15.3/bin/linux/amd64/kube-scheduler\" \\\n  \"https://storage.googleapis.com/kubernetes-release/release/v1.15.3/bin/linux/amd64/kubectl\"\n\nsudo chmod +x kube-apiserver kube-controller-manager kube-scheduler kubectl\nsudo mv kube-apiserver kube-controller-manager kube-scheduler kubectl /usr/local/bin/\n\ncat \u003e admin-csr.json \u003c\u003cEOF\n{\n  \"CN\": \"admin\",\n  \"key\": {\n    \"algo\": \"rsa\",\n    \"size\": 2048\n  },\n  \"names\": [\n    {\n      \"C\": \"US\",\n      \"L\": \"Seattle\",\n      \"O\": \"system:masters\",\n      \"OU\": \"DLOS\",\n      \"ST\": \"Washington\"\n    }\n  ]\n}\nEOF\n\ncfssl gencert \\\n  -ca=ca.pem \\\n  -ca-key=ca-key.pem \\\n  -config=ca-config.json \\\n  -profile=kubernetes \\\n  admin-csr.json | cfssljson -bare admin\n\ncat \u003e kube-controller-manager-csr.json \u003c\u003cEOF\n{\n  \"CN\": \"system:kube-controller-manager\",\n  \"key\": {\n    \"algo\": \"rsa\",\n    \"size\": 2048\n  },\n  \"names\": [\n    {\n      \"C\": \"US\",\n      \"L\": \"Seattle\",\n      \"O\": \"system:masters\",\n      \"OU\": \"DLOS\",\n      \"ST\": \"Washington\"\n    }\n  ]\n}\nEOF\n\ncfssl gencert \\\n  -ca=ca.pem \\\n  -ca-key=ca-key.pem \\\n  -config=ca-config.json \\\n  -profile=kubernetes \\\n  kube-controller-manager-csr.json | cfssljson -bare kube-controller-manager\n\n\ncat \u003e kube-scheduler-csr.json \u003c\u003cEOF\n{\n  \"CN\": \"system:kube-scheduler\",\n  \"key\": {\n    \"algo\": \"rsa\",\n    \"size\": 2048\n  },\n  \"names\": [\n    {\n      \"C\": \"US\",\n      \"L\": \"Seattle\",\n      \"O\": \"system:masters\",\n      \"OU\": \"DLOS\",\n      \"ST\": \"Washington\"\n    }\n  ]\n}\nEOF\n\ncfssl gencert \\\n  -ca=ca.pem \\\n  -ca-key=ca-key.pem \\\n  -config=ca-config.json \\\n  -profile=kubernetes \\\n  kube-scheduler-csr.json | cfssljson -bare kube-scheduler\n\nKUBERNETES_PUBLIC_ADDRESS='1.2.3.4'\n\nKUBERNETES_HOSTNAMES='kubeapi.dlos-example.com,etcd.dlos-example.com,kubernetes,kubernetes.default,kubernetes.default.svc,kubernetes.default.svc.cluster,kubernetes.svc.cluster.local'\n\ncat \u003e kubernetes-csr.json \u003c\u003cEOF\n{\n  \"CN\": \"kubernetes\",\n  \"key\": {\n    \"algo\": \"rsa\",\n    \"size\": 2048\n  },\n  \"names\": [\n    {\n      \"C\": \"US\",\n      \"L\": \"Seattle\",\n      \"O\": \"system:masters\",\n      \"OU\": \"DLOS\",\n      \"ST\": \"Washington\"\n    }\n  ]\n}\nEOF\n\ncfssl gencert \\\n  -ca=ca.pem \\\n  -ca-key=ca-key.pem \\\n  -config=ca-config.json \\\n  -hostname=10.32.0.1,10.0.1.11,10.1.1.11,10.2.1.11,${KUBERNETES_PUBLIC_ADDRESS},127.0.0.1,${KUBERNETES_HOSTNAMES} \\\n  -profile=kubernetes \\\n  kubernetes-csr.json | cfssljson -bare kubernetes\n\ncat \u003e service-account-csr.json \u003c\u003cEOF\n{\n  \"CN\": \"service-accounts\",\n  \"key\": {\n    \"algo\": \"rsa\",\n    \"size\": 2048\n  },\n  \"names\": [\n    {\n      \"C\": \"US\",\n      \"L\": \"Seattle\",\n      \"O\": \"system:masters\",\n      \"OU\": \"DLOS\",\n      \"ST\": \"Washington\"\n    }\n  ]\n}\nEOF\n\ncfssl gencert \\\n  -ca=ca.pem \\\n  -ca-key=ca-key.pem \\\n  -config=ca-config.json \\\n  -profile=kubernetes \\\n  service-account-csr.json | cfssljson -bare service-account\n\nkubectl config set-cluster kubernetes-the-hard-way \\\n    --certificate-authority=ca.pem \\\n    --embed-certs=true \\\n    --server=https://127.0.0.1:6443 \\\n    --kubeconfig=kube-controller-manager.kubeconfig\n\n  kubectl config set-credentials system:kube-controller-manager \\\n    --client-certificate=kube-controller-manager.pem \\\n    --client-key=kube-controller-manager-key.pem \\\n    --embed-certs=true \\\n    --kubeconfig=kube-controller-manager.kubeconfig\n\n  kubectl config set-context default \\\n    --cluster=kubernetes-the-hard-way \\\n    --user=system:kube-controller-manager \\\n    --kubeconfig=kube-controller-manager.kubeconfig\n\n  kubectl config use-context default --kubeconfig=kube-controller-manager.kubeconfig\n\n  kubectl config set-cluster kubernetes-the-hard-way \\\n    --certificate-authority=ca.pem \\\n    --embed-certs=true \\\n    --server=https://127.0.0.1:6443 \\\n    --kubeconfig=kube-scheduler.kubeconfig\n\n  kubectl config set-credentials system:kube-scheduler \\\n    --client-certificate=kube-scheduler.pem \\\n    --client-key=kube-scheduler-key.pem \\\n    --embed-certs=true \\\n    --kubeconfig=kube-scheduler.kubeconfig\n\n  kubectl config set-context default \\\n    --cluster=kubernetes-the-hard-way \\\n    --user=system:kube-scheduler \\\n    --kubeconfig=kube-scheduler.kubeconfig\n\n  kubectl config use-context default --kubeconfig=kube-scheduler.kubeconfig\n\n  kubectl config set-cluster kubernetes-the-hard-way \\\n    --certificate-authority=ca.pem \\\n    --embed-certs=true \\\n    --server=https://127.0.0.1:6443 \\\n    --kubeconfig=admin.kubeconfig\n\n  kubectl config set-credentials admin \\\n    --client-certificate=admin.pem \\\n    --client-key=admin-key.pem \\\n    --embed-certs=true \\\n    --kubeconfig=admin.kubeconfig\n\n  kubectl config set-context default \\\n    --cluster=kubernetes-the-hard-way \\\n    --user=admin \\\n    --kubeconfig=admin.kubeconfig\n\n  kubectl config use-context default --kubeconfig=admin.kubeconfig\n\n  cat \u003e encryption-config.yaml \u003c\u003cEOF\nkind: EncryptionConfig\napiVersion: v1\nresources:\n  - resources:\n      - secrets\n    providers:\n      - aescbc:\n          keys:\n            - name: key1\n              secret: NM4SQyPIBQGAA7mEvHZtx4D8x8QL2V/9wYoxhNc0M2I=\n      - identity: {}\nEOF\n\n###### BootStrapping ETCD cluster\nsudo mkdir -p /etc/etcd /var/lib/etcd\nsudo cp ca.pem kubernetes-key.pem kubernetes.pem /etc/etcd/\nINTERNAL_IP=`hostname -i|awk '{print $1}'`\nETCD_NAME=$(hostname -s)\ncat \u003c\u003cEOF | sudo tee /etc/systemd/system/etcd.service\n[Unit]\nDescription=etcd\nDocumentation=https://github.com/coreos\n\n[Service]\nType=notify\nExecStart=/usr/local/bin/etcd \\\\\n  --name ${ETCD_NAME} \\\\\n  --cert-file=/etc/etcd/kubernetes.pem \\\\\n  --key-file=/etc/etcd/kubernetes-key.pem \\\\\n  --peer-cert-file=/etc/etcd/kubernetes.pem \\\\\n  --peer-key-file=/etc/etcd/kubernetes-key.pem \\\\\n  --trusted-ca-file=/etc/etcd/ca.pem \\\\\n  --peer-trusted-ca-file=/etc/etcd/ca.pem \\\\\n  --peer-client-cert-auth \\\\\n  --client-cert-auth \\\\\n  --initial-advertise-peer-urls https://${INTERNAL_IP}:2380 \\\\\n  --listen-peer-urls https://${INTERNAL_IP}:2380 \\\\\n  --listen-client-urls https://${INTERNAL_IP}:2379,https://127.0.0.1:2379 \\\\\n  --advertise-client-urls https://${INTERNAL_IP}:2379 \\\\\n  --initial-cluster-token etcd-cluster-0 \\\\\n  --initial-cluster ip-10-0-1-11=https://10.0.1.11:2380,ip-10-1-1-11=https://10.1.1.11:2380,dlos-controller=https://10.2.1.11:2380 \\\\\n  --initial-cluster-state new \\\\\n  --data-dir=/var/lib/etcd\nRestart=on-failure\nRestartSec=5\n\n[Install]\nWantedBy=multi-user.target\nEOF\n\nsudo systemctl daemon-reload\nsudo systemctl enable etcd\nsudo systemctl restart etcd\n\n######## Bootstrapping the Kubernetes Control Plane\nsudo mkdir -p /var/lib/kubernetes/\n\nsudo cp ca.pem ca-key.pem kubernetes-key.pem kubernetes.pem \\\n    service-account-key.pem service-account.pem \\\n    encryption-config.yaml /var/lib/kubernetes/\ncat \u003c\u003cEOF | sudo tee /etc/systemd/system/kube-apiserver.service\n[Unit]\nDescription=Kubernetes API Server\nDocumentation=https://github.com/kubernetes/kubernetes\n\n[Service]\nExecStart=/usr/local/bin/kube-apiserver \\\\\n  --advertise-address=${INTERNAL_IP} \\\\\n  --allow-privileged=true \\\\\n  --apiserver-count=3 \\\\\n  --audit-log-maxage=30 \\\\\n  --audit-log-maxbackup=3 \\\\\n  --audit-log-maxsize=100 \\\\\n  --audit-log-path=/var/log/audit.log \\\\\n  --authorization-mode=Node,RBAC \\\\\n  --bind-address=0.0.0.0 \\\\\n  --client-ca-file=/var/lib/kubernetes/ca.pem \\\\\n  --enable-admission-plugins=NamespaceLifecycle,NodeRestriction,LimitRanger,ServiceAccount,DefaultStorageClass,ResourceQuota \\\\\n  --etcd-cafile=/var/lib/kubernetes/ca.pem \\\\\n  --etcd-certfile=/var/lib/kubernetes/kubernetes.pem \\\\\n  --etcd-keyfile=/var/lib/kubernetes/kubernetes-key.pem \\\\\n  --etcd-servers=https://etcd.dlos-example.com:2379 \\\\\n  --event-ttl=1h \\\\\n  --encryption-provider-config=/var/lib/kubernetes/encryption-config.yaml \\\\\n  --kubelet-certificate-authority=/var/lib/kubernetes/ca.pem \\\\\n  --kubelet-client-certificate=/var/lib/kubernetes/kubernetes.pem \\\\\n  --kubelet-client-key=/var/lib/kubernetes/kubernetes-key.pem \\\\\n  --kubelet-https=true \\\\\n  --runtime-config=api/all \\\\\n  --service-account-key-file=/var/lib/kubernetes/service-account.pem \\\\\n  --service-cluster-ip-range=10.32.0.0/24 \\\\\n  --service-node-port-range=30000-32767 \\\\\n  --tls-cert-file=/var/lib/kubernetes/kubernetes.pem \\\\\n  --tls-private-key-file=/var/lib/kubernetes/kubernetes-key.pem \\\\\n  --v=2\nRestart=on-failure\nRestartSec=5\n\n[Install]\nWantedBy=multi-user.target\nEOF\n\n#### Configure the Kubernetes Controller Manager\nsudo cp kube-controller-manager.kubeconfig /var/lib/kubernetes/\ncat \u003c\u003cEOF | sudo tee /etc/systemd/system/kube-controller-manager.service\n[Unit]\nDescription=Kubernetes Controller Manager\nDocumentation=https://github.com/kubernetes/kubernetes\n\n[Service]\nExecStart=/usr/local/bin/kube-controller-manager \\\\\n  --address=0.0.0.0 \\\\\n  --cluster-cidr=10.200.0.0/16 \\\\\n  --cluster-name=kubernetes \\\\\n  --cluster-signing-cert-file=/var/lib/kubernetes/ca.pem \\\\\n  --cluster-signing-key-file=/var/lib/kubernetes/ca-key.pem \\\\\n  --kubeconfig=/var/lib/kubernetes/kube-controller-manager.kubeconfig \\\\\n  --leader-elect=true \\\\\n  --root-ca-file=/var/lib/kubernetes/ca.pem \\\\\n  --service-account-private-key-file=/var/lib/kubernetes/service-account-key.pem \\\\\n  --service-cluster-ip-range=10.32.0.0/24 \\\\\n  --use-service-account-credentials=true \\\\\n  --v=2\nRestart=on-failure\nRestartSec=5\n\n[Install]\nWantedBy=multi-user.target\nEOF\n\n\n##### Configure the Kubernetes Scheduler\nsudo cp kube-scheduler.kubeconfig /var/lib/kubernetes/\ncat \u003c\u003cEOF | sudo tee /etc/kubernetes/config/kube-scheduler.yaml\napiVersion: kubescheduler.config.k8s.io/v1alpha1\nkind: KubeSchedulerConfiguration\nclientConnection:\n  kubeconfig: \"/var/lib/kubernetes/kube-scheduler.kubeconfig\"\nleaderElection:\n  leaderElect: true\nEOF\n\ncat \u003c\u003cEOF | sudo tee /etc/systemd/system/kube-scheduler.service\n[Unit]\nDescription=Kubernetes Scheduler\nDocumentation=https://github.com/kubernetes/kubernetes\n\n[Service]\nExecStart=/usr/local/bin/kube-scheduler \\\\\n  --config=/etc/kubernetes/config/kube-scheduler.yaml \\\\\n  --v=2\nRestart=on-failure\nRestartSec=5\n\n[Install]\nWantedBy=multi-user.target\nEOF\n\n###### Start the Controller Services\nsudo systemctl daemon-reload\nsudo systemctl enable kube-apiserver kube-controller-manager kube-scheduler\nsudo systemctl restart kube-apiserver kube-controller-manager kube-scheduler\n\n\n###### RBAC for Kubelet Authorization\n\ncat \u003c\u003cEOF | kubectl apply --kubeconfig admin.kubeconfig -f -\napiVersion: rbac.authorization.k8s.io/v1beta1\nkind: ClusterRole\nmetadata:\n  annotations:\n    rbac.authorization.kubernetes.io/autoupdate: \"true\"\n  labels:\n    kubernetes.io/bootstrapping: rbac-defaults\n  name: system:kube-apiserver-to-kubelet\nrules:\n  - apiGroups:\n      - \"\"\n    resources:\n      - nodes/proxy\n      - nodes/stats\n      - nodes/log\n      - nodes/spec\n      - nodes/metrics\n    verbs:\n      - \"*\"\nEOF\n\ncat \u003c\u003cEOF | kubectl apply --kubeconfig admin.kubeconfig -f -\napiVersion: rbac.authorization.k8s.io/v1beta1\nkind: ClusterRoleBinding\nmetadata:\n  name: system:kube-apiserver\n  namespace: \"\"\nroleRef:\n  apiGroup: rbac.authorization.k8s.io\n  kind: ClusterRole\n  name: system:kube-apiserver-to-kubelet\nsubjects:\n  - apiGroup: rbac.authorization.k8s.io\n    kind: User\n    name: kubernetes\nEOF\n\n\n\necho \"User data ends here\"\ndate '+%Y-%m-%d %H:%M:%S'",
            "min_cpu_platform": "",
            "name": "dlos-controller",
            "network_interface": [
              {
                "access_config": [
                  {
                    "nat_ip": "35.196.70.28",
                    "network_tier": "PREMIUM",
                    "public_ptr_domain_name": ""
                  }
                ],
                "alias_ip_range": [],
                "name": "nic0",
                "network": "https://www.googleapis.com/compute/v1/projects/multicloud-kubernetes/global/networks/dlos-development-vpc",
                "network_ip": "10.2.1.11",
                "subnetwork": "https://www.googleapis.com/compute/v1/projects/multicloud-kubernetes/regions/us-east1/subnetworks/dlos-development-controller",
                "subnetwork_project": "multicloud-kubernetes"
              }
            ],
            "project": "multicloud-kubernetes",
            "scheduling": [
              {
                "automatic_restart": true,
                "node_affinities": [],
                "on_host_maintenance": "MIGRATE",
                "preemptible": false
              }
            ],
            "scratch_disk": [],
            "self_link": "https://www.googleapis.com/compute/v1/projects/multicloud-kubernetes/zones/us-east1-b/instances/dlos-controller",
            "service_account": [],
            "shielded_instance_config": [],
            "tags": [
              "controller",
              "ssh"
            ],
            "tags_fingerprint": "mgRAEDvxWLc=",
            "timeouts": null,
            "zone": "us-east1-b"
          },
          "private": "eyJlMmJmYjczMC1lY2FhLTExZTYtOGY4OC0zNDM2M2JjN2M0YzAiOnsiY3JlYXRlIjoxMjAwMDAwMDAwMDAwLCJkZWxldGUiOjEyMDAwMDAwMDAwMDAsInVwZGF0ZSI6MTIwMDAwMDAwMDAwMH0sInNjaGVtYV92ZXJzaW9uIjoiNiJ9",
          "depends_on": [
            "google_compute_address.static_controller",
            "google_compute_forwarding_rule.fr_esp",
            "google_compute_forwarding_rule.fr_udp4500",
            "google_compute_forwarding_rule.fr_udp500",
            "google_compute_subnetwork.controller",
            "google_dns_record_set.gcp_etcd",
            "google_dns_record_set.gcp_kubeapi"
          ]
        }
      ]
    },
    {
      "mode": "managed",
      "type": "google_compute_network",
      "name": "vpc_three",
      "provider": "provider.google",
      "instances": [
        {
          "schema_version": 0,
          "attributes": {
            "auto_create_subnetworks": false,
            "delete_default_routes_on_create": false,
            "description": "",
            "gateway_ipv4": "",
            "id": "projects/multicloud-kubernetes/global/networks/dlos-development-vpc",
            "ipv4_range": null,
            "name": "dlos-development-vpc",
            "project": "multicloud-kubernetes",
            "routing_mode": "GLOBAL",
            "self_link": "https://www.googleapis.com/compute/v1/projects/multicloud-kubernetes/global/networks/dlos-development-vpc",
            "timeouts": null
          },
          "private": "eyJlMmJmYjczMC1lY2FhLTExZTYtOGY4OC0zNDM2M2JjN2M0YzAiOnsiY3JlYXRlIjoyNDAwMDAwMDAwMDAsImRlbGV0ZSI6MjQwMDAwMDAwMDAwLCJ1cGRhdGUiOjI0MDAwMDAwMDAwMH19"
        }
      ]
    },
    {
      "mode": "managed",
      "type": "google_compute_router",
      "name": "gcp-router1",
      "provider": "provider.google",
      "instances": [
        {
          "schema_version": 0,
          "attributes": {
            "bgp": [
              {
                "advertise_mode": "DEFAULT",
                "advertised_groups": null,
                "advertised_ip_ranges": [],
                "asn": 65000
              }
            ],
            "creation_timestamp": "2019-11-27T10:57:21.776-08:00",
            "description": "",
            "id": "projects/multicloud-kubernetes/regions/us-east1/routers/gcp-router1",
            "name": "gcp-router1",
            "network": "https://www.googleapis.com/compute/v1/projects/multicloud-kubernetes/global/networks/dlos-development-vpc",
            "project": "multicloud-kubernetes",
            "region": "us-east1",
            "self_link": "https://www.googleapis.com/compute/v1/projects/multicloud-kubernetes/regions/us-east1/routers/gcp-router1",
            "timeouts": null
          },
          "private": "eyJlMmJmYjczMC1lY2FhLTExZTYtOGY4OC0zNDM2M2JjN2M0YzAiOnsiY3JlYXRlIjoyNDAwMDAwMDAwMDAsImRlbGV0ZSI6MjQwMDAwMDAwMDAwLCJ1cGRhdGUiOjI0MDAwMDAwMDAwMH19",
          "depends_on": [
            "aws_customer_gateway.aws-cgw-vpc-two",
            "google_compute_network.vpc_three"
          ]
        }
      ]
    },
    {
      "mode": "managed",
      "type": "google_compute_router",
      "name": "gcp-router2",
      "provider": "provider.google",
      "instances": [
        {
          "schema_version": 0,
          "attributes": {
            "bgp": [
              {
                "advertise_mode": "DEFAULT",
                "advertised_groups": null,
                "advertised_ip_ranges": [],
                "asn": 65000
              }
            ],
            "creation_timestamp": "2019-11-27T10:57:08.744-08:00",
            "description": "",
            "id": "projects/multicloud-kubernetes/regions/us-east1/routers/gcp-router2",
            "name": "gcp-router2",
            "network": "https://www.googleapis.com/compute/v1/projects/multicloud-kubernetes/global/networks/dlos-development-vpc",
            "project": "multicloud-kubernetes",
            "region": "us-east1",
            "self_link": "https://www.googleapis.com/compute/v1/projects/multicloud-kubernetes/regions/us-east1/routers/gcp-router2",
            "timeouts": null
          },
          "private": "eyJlMmJmYjczMC1lY2FhLTExZTYtOGY4OC0zNDM2M2JjN2M0YzAiOnsiY3JlYXRlIjoyNDAwMDAwMDAwMDAsImRlbGV0ZSI6MjQwMDAwMDAwMDAwLCJ1cGRhdGUiOjI0MDAwMDAwMDAwMH19",
          "depends_on": [
            "aws_customer_gateway.aws-cgw-vpc-one",
            "google_compute_network.vpc_three"
          ]
        }
      ]
    },
    {
      "mode": "managed",
      "type": "google_compute_router_interface",
      "name": "router_interface1",
      "provider": "provider.google",
      "instances": [
        {
          "schema_version": 0,
          "attributes": {
            "id": "us-east1/gcp-router1/gcp-to-aws-interface1",
            "interconnect_attachment": "",
            "ip_range": "169.254.79.2/30",
            "name": "gcp-to-aws-interface1",
            "project": "multicloud-kubernetes",
            "region": "us-east1",
            "router": "gcp-router1",
            "vpn_tunnel": "https://www.googleapis.com/compute/v1/projects/multicloud-kubernetes/regions/us-east1/vpnTunnels/gcp-tunnel1"
          },
          "private": "bnVsbA==",
          "depends_on": [
            "aws_vpn_connection.aws-vpn-connection-vpc-two",
            "google_compute_router.gcp-router1",
            "google_compute_vpn_tunnel.gcp-tunnel1"
          ]
        }
      ]
    },
    {
      "mode": "managed",
      "type": "google_compute_router_interface",
      "name": "router_interface2",
      "provider": "provider.google",
      "instances": [
        {
          "schema_version": 0,
          "attributes": {
            "id": "us-east1/gcp-router2/gcp-to-aws-interface2",
            "interconnect_attachment": "",
            "ip_range": "169.254.66.190/30",
            "name": "gcp-to-aws-interface2",
            "project": "multicloud-kubernetes",
            "region": "us-east1",
            "router": "gcp-router2",
            "vpn_tunnel": "https://www.googleapis.com/compute/v1/projects/multicloud-kubernetes/regions/us-east1/vpnTunnels/gcp-tunnel2"
          },
          "private": "bnVsbA==",
          "depends_on": [
            "aws_vpn_connection.aws-vpn-connection-vpc-one",
            "google_compute_router.gcp-router2",
            "google_compute_vpn_tunnel.gcp-tunnel2"
          ]
        }
      ]
    },
    {
      "mode": "managed",
      "type": "google_compute_router_peer",
      "name": "gcp-router1-peer",
      "provider": "provider.google",
      "instances": [
        {
          "schema_version": 0,
          "attributes": {
            "advertise_mode": "DEFAULT",
            "advertised_groups": null,
            "advertised_ip_ranges": [],
            "advertised_route_priority": 0,
            "id": "us-east1/gcp-router1/gcp-to-aws-bgp1",
            "interface": "gcp-to-aws-interface1",
            "ip_address": "169.254.79.2",
            "name": "gcp-to-aws-bgp1",
            "peer_asn": 64512,
            "peer_ip_address": "169.254.79.1",
            "project": "multicloud-kubernetes",
            "region": "us-east1",
            "router": "gcp-router1"
          },
          "private": "bnVsbA==",
          "depends_on": [
            "aws_vpn_connection.aws-vpn-connection-vpc-two",
            "google_compute_router.gcp-router1",
            "google_compute_router_interface.router_interface1"
          ]
        }
      ]
    },
    {
      "mode": "managed",
      "type": "google_compute_router_peer",
      "name": "gcp-router2-peer",
      "provider": "provider.google",
      "instances": [
        {
          "schema_version": 0,
          "attributes": {
            "advertise_mode": "DEFAULT",
            "advertised_groups": null,
            "advertised_ip_ranges": [],
            "advertised_route_priority": 0,
            "id": "us-east1/gcp-router2/gcp-to-aws-bgp2",
            "interface": "gcp-to-aws-interface2",
            "ip_address": "169.254.66.190",
            "name": "gcp-to-aws-bgp2",
            "peer_asn": 64512,
            "peer_ip_address": "169.254.66.189",
            "project": "multicloud-kubernetes",
            "region": "us-east1",
            "router": "gcp-router2"
          },
          "private": "bnVsbA==",
          "depends_on": [
            "aws_vpn_connection.aws-vpn-connection-vpc-one",
            "google_compute_router.gcp-router2",
            "google_compute_router_interface.router_interface2"
          ]
        }
      ]
    },
    {
      "mode": "managed",
      "type": "google_compute_subnetwork",
      "name": "controller",
      "provider": "provider.google",
      "instances": [
        {
          "schema_version": 0,
          "attributes": {
            "creation_timestamp": "2019-11-27T10:57:05.968-08:00",
            "description": "",
            "enable_flow_logs": null,
            "fingerprint": "rdl7JNrsj5E=",
            "gateway_address": "10.2.1.1",
            "id": "projects/multicloud-kubernetes/regions/us-east1/subnetworks/dlos-development-controller",
            "ip_cidr_range": "10.2.1.0/24",
            "log_config": [],
            "name": "dlos-development-controller",
            "network": "https://www.googleapis.com/compute/v1/projects/multicloud-kubernetes/global/networks/dlos-development-vpc",
            "private_ip_google_access": false,
            "project": "multicloud-kubernetes",
            "region": "us-east1",
            "secondary_ip_range": [],
            "self_link": "https://www.googleapis.com/compute/v1/projects/multicloud-kubernetes/regions/us-east1/subnetworks/dlos-development-controller",
            "timeouts": null
          },
          "private": "eyJlMmJmYjczMC1lY2FhLTExZTYtOGY4OC0zNDM2M2JjN2M0YzAiOnsiY3JlYXRlIjozNjAwMDAwMDAwMDAsImRlbGV0ZSI6MzYwMDAwMDAwMDAwLCJ1cGRhdGUiOjM2MDAwMDAwMDAwMH19",
          "depends_on": [
            "google_compute_network.vpc_three"
          ]
        }
      ]
    },
    {
      "mode": "managed",
      "type": "google_compute_subnetwork",
      "name": "worker",
      "provider": "provider.google",
      "instances": [
        {
          "schema_version": 0,
          "attributes": {
            "creation_timestamp": "2019-11-27T10:57:05.823-08:00",
            "description": "",
            "enable_flow_logs": null,
            "fingerprint": "sTrmpPYU0-E=",
            "gateway_address": "10.2.2.1",
            "id": "projects/multicloud-kubernetes/regions/us-east1/subnetworks/dlos-development-worker",
            "ip_cidr_range": "10.2.2.0/24",
            "log_config": [],
            "name": "dlos-development-worker",
            "network": "https://www.googleapis.com/compute/v1/projects/multicloud-kubernetes/global/networks/dlos-development-vpc",
            "private_ip_google_access": false,
            "project": "multicloud-kubernetes",
            "region": "us-east1",
            "secondary_ip_range": [],
            "self_link": "https://www.googleapis.com/compute/v1/projects/multicloud-kubernetes/regions/us-east1/subnetworks/dlos-development-worker",
            "timeouts": null
          },
          "private": "eyJlMmJmYjczMC1lY2FhLTExZTYtOGY4OC0zNDM2M2JjN2M0YzAiOnsiY3JlYXRlIjozNjAwMDAwMDAwMDAsImRlbGV0ZSI6MzYwMDAwMDAwMDAwLCJ1cGRhdGUiOjM2MDAwMDAwMDAwMH19",
          "depends_on": [
            "google_compute_network.vpc_three"
          ]
        }
      ]
    },
    {
      "mode": "managed",
      "type": "google_compute_vpn_gateway",
      "name": "gcp-vpn-gw",
      "provider": "provider.google",
      "instances": [
        {
          "schema_version": 0,
          "attributes": {
            "creation_timestamp": "2019-11-27T10:57:05.814-08:00",
            "description": "",
            "gateway_id": 6956448932561123822,
            "id": "projects/multicloud-kubernetes/regions/us-east1/targetVpnGateways/gcp-vpn-gw-us-east1",
            "name": "gcp-vpn-gw-us-east1",
            "network": "https://www.googleapis.com/compute/v1/projects/multicloud-kubernetes/global/networks/dlos-development-vpc",
            "project": "multicloud-kubernetes",
            "region": "us-east1",
            "self_link": "https://www.googleapis.com/compute/v1/projects/multicloud-kubernetes/regions/us-east1/targetVpnGateways/gcp-vpn-gw-us-east1",
            "timeouts": null
          },
          "private": "eyJlMmJmYjczMC1lY2FhLTExZTYtOGY4OC0zNDM2M2JjN2M0YzAiOnsiY3JlYXRlIjoyNDAwMDAwMDAwMDAsImRlbGV0ZSI6MjQwMDAwMDAwMDAwfX0=",
          "depends_on": [
            "google_compute_network.vpc_three"
          ]
        }
      ]
    },
    {
      "mode": "managed",
      "type": "google_compute_vpn_tunnel",
      "name": "gcp-tunnel1",
      "provider": "provider.google",
      "instances": [
        {
          "schema_version": 0,
          "attributes": {
            "creation_timestamp": "2019-11-27T11:01:49.393-08:00",
            "description": "",
            "detailed_status": "Initial handshake",
            "id": "projects/multicloud-kubernetes/regions/us-east1/vpnTunnels/gcp-tunnel1",
            "ike_version": 1,
            "local_traffic_selector": [
              "0.0.0.0/0"
            ],
            "name": "gcp-tunnel1",
            "peer_ip": "18.190.15.160",
            "project": "multicloud-kubernetes",
            "region": "us-east1",
            "remote_traffic_selector": [
              "0.0.0.0/0"
            ],
            "router": "https://www.googleapis.com/compute/v1/projects/multicloud-kubernetes/regions/us-east1/routers/gcp-router1",
            "self_link": "https://www.googleapis.com/compute/v1/projects/multicloud-kubernetes/regions/us-east1/vpnTunnels/gcp-tunnel1",
            "shared_secret": "3WqbK4BuJEzqQka8eNEHSLa2Q5JfA84G",
            "shared_secret_hash": "AFngBKv0IuthEBSmfKRH3xAL3xTo",
            "target_vpn_gateway": "https://www.googleapis.com/compute/v1/projects/multicloud-kubernetes/regions/us-east1/targetVpnGateways/gcp-vpn-gw-us-east1",
            "timeouts": null,
            "tunnel_id": "5206140624322131698"
          },
          "private": "eyJlMmJmYjczMC1lY2FhLTExZTYtOGY4OC0zNDM2M2JjN2M0YzAiOnsiY3JlYXRlIjoyNDAwMDAwMDAwMDAsImRlbGV0ZSI6MjQwMDAwMDAwMDAwfX0=",
          "depends_on": [
            "aws_vpn_connection.aws-vpn-connection-vpc-two",
            "google_compute_forwarding_rule.fr_esp",
            "google_compute_forwarding_rule.fr_udp4500",
            "google_compute_forwarding_rule.fr_udp500",
            "google_compute_router.gcp-router1",
            "google_compute_vpn_gateway.gcp-vpn-gw"
          ]
        }
      ]
    },
    {
      "mode": "managed",
      "type": "google_compute_vpn_tunnel",
      "name": "gcp-tunnel2",
      "provider": "provider.google",
      "instances": [
        {
          "schema_version": 0,
          "attributes": {
            "creation_timestamp": "2019-11-27T11:05:05.888-08:00",
            "description": "",
            "detailed_status": "Initial handshake",
            "id": "projects/multicloud-kubernetes/regions/us-east1/vpnTunnels/gcp-tunnel2",
            "ike_version": 1,
            "local_traffic_selector": [
              "0.0.0.0/0"
            ],
            "name": "gcp-tunnel2",
            "peer_ip": "34.238.229.92",
            "project": "multicloud-kubernetes",
            "region": "us-east1",
            "remote_traffic_selector": [
              "0.0.0.0/0"
            ],
            "router": "https://www.googleapis.com/compute/v1/projects/multicloud-kubernetes/regions/us-east1/routers/gcp-router2",
            "self_link": "https://www.googleapis.com/compute/v1/projects/multicloud-kubernetes/regions/us-east1/vpnTunnels/gcp-tunnel2",
            "shared_secret": "ggxVmsKca7.xL5Pr.ANiUtNpCdgIIOXE",
            "shared_secret_hash": "APkN9rV1phRxJ30JBkAvCchCXKWY",
            "target_vpn_gateway": "https://www.googleapis.com/compute/v1/projects/multicloud-kubernetes/regions/us-east1/targetVpnGateways/gcp-vpn-gw-us-east1",
            "timeouts": null,
            "tunnel_id": "3533585706770462222"
          },
          "private": "eyJlMmJmYjczMC1lY2FhLTExZTYtOGY4OC0zNDM2M2JjN2M0YzAiOnsiY3JlYXRlIjoyNDAwMDAwMDAwMDAsImRlbGV0ZSI6MjQwMDAwMDAwMDAwfX0=",
          "depends_on": [
            "aws_vpn_connection.aws-vpn-connection-vpc-one",
            "google_compute_forwarding_rule.fr_esp",
            "google_compute_forwarding_rule.fr_udp4500",
            "google_compute_forwarding_rule.fr_udp500",
            "google_compute_router.gcp-router2",
            "google_compute_vpn_gateway.gcp-vpn-gw"
          ]
        }
      ]
    },
    {
      "mode": "managed",
      "type": "google_dns_managed_zone",
      "name": "private-zone",
      "provider": "provider.google",
      "instances": [
        {
          "schema_version": 0,
          "attributes": {
            "description": "Example private DNS zone",
            "dns_name": "dlos-example.com.",
            "dnssec_config": [],
            "id": "projects/multicloud-kubernetes/managedZones/private-zone",
            "labels": {
              "foo": "bar"
            },
            "name": "private-zone",
            "name_servers": [
              "ns-gcp-private.googledomains.com."
            ],
            "private_visibility_config": [
              {
                "networks": [
                  {
                    "network_url": "https://www.googleapis.com/compute/v1/projects/multicloud-kubernetes/global/networks/dlos-development-vpc"
                  }
                ]
              }
            ],
            "project": "multicloud-kubernetes",
            "timeouts": null,
            "visibility": "private"
          },
          "private": "eyJlMmJmYjczMC1lY2FhLTExZTYtOGY4OC0zNDM2M2JjN2M0YzAiOnsiY3JlYXRlIjoyNDAwMDAwMDAwMDAsImRlbGV0ZSI6MjQwMDAwMDAwMDAwLCJ1cGRhdGUiOjI0MDAwMDAwMDAwMH19",
          "depends_on": [
            "google_compute_network.vpc_three"
          ]
        }
      ]
    },
    {
      "mode": "managed",
      "type": "google_dns_record_set",
      "name": "gcp_etcd",
      "provider": "provider.google",
      "instances": [
        {
          "schema_version": 0,
          "attributes": {
            "id": "private-zone/etcd.dlos-example.com./A",
            "managed_zone": "private-zone",
            "name": "etcd.dlos-example.com.",
            "project": "multicloud-kubernetes",
            "rrdatas": [
              "10.0.1.11",
              "10.1.1.11",
              "10.2.1.11"
            ],
            "ttl": 300,
            "type": "A"
          },
          "private": "bnVsbA==",
          "depends_on": [
            "aws_subnet.vpc_one_controller",
            "aws_subnet.vpc_two_controller",
            "google_compute_subnetwork.controller",
            "google_dns_managed_zone.private-zone"
          ]
        }
      ]
    },
    {
      "mode": "managed",
      "type": "google_dns_record_set",
      "name": "gcp_kubeapi",
      "provider": "provider.google",
      "instances": [
        {
          "schema_version": 0,
          "attributes": {
            "id": "private-zone/kubeapi.dlos-example.com./A",
            "managed_zone": "private-zone",
            "name": "kubeapi.dlos-example.com.",
            "project": "multicloud-kubernetes",
            "rrdatas": [
              "10.0.1.11",
              "10.1.1.11",
              "10.2.1.11"
            ],
            "ttl": 300,
            "type": "A"
          },
          "private": "bnVsbA==",
          "depends_on": [
            "aws_subnet.vpc_one_controller",
            "aws_subnet.vpc_two_controller",
            "google_compute_subnetwork.controller",
            "google_dns_managed_zone.private-zone"
          ]
        }
      ]
    }
  ]
}
